{
  "version": 4,
  "terraform_version": "1.2.2",
  "serial": 84,
  "lineage": "00ce2c24-2da0-6f71-d99e-ec25ed87e53e",
  "outputs": {},
  "resources": [
    {
      "mode": "data",
      "type": "google_client_config",
      "name": "default",
      "provider": "provider[\"registry.terraform.io/hashicorp/google\"]",
      "instances": [
        {
          "schema_version": 0,
          "attributes": {
            "access_token": "ya29.c.b0AXv0zTP5HerNCUOL5S1vg8WnAL_qimTV9-tHtbk8amk6NFPTc9vqJHOUSI98_9wiw-uUOjZMKJol_63KO4zCSIGiL3wwVwJwr6mjGnyQX7SL446AtURKcN3QKRC9KvIsChiUONn5scUqfJMUejdcIq2LsVmlY2_cwkDWXQTrz8aHDQmIc-QCgCNaoWyhBGr5qGUO_Exhd9_JuLJFhg2NQrNtW_ogB6AT.......................................................................................................................................................................................................................................................................................................................................................................................................................................................................................................................................................................................................................................................................................................................................................................................................................",
            "id": "projects//regions/us-central1/zones/",
            "project": "",
            "region": "us-central1",
            "zone": ""
          },
          "sensitive_attributes": []
        }
      ]
    },
    {
      "mode": "data",
      "type": "google_compute_network",
      "name": "nat_net",
      "provider": "provider[\"registry.terraform.io/hashicorp/google\"]",
      "instances": [
        {
          "schema_version": 0,
          "attributes": {
            "description": "",
            "gateway_ipv4": "",
            "id": "projects/mashed-7d15/global/networks/default",
            "name": "default",
            "project": "mashed-7d15",
            "self_link": "https://www.googleapis.com/compute/v1/projects/mashed-7d15/global/networks/default",
            "subnetworks_self_links": [
              "https://www.googleapis.com/compute/v1/projects/mashed-7d15/regions/us-central1/subnetworks/default"
            ]
          },
          "sensitive_attributes": []
        }
      ]
    },
    {
      "mode": "data",
      "type": "google_compute_subnetwork",
      "name": "sub_nat_net",
      "provider": "provider[\"registry.terraform.io/hashicorp/google\"]",
      "instances": [
        {
          "schema_version": 0,
          "attributes": {
            "description": "",
            "gateway_address": "10.0.0.1",
            "id": "projects/mashed-7d15/regions/us-central1/subnetworks/default",
            "ip_cidr_range": "10.0.0.0/17",
            "name": "default",
            "network": "https://www.googleapis.com/compute/v1/projects/mashed-7d15/global/networks/default",
            "private_ip_google_access": false,
            "project": "mashed-7d15",
            "region": "us-central1",
            "secondary_ip_range": [
              {
                "ip_cidr_range": "192.168.0.0/18",
                "range_name": "pods"
              },
              {
                "ip_cidr_range": "192.168.64.0/18",
                "range_name": "svcs"
              }
            ],
            "self_link": "https://www.googleapis.com/compute/v1/projects/mashed-7d15/regions/us-central1/subnetworks/default"
          },
          "sensitive_attributes": []
        }
      ]
    },
    {
      "mode": "managed",
      "type": "google_artifact_registry_repository",
      "name": "demo-repo",
      "provider": "provider[\"registry.terraform.io/hashicorp/google-beta\"]",
      "instances": [
        {
          "schema_version": 0,
          "attributes": {
            "create_time": "2022-06-23T15:06:41.263372Z",
            "description": "Demo Registry",
            "format": "DOCKER",
            "id": "projects/mashed-7d15/locations/us-central1/repositories/asm-demo",
            "kms_key_name": "",
            "labels": {},
            "location": "us-central1",
            "maven_config": [],
            "name": "asm-demo",
            "project": "mashed-7d15",
            "repository_id": "asm-demo",
            "timeouts": null,
            "update_time": "2022-06-23T15:06:41.263372Z"
          },
          "sensitive_attributes": [],
          "private": "eyJlMmJmYjczMC1lY2FhLTExZTYtOGY4OC0zNDM2M2JjN2M0YzAiOnsiY3JlYXRlIjoxMjAwMDAwMDAwMDAwLCJkZWxldGUiOjEyMDAwMDAwMDAwMDAsInVwZGF0ZSI6MTIwMDAwMDAwMDAwMH19",
          "dependencies": [
            "module.enabled_google_apis.data.google_compute_default_service_account.default",
            "module.enabled_google_apis.google_project_iam_member.project_service_identity_roles",
            "module.enabled_google_apis.google_project_service.project_services",
            "module.enabled_google_apis.google_project_service_identity.project_service_identities",
            "module.project-factory.module.project-factory.google_access_context_manager_service_perimeter_resource.service_perimeter_attachment",
            "module.project-factory.module.project-factory.google_compute_shared_vpc_host_project.shared_vpc_host",
            "module.project-factory.module.project-factory.google_compute_shared_vpc_service_project.shared_vpc_attachment",
            "module.project-factory.module.project-factory.google_project.main",
            "module.project-factory.module.project-factory.google_project_service.enable_access_context_manager",
            "module.project-factory.module.project-factory.google_service_account.default_service_account",
            "module.project-factory.module.project-factory.module.project_services.data.google_compute_default_service_account.default",
            "module.project-factory.module.project-factory.module.project_services.google_project_iam_member.project_service_identity_roles",
            "module.project-factory.module.project-factory.module.project_services.google_project_service.project_services",
            "module.project-factory.module.project-factory.module.project_services.google_project_service_identity.project_service_identities",
            "module.project-factory.module.project-factory.random_id.random_project_id_suffix",
            "module.project-factory.module.project-factory.time_sleep.wait_5_seconds"
          ]
        }
      ]
    },
    {
      "mode": "managed",
      "type": "google_artifact_registry_repository_iam_member",
      "name": "registry-access",
      "provider": "provider[\"registry.terraform.io/hashicorp/google-beta\"]",
      "instances": [
        {
          "schema_version": 0,
          "attributes": {
            "condition": [],
            "etag": "BwXiHs11WrI=",
            "id": "projects/mashed-7d15/locations/us-central1/repositories/asm-demo/roles/artifactregistry.reader/serviceAccount:tf-gke-cluster-ap84p-m2ti@mashed-7d15.iam.gserviceaccount.com",
            "location": "us-central1",
            "member": "serviceAccount:tf-gke-cluster-ap84p-m2ti@mashed-7d15.iam.gserviceaccount.com",
            "project": "mashed-7d15",
            "repository": "projects/mashed-7d15/locations/us-central1/repositories/asm-demo",
            "role": "roles/artifactregistry.reader"
          },
          "sensitive_attributes": [],
          "private": "bnVsbA==",
          "dependencies": [
            "google_artifact_registry_repository.demo-repo",
            "module.enabled_google_apis.data.google_compute_default_service_account.default",
            "module.enabled_google_apis.google_project_iam_member.project_service_identity_roles",
            "module.enabled_google_apis.google_project_service.project_services",
            "module.enabled_google_apis.google_project_service_identity.project_service_identities",
            "module.gke.google_service_account.cluster_service_account",
            "module.gke.random_string.cluster_service_account_suffix",
            "module.project-factory.module.project-factory.google_access_context_manager_service_perimeter_resource.service_perimeter_attachment",
            "module.project-factory.module.project-factory.google_compute_shared_vpc_host_project.shared_vpc_host",
            "module.project-factory.module.project-factory.google_compute_shared_vpc_service_project.shared_vpc_attachment",
            "module.project-factory.module.project-factory.google_project.main",
            "module.project-factory.module.project-factory.google_project_service.enable_access_context_manager",
            "module.project-factory.module.project-factory.google_service_account.default_service_account",
            "module.project-factory.module.project-factory.module.project_services.data.google_compute_default_service_account.default",
            "module.project-factory.module.project-factory.module.project_services.google_project_iam_member.project_service_identity_roles",
            "module.project-factory.module.project-factory.module.project_services.google_project_service.project_services",
            "module.project-factory.module.project-factory.module.project_services.google_project_service_identity.project_service_identities",
            "module.project-factory.module.project-factory.random_id.random_project_id_suffix",
            "module.project-factory.module.project-factory.time_sleep.wait_5_seconds",
            "random_string.suffix"
          ]
        }
      ]
    },
    {
      "mode": "managed",
      "type": "google_compute_router",
      "name": "nat_router",
      "provider": "provider[\"registry.terraform.io/hashicorp/google\"]",
      "instances": [
        {
          "schema_version": 0,
          "attributes": {
            "bgp": [],
            "creation_timestamp": "2022-06-23T08:06:46.407-07:00",
            "description": "",
            "encrypted_interconnect_router": false,
            "id": "projects/mashed-7d15/regions/us-central1/routers/default-router",
            "name": "default-router",
            "network": "https://www.googleapis.com/compute/v1/projects/mashed-7d15/global/networks/default",
            "project": "mashed-7d15",
            "region": "us-central1",
            "self_link": "https://www.googleapis.com/compute/v1/projects/mashed-7d15/regions/us-central1/routers/default-router",
            "timeouts": null
          },
          "sensitive_attributes": [],
          "private": "eyJlMmJmYjczMC1lY2FhLTExZTYtOGY4OC0zNDM2M2JjN2M0YzAiOnsiY3JlYXRlIjoxMjAwMDAwMDAwMDAwLCJkZWxldGUiOjEyMDAwMDAwMDAwMDAsInVwZGF0ZSI6MTIwMDAwMDAwMDAwMH19",
          "dependencies": [
            "data.google_compute_network.nat_net",
            "module.gcp-network.module.firewall_rules.google_compute_firewall.rules",
            "module.gcp-network.module.routes.google_compute_route.route",
            "module.gcp-network.module.subnets.google_compute_subnetwork.subnetwork",
            "module.gcp-network.module.vpc.google_compute_network.network",
            "module.gcp-network.module.vpc.google_compute_shared_vpc_host_project.shared_vpc_host",
            "module.project-factory.module.project-factory.google_access_context_manager_service_perimeter_resource.service_perimeter_attachment",
            "module.project-factory.module.project-factory.google_compute_shared_vpc_host_project.shared_vpc_host",
            "module.project-factory.module.project-factory.google_compute_shared_vpc_service_project.shared_vpc_attachment",
            "module.project-factory.module.project-factory.google_project.main",
            "module.project-factory.module.project-factory.google_project_service.enable_access_context_manager",
            "module.project-factory.module.project-factory.google_service_account.default_service_account",
            "module.project-factory.module.project-factory.module.project_services.data.google_compute_default_service_account.default",
            "module.project-factory.module.project-factory.module.project_services.google_project_iam_member.project_service_identity_roles",
            "module.project-factory.module.project-factory.module.project_services.google_project_service.project_services",
            "module.project-factory.module.project-factory.module.project_services.google_project_service_identity.project_service_identities",
            "module.project-factory.module.project-factory.random_id.random_project_id_suffix",
            "module.project-factory.module.project-factory.time_sleep.wait_5_seconds"
          ]
        }
      ]
    },
    {
      "mode": "managed",
      "type": "google_compute_router_nat",
      "name": "nat",
      "provider": "provider[\"registry.terraform.io/hashicorp/google\"]",
      "instances": [
        {
          "schema_version": 0,
          "attributes": {
            "drain_nat_ips": [],
            "enable_dynamic_port_allocation": false,
            "enable_endpoint_independent_mapping": true,
            "icmp_idle_timeout_sec": 30,
            "id": "mashed-7d15/us-central1/default-router/default-nat",
            "log_config": [
              {
                "enable": true,
                "filter": "ERRORS_ONLY"
              }
            ],
            "min_ports_per_vm": 0,
            "name": "default-nat",
            "nat_ip_allocate_option": "AUTO_ONLY",
            "nat_ips": [],
            "project": "mashed-7d15",
            "region": "us-central1",
            "router": "default-router",
            "source_subnetwork_ip_ranges_to_nat": "ALL_SUBNETWORKS_ALL_IP_RANGES",
            "subnetwork": [],
            "tcp_established_idle_timeout_sec": 1200,
            "tcp_transitory_idle_timeout_sec": 30,
            "timeouts": null,
            "udp_idle_timeout_sec": 30
          },
          "sensitive_attributes": [],
          "private": "eyJlMmJmYjczMC1lY2FhLTExZTYtOGY4OC0zNDM2M2JjN2M0YzAiOnsiY3JlYXRlIjoxMjAwMDAwMDAwMDAwLCJkZWxldGUiOjEyMDAwMDAwMDAwMDAsInVwZGF0ZSI6MTIwMDAwMDAwMDAwMH19",
          "dependencies": [
            "data.google_compute_network.nat_net",
            "google_compute_router.nat_router",
            "module.gcp-network.module.firewall_rules.google_compute_firewall.rules",
            "module.gcp-network.module.routes.google_compute_route.route",
            "module.gcp-network.module.subnets.google_compute_subnetwork.subnetwork",
            "module.gcp-network.module.vpc.google_compute_network.network",
            "module.gcp-network.module.vpc.google_compute_shared_vpc_host_project.shared_vpc_host",
            "module.project-factory.module.project-factory.google_access_context_manager_service_perimeter_resource.service_perimeter_attachment",
            "module.project-factory.module.project-factory.google_compute_shared_vpc_host_project.shared_vpc_host",
            "module.project-factory.module.project-factory.google_compute_shared_vpc_service_project.shared_vpc_attachment",
            "module.project-factory.module.project-factory.google_project.main",
            "module.project-factory.module.project-factory.google_project_service.enable_access_context_manager",
            "module.project-factory.module.project-factory.google_service_account.default_service_account",
            "module.project-factory.module.project-factory.module.project_services.data.google_compute_default_service_account.default",
            "module.project-factory.module.project-factory.module.project_services.google_project_iam_member.project_service_identity_roles",
            "module.project-factory.module.project-factory.module.project_services.google_project_service.project_services",
            "module.project-factory.module.project-factory.module.project_services.google_project_service_identity.project_service_identities",
            "module.project-factory.module.project-factory.random_id.random_project_id_suffix",
            "module.project-factory.module.project-factory.time_sleep.wait_5_seconds"
          ]
        }
      ]
    },
    {
      "mode": "managed",
      "type": "google_gke_hub_feature",
      "name": "cloudrun",
      "provider": "provider[\"registry.terraform.io/hashicorp/google-beta\"]",
      "instances": [
        {
          "schema_version": 0,
          "attributes": {
            "create_time": "2022-06-23T15:37:36.630738806Z",
            "delete_time": "",
            "id": "projects/mashed-7d15/locations/global/features/appdevexperience",
            "labels": {},
            "location": "global",
            "name": "appdevexperience",
            "project": "mashed-7d15",
            "resource_state": [
              {
                "has_resources": false,
                "state": "ACTIVE"
              }
            ],
            "spec": [],
            "state": [
              {
                "state": [
                  {
                    "code": "OK",
                    "description": "",
                    "update_time": "2022-06-23T15:42:44.699414944Z"
                  }
                ]
              }
            ],
            "timeouts": null,
            "update_time": "2022-06-23T15:42:44.919705633Z"
          },
          "sensitive_attributes": [],
          "private": "eyJlMmJmYjczMC1lY2FhLTExZTYtOGY4OC0zNDM2M2JjN2M0YzAiOnsiY3JlYXRlIjoxMjAwMDAwMDAwMDAwLCJkZWxldGUiOjEyMDAwMDAwMDAwMDAsInVwZGF0ZSI6MTIwMDAwMDAwMDAwMH19",
          "dependencies": [
            "data.google_client_config.default",
            "module.asm.data.google_container_cluster.asm",
            "module.asm.google_gke_hub_feature.mesh",
            "module.asm.google_gke_hub_membership.membership",
            "module.asm.kubernetes_config_map.asm_options",
            "module.asm.kubernetes_namespace.system",
            "module.asm.module.cpr.module.gcloud_kubectl.data.external.env_override",
            "module.asm.module.cpr.module.gcloud_kubectl.null_resource.additional_components",
            "module.asm.module.cpr.module.gcloud_kubectl.null_resource.additional_components_destroy",
            "module.asm.module.cpr.module.gcloud_kubectl.null_resource.decompress",
            "module.asm.module.cpr.module.gcloud_kubectl.null_resource.decompress_destroy",
            "module.asm.module.cpr.module.gcloud_kubectl.null_resource.download_gcloud",
            "module.asm.module.cpr.module.gcloud_kubectl.null_resource.download_jq",
            "module.asm.module.cpr.module.gcloud_kubectl.null_resource.gcloud_auth_google_credentials",
            "module.asm.module.cpr.module.gcloud_kubectl.null_resource.gcloud_auth_google_credentials_destroy",
            "module.asm.module.cpr.module.gcloud_kubectl.null_resource.gcloud_auth_service_account_key_file",
            "module.asm.module.cpr.module.gcloud_kubectl.null_resource.gcloud_auth_service_account_key_file_destroy",
            "module.asm.module.cpr.module.gcloud_kubectl.null_resource.module_depends_on",
            "module.asm.module.cpr.module.gcloud_kubectl.null_resource.prepare_cache",
            "module.asm.module.cpr.module.gcloud_kubectl.null_resource.run_command",
            "module.asm.module.cpr.module.gcloud_kubectl.null_resource.run_destroy_command",
            "module.asm.module.cpr.module.gcloud_kubectl.null_resource.upgrade",
            "module.asm.module.cpr.module.gcloud_kubectl.null_resource.upgrade_destroy",
            "module.asm.module.cpr.module.gcloud_kubectl.random_id.cache",
            "module.enabled_google_apis.data.google_compute_default_service_account.default",
            "module.enabled_google_apis.google_project_iam_member.project_service_identity_roles",
            "module.enabled_google_apis.google_project_service.project_services",
            "module.enabled_google_apis.google_project_service_identity.project_service_identities",
            "module.gke.data.google_compute_zones.available",
            "module.gke.data.google_container_engine_versions.region",
            "module.gke.data.google_container_engine_versions.zone",
            "module.gke.google_container_cluster.primary",
            "module.gke.google_container_node_pool.pools",
            "module.gke.google_service_account.cluster_service_account",
            "module.gke.random_shuffle.available_zones",
            "module.gke.random_string.cluster_service_account_suffix",
            "module.project-factory.module.project-factory.google_access_context_manager_service_perimeter_resource.service_perimeter_attachment",
            "module.project-factory.module.project-factory.google_compute_shared_vpc_host_project.shared_vpc_host",
            "module.project-factory.module.project-factory.google_compute_shared_vpc_service_project.shared_vpc_attachment",
            "module.project-factory.module.project-factory.google_project.main",
            "module.project-factory.module.project-factory.google_project_service.enable_access_context_manager",
            "module.project-factory.module.project-factory.google_service_account.default_service_account",
            "module.project-factory.module.project-factory.module.project_services.data.google_compute_default_service_account.default",
            "module.project-factory.module.project-factory.module.project_services.google_project_iam_member.project_service_identity_roles",
            "module.project-factory.module.project-factory.module.project_services.google_project_service.project_services",
            "module.project-factory.module.project-factory.module.project_services.google_project_service_identity.project_service_identities",
            "module.project-factory.module.project-factory.random_id.random_project_id_suffix",
            "module.project-factory.module.project-factory.time_sleep.wait_5_seconds",
            "random_string.suffix"
          ]
        }
      ]
    },
    {
      "mode": "managed",
      "type": "google_project_organization_policy",
      "name": "requireOsLogin",
      "provider": "provider[\"registry.terraform.io/hashicorp/google\"]",
      "instances": [
        {
          "schema_version": 0,
          "attributes": {
            "boolean_policy": [
              {
                "enforced": false
              }
            ],
            "constraint": "constraints/compute.requireOsLogin",
            "etag": "CMOC0pUGEMCrjAw=",
            "id": "mashed-7d15:compute.requireOsLogin",
            "list_policy": [],
            "project": "mashed-7d15",
            "restore_policy": [],
            "timeouts": null,
            "update_time": "2022-06-23T15:05:39.025368Z",
            "version": 0
          },
          "sensitive_attributes": [],
          "private": "eyJlMmJmYjczMC1lY2FhLTExZTYtOGY4OC0zNDM2M2JjN2M0YzAiOnsiY3JlYXRlIjoyNDAwMDAwMDAwMDAsImRlbGV0ZSI6MjQwMDAwMDAwMDAwLCJyZWFkIjoyNDAwMDAwMDAwMDAsInVwZGF0ZSI6MjQwMDAwMDAwMDAwfX0=",
          "dependencies": [
            "module.project-factory.module.project-factory.google_access_context_manager_service_perimeter_resource.service_perimeter_attachment",
            "module.project-factory.module.project-factory.google_compute_shared_vpc_host_project.shared_vpc_host",
            "module.project-factory.module.project-factory.google_compute_shared_vpc_service_project.shared_vpc_attachment",
            "module.project-factory.module.project-factory.google_project.main",
            "module.project-factory.module.project-factory.google_project_service.enable_access_context_manager",
            "module.project-factory.module.project-factory.google_service_account.default_service_account",
            "module.project-factory.module.project-factory.module.project_services.data.google_compute_default_service_account.default",
            "module.project-factory.module.project-factory.module.project_services.google_project_iam_member.project_service_identity_roles",
            "module.project-factory.module.project-factory.module.project_services.google_project_service.project_services",
            "module.project-factory.module.project-factory.module.project_services.google_project_service_identity.project_service_identities",
            "module.project-factory.module.project-factory.random_id.random_project_id_suffix",
            "module.project-factory.module.project-factory.time_sleep.wait_5_seconds"
          ]
        }
      ]
    },
    {
      "mode": "managed",
      "type": "google_project_organization_policy",
      "name": "requireShieldedVm",
      "provider": "provider[\"registry.terraform.io/hashicorp/google\"]",
      "instances": [
        {
          "schema_version": 0,
          "attributes": {
            "boolean_policy": [
              {
                "enforced": false
              }
            ],
            "constraint": "constraints/compute.requireShieldedVm",
            "etag": "CMOC0pUGEPDG0Qw=",
            "id": "mashed-7d15:compute.requireShieldedVm",
            "list_policy": [],
            "project": "mashed-7d15",
            "restore_policy": [],
            "timeouts": null,
            "update_time": "2022-06-23T15:05:39.026502Z",
            "version": 0
          },
          "sensitive_attributes": [],
          "private": "eyJlMmJmYjczMC1lY2FhLTExZTYtOGY4OC0zNDM2M2JjN2M0YzAiOnsiY3JlYXRlIjoyNDAwMDAwMDAwMDAsImRlbGV0ZSI6MjQwMDAwMDAwMDAwLCJyZWFkIjoyNDAwMDAwMDAwMDAsInVwZGF0ZSI6MjQwMDAwMDAwMDAwfX0=",
          "dependencies": [
            "module.project-factory.module.project-factory.google_access_context_manager_service_perimeter_resource.service_perimeter_attachment",
            "module.project-factory.module.project-factory.google_compute_shared_vpc_host_project.shared_vpc_host",
            "module.project-factory.module.project-factory.google_compute_shared_vpc_service_project.shared_vpc_attachment",
            "module.project-factory.module.project-factory.google_project.main",
            "module.project-factory.module.project-factory.google_project_service.enable_access_context_manager",
            "module.project-factory.module.project-factory.google_service_account.default_service_account",
            "module.project-factory.module.project-factory.module.project_services.data.google_compute_default_service_account.default",
            "module.project-factory.module.project-factory.module.project_services.google_project_iam_member.project_service_identity_roles",
            "module.project-factory.module.project-factory.module.project_services.google_project_service.project_services",
            "module.project-factory.module.project-factory.module.project_services.google_project_service_identity.project_service_identities",
            "module.project-factory.module.project-factory.random_id.random_project_id_suffix",
            "module.project-factory.module.project-factory.time_sleep.wait_5_seconds"
          ]
        }
      ]
    },
    {
      "mode": "managed",
      "type": "google_project_organization_policy",
      "name": "vmCanIpForward",
      "provider": "provider[\"registry.terraform.io/hashicorp/google\"]",
      "instances": [
        {
          "schema_version": 0,
          "attributes": {
            "boolean_policy": [],
            "constraint": "constraints/compute.vmCanIpForward",
            "etag": "CMOC0pUGENicuAw=",
            "id": "mashed-7d15:compute.vmCanIpForward",
            "list_policy": [
              {
                "allow": [
                  {
                    "all": true,
                    "values": []
                  }
                ],
                "deny": [],
                "inherit_from_parent": false,
                "suggested_value": ""
              }
            ],
            "project": "mashed-7d15",
            "restore_policy": [],
            "timeouts": null,
            "update_time": "2022-06-23T15:05:39.026087Z",
            "version": 0
          },
          "sensitive_attributes": [],
          "private": "eyJlMmJmYjczMC1lY2FhLTExZTYtOGY4OC0zNDM2M2JjN2M0YzAiOnsiY3JlYXRlIjoyNDAwMDAwMDAwMDAsImRlbGV0ZSI6MjQwMDAwMDAwMDAwLCJyZWFkIjoyNDAwMDAwMDAwMDAsInVwZGF0ZSI6MjQwMDAwMDAwMDAwfX0=",
          "dependencies": [
            "module.project-factory.module.project-factory.google_access_context_manager_service_perimeter_resource.service_perimeter_attachment",
            "module.project-factory.module.project-factory.google_compute_shared_vpc_host_project.shared_vpc_host",
            "module.project-factory.module.project-factory.google_compute_shared_vpc_service_project.shared_vpc_attachment",
            "module.project-factory.module.project-factory.google_project.main",
            "module.project-factory.module.project-factory.google_project_service.enable_access_context_manager",
            "module.project-factory.module.project-factory.google_service_account.default_service_account",
            "module.project-factory.module.project-factory.module.project_services.data.google_compute_default_service_account.default",
            "module.project-factory.module.project-factory.module.project_services.google_project_iam_member.project_service_identity_roles",
            "module.project-factory.module.project-factory.module.project_services.google_project_service.project_services",
            "module.project-factory.module.project-factory.module.project_services.google_project_service_identity.project_service_identities",
            "module.project-factory.module.project-factory.random_id.random_project_id_suffix",
            "module.project-factory.module.project-factory.time_sleep.wait_5_seconds"
          ]
        }
      ]
    },
    {
      "mode": "managed",
      "type": "google_project_organization_policy",
      "name": "vmExternalIpAccess",
      "provider": "provider[\"registry.terraform.io/hashicorp/google\"]",
      "instances": [
        {
          "schema_version": 0,
          "attributes": {
            "boolean_policy": [],
            "constraint": "constraints/compute.vmExternalIpAccess",
            "etag": "CMOC0pUGEJj6+A8=",
            "id": "mashed-7d15:compute.vmExternalIpAccess",
            "list_policy": [
              {
                "allow": [
                  {
                    "all": true,
                    "values": []
                  }
                ],
                "deny": [],
                "inherit_from_parent": false,
                "suggested_value": ""
              }
            ],
            "project": "mashed-7d15",
            "restore_policy": [],
            "timeouts": null,
            "update_time": "2022-06-23T15:05:39.033439Z",
            "version": 0
          },
          "sensitive_attributes": [],
          "private": "eyJlMmJmYjczMC1lY2FhLTExZTYtOGY4OC0zNDM2M2JjN2M0YzAiOnsiY3JlYXRlIjoyNDAwMDAwMDAwMDAsImRlbGV0ZSI6MjQwMDAwMDAwMDAwLCJyZWFkIjoyNDAwMDAwMDAwMDAsInVwZGF0ZSI6MjQwMDAwMDAwMDAwfX0=",
          "dependencies": [
            "module.project-factory.module.project-factory.google_access_context_manager_service_perimeter_resource.service_perimeter_attachment",
            "module.project-factory.module.project-factory.google_compute_shared_vpc_host_project.shared_vpc_host",
            "module.project-factory.module.project-factory.google_compute_shared_vpc_service_project.shared_vpc_attachment",
            "module.project-factory.module.project-factory.google_project.main",
            "module.project-factory.module.project-factory.google_project_service.enable_access_context_manager",
            "module.project-factory.module.project-factory.google_service_account.default_service_account",
            "module.project-factory.module.project-factory.module.project_services.data.google_compute_default_service_account.default",
            "module.project-factory.module.project-factory.module.project_services.google_project_iam_member.project_service_identity_roles",
            "module.project-factory.module.project-factory.module.project_services.google_project_service.project_services",
            "module.project-factory.module.project-factory.module.project_services.google_project_service_identity.project_service_identities",
            "module.project-factory.module.project-factory.random_id.random_project_id_suffix",
            "module.project-factory.module.project-factory.time_sleep.wait_5_seconds"
          ]
        }
      ]
    },
    {
      "mode": "managed",
      "type": "random_string",
      "name": "suffix",
      "provider": "provider[\"registry.terraform.io/hashicorp/random\"]",
      "instances": [
        {
          "schema_version": 2,
          "attributes": {
            "id": "ap84p",
            "keepers": null,
            "length": 5,
            "lower": true,
            "min_lower": 0,
            "min_numeric": 0,
            "min_special": 0,
            "min_upper": 0,
            "number": true,
            "numeric": true,
            "override_special": null,
            "result": "ap84p",
            "special": false,
            "upper": false
          },
          "sensitive_attributes": [],
          "private": "eyJzY2hlbWFfdmVyc2lvbiI6IjIifQ=="
        }
      ]
    },
    {
      "module": "module.asm",
      "mode": "data",
      "type": "google_container_cluster",
      "name": "asm",
      "provider": "provider[\"registry.terraform.io/hashicorp/google\"]",
      "instances": [
        {
          "schema_version": 0,
          "attributes": {
            "addons_config": [
              {
                "cloudrun_config": [],
                "gcp_filestore_csi_driver_config": [
                  {
                    "enabled": false
                  }
                ],
                "horizontal_pod_autoscaling": [
                  {
                    "disabled": false
                  }
                ],
                "http_load_balancing": [
                  {
                    "disabled": false
                  }
                ],
                "network_policy_config": [
                  {
                    "disabled": true
                  }
                ]
              }
            ],
            "authenticator_groups_config": [],
            "cluster_autoscaling": [
              {
                "auto_provisioning_defaults": [],
                "enabled": false,
                "resource_limits": []
              }
            ],
            "cluster_ipv4_cidr": "192.168.0.0/18",
            "confidential_nodes": [],
            "database_encryption": [
              {
                "key_name": "",
                "state": "DECRYPTED"
              }
            ],
            "datapath_provider": "",
            "default_max_pods_per_node": 110,
            "default_snat_status": [
              {
                "disabled": false
              }
            ],
            "description": "",
            "dns_config": [],
            "enable_autopilot": false,
            "enable_binary_authorization": false,
            "enable_intranode_visibility": false,
            "enable_kubernetes_alpha": false,
            "enable_legacy_abac": false,
            "enable_shielded_nodes": true,
            "enable_tpu": false,
            "endpoint": "34.72.185.92",
            "id": "projects/mashed-7d15/locations/us-central1/clusters/cluster-ap84p",
            "initial_node_count": 0,
            "ip_allocation_policy": [
              {
                "cluster_ipv4_cidr_block": "192.168.0.0/18",
                "cluster_secondary_range_name": "pods",
                "services_ipv4_cidr_block": "192.168.64.0/18",
                "services_secondary_range_name": "svcs"
              }
            ],
            "label_fingerprint": "354ae9c9",
            "location": "us-central1",
            "logging_config": [
              {
                "enable_components": [
                  "SYSTEM_COMPONENTS",
                  "WORKLOADS"
                ]
              }
            ],
            "logging_service": "logging.googleapis.com/kubernetes",
            "maintenance_policy": [
              {
                "daily_maintenance_window": [
                  {
                    "duration": "PT4H0M0S",
                    "start_time": "05:00"
                  }
                ],
                "maintenance_exclusion": [],
                "recurring_window": []
              }
            ],
            "master_auth": [
              {
                "client_certificate": "",
                "client_certificate_config": [
                  {
                    "issue_client_certificate": false
                  }
                ],
                "client_key": "",
                "cluster_ca_certificate": "LS0tLS1CRUdJTiBDRVJUSUZJQ0FURS0tLS0tCk1JSUVMVENDQXBXZ0F3SUJBZ0lSQUtURk1Zamt2RW0veDVmaTV2K3dGVGd3RFFZSktvWklodmNOQVFFTEJRQXcKTHpFdE1Dc0dBMVVFQXhNa1pUVXpZakV5WVRNdE9HUmhOaTAwTW1SbExXRXlNelV0T0dGbU9EWTNNR0l5TnpGawpNQ0FYRFRJeU1EWXlNekUwTURZek5Wb1lEekl3TlRJd05qRTFNVFV3TmpNMVdqQXZNUzB3S3dZRFZRUURFeVJsCk5UTmlNVEpoTXkwNFpHRTJMVFF5WkdVdFlUSXpOUzA0WVdZNE5qY3dZakkzTVdRd2dnR2lNQTBHQ1NxR1NJYjMKRFFFQkFRVUFBNElCandBd2dnR0tBb0lCZ1FDM0RkZ3FlUEZSWmJodXJUVmtwRUYwMzdvQzQrQVh5L3hucTQvSQplMStqM09TMllrVHdlSTBEMmRxVFd3V0hlYm1SQVlpOWszYzVMVjNLaHdQcThzZU52S3FMNXpqVXEzMDNtajlhCmQwbjloWVBsQytseWc1YU1uS1pGRXhsazlwcHhaU3o0Z2diQ0pHVS9iZjFMU3ZnTnp0M2d5Q2d1a0hHeE52NTQKKzkwM3g0RllHZVg1NlM5dDhjSjlMTkw2RCttWGJ2eU5OK3FZclppejVpd2p0dUlBTlNPTEMyM01TODNPeml6aApHSys2ZU1GbkZQTTR2dHNuTzM1ZVFTd1N5aHNWMGJ0eWpYSFRSWHd2REY4VUlBVTFMcW4zK1JiRjhXaUJqdXgxCm9XcU9TQ29zZkxuTzgwbnFlbmxMTGpnZ1NINkMwcVN0akdTOVU0OTdNWFBOU01Nd3JlVjU3UjhFZGxOa0ZZTFIKdFM1OVFWd1h5eCtneklYUUttSDN4V0xWUWhkZEowbUtqTzdINzc1WGZMMkhFZWZhM280Vmx2NHo0Q05ZMEhZTgpPOEswM05NRDl0d0VuS1U5Tis1cE1ub1VDYWluK3hJaEd6TXZyZU1JYlVmcTVjY2VxVThNek1qTnBxV1RJU2ZCCjVDbVZYZklBWkxVUjhuM3FvMUdtT21TV2F1a0NBd0VBQWFOQ01FQXdEZ1lEVlIwUEFRSC9CQVFEQWdJRU1BOEcKQTFVZEV3RUIvd1FGTUFNQkFmOHdIUVlEVlIwT0JCWUVGSjVqYkdFUFRiOXAvekx3dkphTzFma1B3ZGhTTUEwRwpDU3FHU0liM0RRRUJDd1VBQTRJQmdRQ0NJSUZwL3QxMCtES1JYRWZLQnlkalFpREFGbjJkeVJVWkVkakxic0xCCnpKZ0tmeGF1UlVZUjJFV1RvUGJkd0ZaSXViRTI0d1VZVDZuK3dVanFnUGF3ZW5OTFVrOWdvQk9VUDhyNlJDNlYKYS9ZR0pQdUdhUFVrNzZnc21GZzJHeUk2cGNGMll1TG1RbW00VFowb3hoZVBoSHVwSlpNd3RmOCtyenRWSHl3cgoyV3NVK3AyZFFIY2NjWVlLbnlKK1NNTzZ5OXA4bzcxRVN4S29zREluRU5DL0d2dG5qS1NlNDZTMzUrODFFeGpwCjBXVXkwUXZKTTdxV3laWldNTzVUVldPMXNKZWpXZmlxWkgyakRoYXVldTlZNVhUbjVrZHEwT21CMDB4Q0NubXgKVEVrMzVJTTRsT3RqTHIyQytiZTB0d3pyYlp1WnpyeTgxOHdtaG9BQTlWM3JFbFN0UncvMUlZWUVxbjN2dXJuQwppUmgweHZHcStwRm5UZUFEWnZFamNZanFFWENabVFjb0JVbHlwa2pXZmhvTDFoN0N2dkFnckhKQk9sVW5CS1lyClhpa3AvaVp3bWxHUXNwbHpCNDBoMXdIQVp5ak9Oc0tMbVFUTlhLd01uR0xiTldkYzJuZkc5RUhvS2hCNGF0Mi8KMTA5QmxtZDJDam9lakcwblA3NER4Qmc9Ci0tLS0tRU5EIENFUlRJRklDQVRFLS0tLS0K"
              }
            ],
            "master_authorized_networks_config": [],
            "master_version": "1.21.11-gke.1900",
            "min_master_version": null,
            "monitoring_config": [
              {
                "enable_components": [
                  "SYSTEM_COMPONENTS"
                ]
              }
            ],
            "monitoring_service": "monitoring.googleapis.com/kubernetes",
            "name": "cluster-ap84p",
            "network": "projects/mashed-7d15/global/networks/default",
            "network_policy": [
              {
                "enabled": false,
                "provider": "PROVIDER_UNSPECIFIED"
              }
            ],
            "networking_mode": "VPC_NATIVE",
            "node_config": [
              {
                "boot_disk_kms_key": "",
                "disk_size_gb": 100,
                "disk_type": "pd-standard",
                "gcfs_config": [],
                "guest_accelerator": [],
                "gvnic": [],
                "image_type": "COS_CONTAINERD",
                "labels": {
                  "cluster_name": "cluster-ap84p",
                  "node_pool": "fixed"
                },
                "local_ssd_count": 0,
                "machine_type": "e2-standard-8",
                "metadata": {
                  "cluster_name": "cluster-ap84p",
                  "disable-legacy-endpoints": "true",
                  "node_pool": "fixed"
                },
                "min_cpu_platform": "",
                "node_group": "",
                "oauth_scopes": [
                  "https://www.googleapis.com/auth/cloud-platform"
                ],
                "preemptible": true,
                "service_account": "tf-gke-cluster-ap84p-m2ti@mashed-7d15.iam.gserviceaccount.com",
                "shielded_instance_config": [
                  {
                    "enable_integrity_monitoring": true,
                    "enable_secure_boot": true
                  }
                ],
                "spot": false,
                "tags": [
                  "gke-cluster-ap84p",
                  "gke-cluster-ap84p-fixed"
                ],
                "taint": [],
                "workload_metadata_config": [
                  {
                    "mode": "GKE_METADATA"
                  }
                ]
              }
            ],
            "node_locations": [
              "us-central1-a",
              "us-central1-b",
              "us-central1-c"
            ],
            "node_pool": [
              {
                "autoscaling": [],
                "initial_node_count": 1,
                "instance_group_urls": [
                  "https://www.googleapis.com/compute/v1/projects/mashed-7d15/zones/us-central1-a/instanceGroupManagers/gke-cluster-ap84p-fixed-d658811c-grp",
                  "https://www.googleapis.com/compute/v1/projects/mashed-7d15/zones/us-central1-b/instanceGroupManagers/gke-cluster-ap84p-fixed-d5609bc1-grp",
                  "https://www.googleapis.com/compute/v1/projects/mashed-7d15/zones/us-central1-c/instanceGroupManagers/gke-cluster-ap84p-fixed-34d3dd0c-grp"
                ],
                "managed_instance_group_urls": [
                  "https://www.googleapis.com/compute/v1/projects/mashed-7d15/zones/us-central1-a/instanceGroups/gke-cluster-ap84p-fixed-d658811c-grp",
                  "https://www.googleapis.com/compute/v1/projects/mashed-7d15/zones/us-central1-b/instanceGroups/gke-cluster-ap84p-fixed-d5609bc1-grp",
                  "https://www.googleapis.com/compute/v1/projects/mashed-7d15/zones/us-central1-c/instanceGroups/gke-cluster-ap84p-fixed-34d3dd0c-grp"
                ],
                "management": [
                  {
                    "auto_repair": true,
                    "auto_upgrade": true
                  }
                ],
                "max_pods_per_node": 110,
                "name": "fixed",
                "name_prefix": "",
                "node_config": [
                  {
                    "boot_disk_kms_key": "",
                    "disk_size_gb": 100,
                    "disk_type": "pd-standard",
                    "gcfs_config": [],
                    "guest_accelerator": [],
                    "gvnic": [],
                    "image_type": "COS_CONTAINERD",
                    "labels": {
                      "cluster_name": "cluster-ap84p",
                      "node_pool": "fixed"
                    },
                    "local_ssd_count": 0,
                    "machine_type": "e2-standard-8",
                    "metadata": {
                      "cluster_name": "cluster-ap84p",
                      "disable-legacy-endpoints": "true",
                      "node_pool": "fixed"
                    },
                    "min_cpu_platform": "",
                    "node_group": "",
                    "oauth_scopes": [
                      "https://www.googleapis.com/auth/cloud-platform"
                    ],
                    "preemptible": true,
                    "service_account": "tf-gke-cluster-ap84p-m2ti@mashed-7d15.iam.gserviceaccount.com",
                    "shielded_instance_config": [
                      {
                        "enable_integrity_monitoring": true,
                        "enable_secure_boot": true
                      }
                    ],
                    "spot": false,
                    "tags": [
                      "gke-cluster-ap84p",
                      "gke-cluster-ap84p-fixed"
                    ],
                    "taint": [],
                    "workload_metadata_config": [
                      {
                        "mode": "GKE_METADATA"
                      }
                    ]
                  }
                ],
                "node_count": 1,
                "node_locations": [
                  "us-central1-a",
                  "us-central1-b",
                  "us-central1-c"
                ],
                "upgrade_settings": [
                  {
                    "max_surge": 1,
                    "max_unavailable": 0
                  }
                ],
                "version": "1.21.11-gke.1900"
              },
              {
                "autoscaling": [
                  {
                    "max_node_count": 3,
                    "min_node_count": 0
                  }
                ],
                "initial_node_count": 0,
                "instance_group_urls": [
                  "https://www.googleapis.com/compute/v1/projects/mashed-7d15/zones/us-central1-a/instanceGroupManagers/gke-cluster-ap84p-default-node-pool-36f8cefe-grp",
                  "https://www.googleapis.com/compute/v1/projects/mashed-7d15/zones/us-central1-b/instanceGroupManagers/gke-cluster-ap84p-default-node-pool-70f25a96-grp",
                  "https://www.googleapis.com/compute/v1/projects/mashed-7d15/zones/us-central1-c/instanceGroupManagers/gke-cluster-ap84p-default-node-pool-b97bdd2e-grp"
                ],
                "managed_instance_group_urls": [
                  "https://www.googleapis.com/compute/v1/projects/mashed-7d15/zones/us-central1-a/instanceGroups/gke-cluster-ap84p-default-node-pool-36f8cefe-grp",
                  "https://www.googleapis.com/compute/v1/projects/mashed-7d15/zones/us-central1-b/instanceGroups/gke-cluster-ap84p-default-node-pool-70f25a96-grp",
                  "https://www.googleapis.com/compute/v1/projects/mashed-7d15/zones/us-central1-c/instanceGroups/gke-cluster-ap84p-default-node-pool-b97bdd2e-grp"
                ],
                "management": [
                  {
                    "auto_repair": true,
                    "auto_upgrade": true
                  }
                ],
                "max_pods_per_node": 110,
                "name": "default-node-pool",
                "name_prefix": "",
                "node_config": [
                  {
                    "boot_disk_kms_key": "",
                    "disk_size_gb": 100,
                    "disk_type": "pd-standard",
                    "gcfs_config": [],
                    "guest_accelerator": [],
                    "gvnic": [],
                    "image_type": "COS_CONTAINERD",
                    "labels": {
                      "cluster_name": "cluster-ap84p",
                      "node_pool": "default-node-pool"
                    },
                    "local_ssd_count": 0,
                    "machine_type": "e2-standard-8",
                    "metadata": {
                      "cluster_name": "cluster-ap84p",
                      "disable-legacy-endpoints": "true",
                      "node_pool": "default-node-pool"
                    },
                    "min_cpu_platform": "",
                    "node_group": "",
                    "oauth_scopes": [
                      "https://www.googleapis.com/auth/cloud-platform"
                    ],
                    "preemptible": true,
                    "service_account": "tf-gke-cluster-ap84p-m2ti@mashed-7d15.iam.gserviceaccount.com",
                    "shielded_instance_config": [
                      {
                        "enable_integrity_monitoring": true,
                        "enable_secure_boot": true
                      }
                    ],
                    "spot": false,
                    "tags": [
                      "gke-cluster-ap84p",
                      "gke-cluster-ap84p-default-node-pool"
                    ],
                    "taint": [],
                    "workload_metadata_config": [
                      {
                        "mode": "GKE_METADATA"
                      }
                    ]
                  }
                ],
                "node_count": 0,
                "node_locations": [
                  "us-central1-a",
                  "us-central1-b",
                  "us-central1-c"
                ],
                "upgrade_settings": [
                  {
                    "max_surge": 1,
                    "max_unavailable": 0
                  }
                ],
                "version": "1.21.11-gke.1900"
              }
            ],
            "node_version": "1.21.11-gke.1900",
            "operation": null,
            "private_cluster_config": [],
            "private_ipv6_google_access": "",
            "project": "mashed-7d15",
            "release_channel": [
              {
                "channel": "STABLE"
              }
            ],
            "remove_default_node_pool": null,
            "resource_labels": {
              "mesh_id": "proj-422182217637"
            },
            "resource_usage_export_config": [],
            "self_link": "https://container.googleapis.com/v1/projects/mashed-7d15/locations/us-central1/clusters/cluster-ap84p",
            "services_ipv4_cidr": "192.168.64.0/18",
            "subnetwork": "projects/mashed-7d15/regions/us-central1/subnetworks/default",
            "tpu_ipv4_cidr_block": "",
            "vertical_pod_autoscaling": [
              {
                "enabled": false
              }
            ],
            "workload_identity_config": [
              {
                "workload_pool": "mashed-7d15.svc.id.goog"
              }
            ]
          },
          "sensitive_attributes": []
        }
      ]
    },
    {
      "module": "module.asm",
      "mode": "managed",
      "type": "google_gke_hub_feature",
      "name": "mesh",
      "provider": "provider[\"registry.terraform.io/hashicorp/google-beta\"]",
      "instances": [
        {
          "index_key": 0,
          "schema_version": 0,
          "attributes": {
            "create_time": "2022-06-23T15:13:32.936559284Z",
            "delete_time": "",
            "id": "projects/mashed-7d15/locations/global/features/servicemesh",
            "labels": {},
            "location": "global",
            "name": "servicemesh",
            "project": "mashed-7d15",
            "resource_state": [
              {
                "has_resources": false,
                "state": "ACTIVE"
              }
            ],
            "spec": [],
            "state": [],
            "timeouts": null,
            "update_time": "2022-06-23T16:19:25.343150372Z"
          },
          "sensitive_attributes": [],
          "private": "eyJlMmJmYjczMC1lY2FhLTExZTYtOGY4OC0zNDM2M2JjN2M0YzAiOnsiY3JlYXRlIjoxMjAwMDAwMDAwMDAwLCJkZWxldGUiOjEyMDAwMDAwMDAwMDAsInVwZGF0ZSI6MTIwMDAwMDAwMDAwMH19",
          "dependencies": [
            "module.project-factory.module.project-factory.google_access_context_manager_service_perimeter_resource.service_perimeter_attachment",
            "module.project-factory.module.project-factory.google_compute_shared_vpc_host_project.shared_vpc_host",
            "module.project-factory.module.project-factory.google_compute_shared_vpc_service_project.shared_vpc_attachment",
            "module.project-factory.module.project-factory.google_project.main",
            "module.project-factory.module.project-factory.google_project_service.enable_access_context_manager",
            "module.project-factory.module.project-factory.google_service_account.default_service_account",
            "module.project-factory.module.project-factory.module.project_services.data.google_compute_default_service_account.default",
            "module.project-factory.module.project-factory.module.project_services.google_project_iam_member.project_service_identity_roles",
            "module.project-factory.module.project-factory.module.project_services.google_project_service.project_services",
            "module.project-factory.module.project-factory.module.project_services.google_project_service_identity.project_service_identities",
            "module.project-factory.module.project-factory.random_id.random_project_id_suffix",
            "module.project-factory.module.project-factory.time_sleep.wait_5_seconds"
          ]
        }
      ]
    },
    {
      "module": "module.asm",
      "mode": "managed",
      "type": "google_gke_hub_membership",
      "name": "membership",
      "provider": "provider[\"registry.terraform.io/hashicorp/google-beta\"]",
      "instances": [
        {
          "index_key": 0,
          "schema_version": 0,
          "attributes": {
            "authority": [],
            "description": "",
            "endpoint": [
              {
                "gke_cluster": [
                  {
                    "resource_link": "//container.googleapis.com/projects/mashed-7d15/locations/us-central1/clusters/cluster-ap84p"
                  }
                ]
              }
            ],
            "id": "projects/mashed-7d15/locations/global/memberships/cluster-ap84p-membership",
            "labels": {},
            "membership_id": "cluster-ap84p-membership",
            "name": "projects/mashed-7d15/locations/global/memberships/cluster-ap84p-membership",
            "project": "mashed-7d15",
            "timeouts": null
          },
          "sensitive_attributes": [],
          "private": "eyJlMmJmYjczMC1lY2FhLTExZTYtOGY4OC0zNDM2M2JjN2M0YzAiOnsiY3JlYXRlIjoxMjAwMDAwMDAwMDAwLCJkZWxldGUiOjEyMDAwMDAwMDAwMDAsInVwZGF0ZSI6MTIwMDAwMDAwMDAwMH19",
          "dependencies": [
            "module.asm.data.google_container_cluster.asm",
            "module.enabled_google_apis.data.google_compute_default_service_account.default",
            "module.enabled_google_apis.google_project_iam_member.project_service_identity_roles",
            "module.enabled_google_apis.google_project_service.project_services",
            "module.enabled_google_apis.google_project_service_identity.project_service_identities",
            "module.gke.data.google_compute_zones.available",
            "module.gke.data.google_container_engine_versions.region",
            "module.gke.data.google_container_engine_versions.zone",
            "module.gke.google_container_cluster.primary",
            "module.gke.google_container_node_pool.pools",
            "module.gke.google_service_account.cluster_service_account",
            "module.gke.random_shuffle.available_zones",
            "module.gke.random_string.cluster_service_account_suffix",
            "module.project-factory.module.project-factory.google_access_context_manager_service_perimeter_resource.service_perimeter_attachment",
            "module.project-factory.module.project-factory.google_compute_shared_vpc_host_project.shared_vpc_host",
            "module.project-factory.module.project-factory.google_compute_shared_vpc_service_project.shared_vpc_attachment",
            "module.project-factory.module.project-factory.google_project.main",
            "module.project-factory.module.project-factory.google_project_service.enable_access_context_manager",
            "module.project-factory.module.project-factory.google_service_account.default_service_account",
            "module.project-factory.module.project-factory.module.project_services.data.google_compute_default_service_account.default",
            "module.project-factory.module.project-factory.module.project_services.google_project_iam_member.project_service_identity_roles",
            "module.project-factory.module.project-factory.module.project_services.google_project_service.project_services",
            "module.project-factory.module.project-factory.module.project_services.google_project_service_identity.project_service_identities",
            "module.project-factory.module.project-factory.random_id.random_project_id_suffix",
            "module.project-factory.module.project-factory.time_sleep.wait_5_seconds",
            "random_string.suffix"
          ]
        }
      ]
    },
    {
      "module": "module.asm",
      "mode": "managed",
      "type": "kubernetes_config_map",
      "name": "asm_options",
      "provider": "provider[\"registry.terraform.io/hashicorp/kubernetes\"]",
      "instances": [
        {
          "schema_version": 0,
          "attributes": {
            "binary_data": {},
            "data": {
              "multicluster_mode": "manual"
            },
            "id": "istio-system/asm-options",
            "metadata": [
              {
                "annotations": {},
                "generate_name": "",
                "generation": 0,
                "labels": {},
                "name": "asm-options",
                "namespace": "istio-system",
                "resource_version": "2962",
                "uid": "adfdcef3-4683-4c24-ac17-a809d6c4c8d0"
              }
            ]
          },
          "sensitive_attributes": [],
          "private": "bnVsbA==",
          "dependencies": [
            "data.google_client_config.default",
            "module.asm.data.google_container_cluster.asm",
            "module.asm.google_gke_hub_feature.mesh",
            "module.asm.google_gke_hub_membership.membership",
            "module.asm.kubernetes_namespace.system",
            "module.enabled_google_apis.data.google_compute_default_service_account.default",
            "module.enabled_google_apis.google_project_iam_member.project_service_identity_roles",
            "module.enabled_google_apis.google_project_service.project_services",
            "module.enabled_google_apis.google_project_service_identity.project_service_identities",
            "module.gke.data.google_compute_zones.available",
            "module.gke.data.google_container_engine_versions.region",
            "module.gke.data.google_container_engine_versions.zone",
            "module.gke.google_container_cluster.primary",
            "module.gke.google_container_node_pool.pools",
            "module.gke.google_service_account.cluster_service_account",
            "module.gke.random_shuffle.available_zones",
            "module.gke.random_string.cluster_service_account_suffix",
            "module.project-factory.module.project-factory.google_access_context_manager_service_perimeter_resource.service_perimeter_attachment",
            "module.project-factory.module.project-factory.google_compute_shared_vpc_host_project.shared_vpc_host",
            "module.project-factory.module.project-factory.google_compute_shared_vpc_service_project.shared_vpc_attachment",
            "module.project-factory.module.project-factory.google_project.main",
            "module.project-factory.module.project-factory.google_project_service.enable_access_context_manager",
            "module.project-factory.module.project-factory.google_service_account.default_service_account",
            "module.project-factory.module.project-factory.module.project_services.data.google_compute_default_service_account.default",
            "module.project-factory.module.project-factory.module.project_services.google_project_iam_member.project_service_identity_roles",
            "module.project-factory.module.project-factory.module.project_services.google_project_service.project_services",
            "module.project-factory.module.project-factory.module.project_services.google_project_service_identity.project_service_identities",
            "module.project-factory.module.project-factory.random_id.random_project_id_suffix",
            "module.project-factory.module.project-factory.time_sleep.wait_5_seconds",
            "random_string.suffix"
          ]
        }
      ]
    },
    {
      "module": "module.asm",
      "mode": "managed",
      "type": "kubernetes_namespace",
      "name": "system",
      "provider": "provider[\"registry.terraform.io/hashicorp/kubernetes\"]",
      "instances": [
        {
          "schema_version": 0,
          "attributes": {
            "id": "istio-system",
            "metadata": [
              {
                "annotations": {},
                "generate_name": "",
                "generation": 0,
                "labels": {},
                "name": "istio-system",
                "resource_version": "1937",
                "uid": "493d3353-306d-41ea-ba42-06a4a819d5c0"
              }
            ],
            "timeouts": null
          },
          "sensitive_attributes": [],
          "private": "eyJlMmJmYjczMC1lY2FhLTExZTYtOGY4OC0zNDM2M2JjN2M0YzAiOnsiZGVsZXRlIjozMDAwMDAwMDAwMDB9fQ==",
          "dependencies": [
            "data.google_client_config.default",
            "module.enabled_google_apis.data.google_compute_default_service_account.default",
            "module.enabled_google_apis.google_project_iam_member.project_service_identity_roles",
            "module.enabled_google_apis.google_project_service.project_services",
            "module.enabled_google_apis.google_project_service_identity.project_service_identities",
            "module.gke.data.google_compute_zones.available",
            "module.gke.data.google_container_engine_versions.region",
            "module.gke.data.google_container_engine_versions.zone",
            "module.gke.google_container_cluster.primary",
            "module.gke.google_container_node_pool.pools",
            "module.gke.google_service_account.cluster_service_account",
            "module.gke.random_shuffle.available_zones",
            "module.gke.random_string.cluster_service_account_suffix",
            "module.project-factory.module.project-factory.google_access_context_manager_service_perimeter_resource.service_perimeter_attachment",
            "module.project-factory.module.project-factory.google_compute_shared_vpc_host_project.shared_vpc_host",
            "module.project-factory.module.project-factory.google_compute_shared_vpc_service_project.shared_vpc_attachment",
            "module.project-factory.module.project-factory.google_project.main",
            "module.project-factory.module.project-factory.google_project_service.enable_access_context_manager",
            "module.project-factory.module.project-factory.google_service_account.default_service_account",
            "module.project-factory.module.project-factory.module.project_services.data.google_compute_default_service_account.default",
            "module.project-factory.module.project-factory.module.project_services.google_project_iam_member.project_service_identity_roles",
            "module.project-factory.module.project-factory.module.project_services.google_project_service.project_services",
            "module.project-factory.module.project-factory.module.project_services.google_project_service_identity.project_service_identities",
            "module.project-factory.module.project-factory.random_id.random_project_id_suffix",
            "module.project-factory.module.project-factory.time_sleep.wait_5_seconds",
            "random_string.suffix"
          ]
        }
      ]
    },
    {
      "module": "module.asm.module.cpr.module.gcloud_kubectl",
      "mode": "data",
      "type": "external",
      "name": "env_override",
      "provider": "provider[\"registry.terraform.io/hashicorp/external\"]",
      "instances": [
        {
          "index_key": 0,
          "schema_version": 0,
          "attributes": {
            "id": "-",
            "program": [
              ".terraform/modules/asm.cpr/scripts/check_env.sh"
            ],
            "query": null,
            "result": {
              "download": ""
            },
            "working_dir": null
          },
          "sensitive_attributes": []
        }
      ]
    },
    {
      "module": "module.asm.module.cpr.module.gcloud_kubectl",
      "mode": "managed",
      "type": "null_resource",
      "name": "additional_components",
      "provider": "provider[\"registry.terraform.io/hashicorp/null\"]",
      "instances": [
        {
          "index_key": 0,
          "schema_version": 0,
          "attributes": {
            "id": "256649093266366893",
            "triggers": {
              "additional_components_command": ".terraform/modules/asm.cpr/scripts/check_components.sh gcloud kubectl",
              "arguments": "77ece794ee9541961415c7fb21d40433",
              "md5": "a65cfbc45ca76efed4d2aa587cee9dc6"
            }
          },
          "sensitive_attributes": [],
          "private": "bnVsbA==",
          "dependencies": [
            "data.google_client_config.default",
            "module.asm.data.google_container_cluster.asm",
            "module.asm.google_gke_hub_feature.mesh",
            "module.asm.google_gke_hub_membership.membership",
            "module.asm.kubernetes_config_map.asm_options",
            "module.asm.kubernetes_namespace.system",
            "module.asm.module.cpr.module.gcloud_kubectl.data.external.env_override",
            "module.asm.module.cpr.module.gcloud_kubectl.null_resource.decompress",
            "module.asm.module.cpr.module.gcloud_kubectl.null_resource.download_gcloud",
            "module.asm.module.cpr.module.gcloud_kubectl.null_resource.download_jq",
            "module.asm.module.cpr.module.gcloud_kubectl.null_resource.module_depends_on",
            "module.asm.module.cpr.module.gcloud_kubectl.null_resource.prepare_cache",
            "module.asm.module.cpr.module.gcloud_kubectl.null_resource.upgrade",
            "module.asm.module.cpr.module.gcloud_kubectl.random_id.cache",
            "module.enabled_google_apis.data.google_compute_default_service_account.default",
            "module.enabled_google_apis.google_project_iam_member.project_service_identity_roles",
            "module.enabled_google_apis.google_project_service.project_services",
            "module.enabled_google_apis.google_project_service_identity.project_service_identities",
            "module.gke.data.google_compute_zones.available",
            "module.gke.data.google_container_engine_versions.region",
            "module.gke.data.google_container_engine_versions.zone",
            "module.gke.google_container_cluster.primary",
            "module.gke.google_container_node_pool.pools",
            "module.gke.google_service_account.cluster_service_account",
            "module.gke.random_shuffle.available_zones",
            "module.gke.random_string.cluster_service_account_suffix",
            "module.project-factory.module.project-factory.google_access_context_manager_service_perimeter_resource.service_perimeter_attachment",
            "module.project-factory.module.project-factory.google_compute_shared_vpc_host_project.shared_vpc_host",
            "module.project-factory.module.project-factory.google_compute_shared_vpc_service_project.shared_vpc_attachment",
            "module.project-factory.module.project-factory.google_project.main",
            "module.project-factory.module.project-factory.google_project_service.enable_access_context_manager",
            "module.project-factory.module.project-factory.google_service_account.default_service_account",
            "module.project-factory.module.project-factory.module.project_services.data.google_compute_default_service_account.default",
            "module.project-factory.module.project-factory.module.project_services.google_project_iam_member.project_service_identity_roles",
            "module.project-factory.module.project-factory.module.project_services.google_project_service.project_services",
            "module.project-factory.module.project-factory.module.project_services.google_project_service_identity.project_service_identities",
            "module.project-factory.module.project-factory.random_id.random_project_id_suffix",
            "module.project-factory.module.project-factory.time_sleep.wait_5_seconds",
            "random_string.suffix"
          ]
        }
      ]
    },
    {
      "module": "module.asm.module.cpr.module.gcloud_kubectl",
      "mode": "managed",
      "type": "null_resource",
      "name": "additional_components_destroy",
      "provider": "provider[\"registry.terraform.io/hashicorp/null\"]",
      "instances": [
        {
          "index_key": 0,
          "schema_version": 0,
          "attributes": {
            "id": "3043593876763185475",
            "triggers": {
              "additional_components_command": ".terraform/modules/asm.cpr/scripts/check_components.sh gcloud kubectl"
            }
          },
          "sensitive_attributes": [],
          "private": "bnVsbA==",
          "dependencies": [
            "data.google_client_config.default",
            "module.asm.data.google_container_cluster.asm",
            "module.asm.google_gke_hub_feature.mesh",
            "module.asm.google_gke_hub_membership.membership",
            "module.asm.kubernetes_config_map.asm_options",
            "module.asm.kubernetes_namespace.system",
            "module.asm.module.cpr.module.gcloud_kubectl.data.external.env_override",
            "module.asm.module.cpr.module.gcloud_kubectl.null_resource.additional_components",
            "module.asm.module.cpr.module.gcloud_kubectl.null_resource.decompress",
            "module.asm.module.cpr.module.gcloud_kubectl.null_resource.download_gcloud",
            "module.asm.module.cpr.module.gcloud_kubectl.null_resource.download_jq",
            "module.asm.module.cpr.module.gcloud_kubectl.null_resource.gcloud_auth_google_credentials",
            "module.asm.module.cpr.module.gcloud_kubectl.null_resource.gcloud_auth_service_account_key_file",
            "module.asm.module.cpr.module.gcloud_kubectl.null_resource.module_depends_on",
            "module.asm.module.cpr.module.gcloud_kubectl.null_resource.prepare_cache",
            "module.asm.module.cpr.module.gcloud_kubectl.null_resource.run_destroy_command",
            "module.asm.module.cpr.module.gcloud_kubectl.null_resource.upgrade",
            "module.asm.module.cpr.module.gcloud_kubectl.random_id.cache",
            "module.enabled_google_apis.data.google_compute_default_service_account.default",
            "module.enabled_google_apis.google_project_iam_member.project_service_identity_roles",
            "module.enabled_google_apis.google_project_service.project_services",
            "module.enabled_google_apis.google_project_service_identity.project_service_identities",
            "module.gke.data.google_compute_zones.available",
            "module.gke.data.google_container_engine_versions.region",
            "module.gke.data.google_container_engine_versions.zone",
            "module.gke.google_container_cluster.primary",
            "module.gke.google_container_node_pool.pools",
            "module.gke.google_service_account.cluster_service_account",
            "module.gke.random_shuffle.available_zones",
            "module.gke.random_string.cluster_service_account_suffix",
            "module.project-factory.module.project-factory.google_access_context_manager_service_perimeter_resource.service_perimeter_attachment",
            "module.project-factory.module.project-factory.google_compute_shared_vpc_host_project.shared_vpc_host",
            "module.project-factory.module.project-factory.google_compute_shared_vpc_service_project.shared_vpc_attachment",
            "module.project-factory.module.project-factory.google_project.main",
            "module.project-factory.module.project-factory.google_project_service.enable_access_context_manager",
            "module.project-factory.module.project-factory.google_service_account.default_service_account",
            "module.project-factory.module.project-factory.module.project_services.data.google_compute_default_service_account.default",
            "module.project-factory.module.project-factory.module.project_services.google_project_iam_member.project_service_identity_roles",
            "module.project-factory.module.project-factory.module.project_services.google_project_service.project_services",
            "module.project-factory.module.project-factory.module.project_services.google_project_service_identity.project_service_identities",
            "module.project-factory.module.project-factory.random_id.random_project_id_suffix",
            "module.project-factory.module.project-factory.time_sleep.wait_5_seconds",
            "random_string.suffix"
          ]
        }
      ]
    },
    {
      "module": "module.asm.module.cpr.module.gcloud_kubectl",
      "mode": "managed",
      "type": "null_resource",
      "name": "module_depends_on",
      "provider": "provider[\"registry.terraform.io/hashicorp/null\"]",
      "instances": [
        {
          "index_key": 0,
          "schema_version": 0,
          "attributes": {
            "id": "8518590700078364584",
            "triggers": {
              "value": "1"
            }
          },
          "sensitive_attributes": [],
          "private": "bnVsbA==",
          "dependencies": [
            "data.google_client_config.default",
            "module.asm.data.google_container_cluster.asm",
            "module.asm.google_gke_hub_feature.mesh",
            "module.asm.google_gke_hub_membership.membership",
            "module.asm.kubernetes_config_map.asm_options",
            "module.asm.kubernetes_namespace.system",
            "module.enabled_google_apis.data.google_compute_default_service_account.default",
            "module.enabled_google_apis.google_project_iam_member.project_service_identity_roles",
            "module.enabled_google_apis.google_project_service.project_services",
            "module.enabled_google_apis.google_project_service_identity.project_service_identities",
            "module.gke.data.google_compute_zones.available",
            "module.gke.data.google_container_engine_versions.region",
            "module.gke.data.google_container_engine_versions.zone",
            "module.gke.google_container_cluster.primary",
            "module.gke.google_container_node_pool.pools",
            "module.gke.google_service_account.cluster_service_account",
            "module.gke.random_shuffle.available_zones",
            "module.gke.random_string.cluster_service_account_suffix",
            "module.project-factory.module.project-factory.google_access_context_manager_service_perimeter_resource.service_perimeter_attachment",
            "module.project-factory.module.project-factory.google_compute_shared_vpc_host_project.shared_vpc_host",
            "module.project-factory.module.project-factory.google_compute_shared_vpc_service_project.shared_vpc_attachment",
            "module.project-factory.module.project-factory.google_project.main",
            "module.project-factory.module.project-factory.google_project_service.enable_access_context_manager",
            "module.project-factory.module.project-factory.google_service_account.default_service_account",
            "module.project-factory.module.project-factory.module.project_services.data.google_compute_default_service_account.default",
            "module.project-factory.module.project-factory.module.project_services.google_project_iam_member.project_service_identity_roles",
            "module.project-factory.module.project-factory.module.project_services.google_project_service.project_services",
            "module.project-factory.module.project-factory.module.project_services.google_project_service_identity.project_service_identities",
            "module.project-factory.module.project-factory.random_id.random_project_id_suffix",
            "module.project-factory.module.project-factory.time_sleep.wait_5_seconds",
            "random_string.suffix"
          ]
        }
      ]
    },
    {
      "module": "module.asm.module.cpr.module.gcloud_kubectl",
      "mode": "managed",
      "type": "null_resource",
      "name": "run_command",
      "provider": "provider[\"registry.terraform.io/hashicorp/null\"]",
      "instances": [
        {
          "index_key": 0,
          "schema_version": 0,
          "attributes": {
            "id": "5515948356771421046",
            "triggers": {
              "arguments": "77ece794ee9541961415c7fb21d40433",
              "create_cmd_body": "cluster-ap84p us-central1 mashed-7d15 false false .terraform/modules/asm/modules/asm/scripts/create_cpr.sh asm-managed-stable stable false false",
              "create_cmd_entrypoint": ".terraform/modules/asm.cpr/modules/kubectl-wrapper/scripts/kubectl_wrapper.sh",
              "gcloud_bin_abs_path": "/google-cloud-sdk/bin",
              "md5": "a65cfbc45ca76efed4d2aa587cee9dc6"
            }
          },
          "sensitive_attributes": [],
          "private": "bnVsbA==",
          "dependencies": [
            "data.google_client_config.default",
            "module.asm.data.google_container_cluster.asm",
            "module.asm.google_gke_hub_feature.mesh",
            "module.asm.google_gke_hub_membership.membership",
            "module.asm.kubernetes_config_map.asm_options",
            "module.asm.kubernetes_namespace.system",
            "module.asm.module.cpr.module.gcloud_kubectl.data.external.env_override",
            "module.asm.module.cpr.module.gcloud_kubectl.null_resource.additional_components",
            "module.asm.module.cpr.module.gcloud_kubectl.null_resource.decompress",
            "module.asm.module.cpr.module.gcloud_kubectl.null_resource.download_gcloud",
            "module.asm.module.cpr.module.gcloud_kubectl.null_resource.download_jq",
            "module.asm.module.cpr.module.gcloud_kubectl.null_resource.gcloud_auth_google_credentials",
            "module.asm.module.cpr.module.gcloud_kubectl.null_resource.gcloud_auth_service_account_key_file",
            "module.asm.module.cpr.module.gcloud_kubectl.null_resource.module_depends_on",
            "module.asm.module.cpr.module.gcloud_kubectl.null_resource.prepare_cache",
            "module.asm.module.cpr.module.gcloud_kubectl.null_resource.upgrade",
            "module.asm.module.cpr.module.gcloud_kubectl.random_id.cache",
            "module.enabled_google_apis.data.google_compute_default_service_account.default",
            "module.enabled_google_apis.google_project_iam_member.project_service_identity_roles",
            "module.enabled_google_apis.google_project_service.project_services",
            "module.enabled_google_apis.google_project_service_identity.project_service_identities",
            "module.gke.data.google_compute_zones.available",
            "module.gke.data.google_container_engine_versions.region",
            "module.gke.data.google_container_engine_versions.zone",
            "module.gke.google_container_cluster.primary",
            "module.gke.google_container_node_pool.pools",
            "module.gke.google_service_account.cluster_service_account",
            "module.gke.random_shuffle.available_zones",
            "module.gke.random_string.cluster_service_account_suffix",
            "module.project-factory.module.project-factory.google_access_context_manager_service_perimeter_resource.service_perimeter_attachment",
            "module.project-factory.module.project-factory.google_compute_shared_vpc_host_project.shared_vpc_host",
            "module.project-factory.module.project-factory.google_compute_shared_vpc_service_project.shared_vpc_attachment",
            "module.project-factory.module.project-factory.google_project.main",
            "module.project-factory.module.project-factory.google_project_service.enable_access_context_manager",
            "module.project-factory.module.project-factory.google_service_account.default_service_account",
            "module.project-factory.module.project-factory.module.project_services.data.google_compute_default_service_account.default",
            "module.project-factory.module.project-factory.module.project_services.google_project_iam_member.project_service_identity_roles",
            "module.project-factory.module.project-factory.module.project_services.google_project_service.project_services",
            "module.project-factory.module.project-factory.module.project_services.google_project_service_identity.project_service_identities",
            "module.project-factory.module.project-factory.random_id.random_project_id_suffix",
            "module.project-factory.module.project-factory.time_sleep.wait_5_seconds",
            "random_string.suffix"
          ]
        }
      ]
    },
    {
      "module": "module.asm.module.cpr.module.gcloud_kubectl",
      "mode": "managed",
      "type": "null_resource",
      "name": "run_destroy_command",
      "provider": "provider[\"registry.terraform.io/hashicorp/null\"]",
      "instances": [
        {
          "index_key": 0,
          "schema_version": 0,
          "attributes": {
            "id": "3795285648159176698",
            "triggers": {
              "destroy_cmd_body": "cluster-ap84p us-central1 mashed-7d15 false false .terraform/modules/asm/modules/asm/scripts/destroy_cpr.sh asm-managed-stable",
              "destroy_cmd_entrypoint": ".terraform/modules/asm.cpr/modules/kubectl-wrapper/scripts/kubectl_wrapper.sh",
              "gcloud_bin_abs_path": "/google-cloud-sdk/bin"
            }
          },
          "sensitive_attributes": [],
          "private": "bnVsbA==",
          "dependencies": [
            "data.google_client_config.default",
            "module.asm.data.google_container_cluster.asm",
            "module.asm.google_gke_hub_feature.mesh",
            "module.asm.google_gke_hub_membership.membership",
            "module.asm.kubernetes_config_map.asm_options",
            "module.asm.kubernetes_namespace.system",
            "module.asm.module.cpr.module.gcloud_kubectl.data.external.env_override",
            "module.asm.module.cpr.module.gcloud_kubectl.null_resource.additional_components",
            "module.asm.module.cpr.module.gcloud_kubectl.null_resource.decompress",
            "module.asm.module.cpr.module.gcloud_kubectl.null_resource.download_gcloud",
            "module.asm.module.cpr.module.gcloud_kubectl.null_resource.download_jq",
            "module.asm.module.cpr.module.gcloud_kubectl.null_resource.gcloud_auth_google_credentials",
            "module.asm.module.cpr.module.gcloud_kubectl.null_resource.gcloud_auth_service_account_key_file",
            "module.asm.module.cpr.module.gcloud_kubectl.null_resource.module_depends_on",
            "module.asm.module.cpr.module.gcloud_kubectl.null_resource.prepare_cache",
            "module.asm.module.cpr.module.gcloud_kubectl.null_resource.upgrade",
            "module.asm.module.cpr.module.gcloud_kubectl.random_id.cache",
            "module.enabled_google_apis.data.google_compute_default_service_account.default",
            "module.enabled_google_apis.google_project_iam_member.project_service_identity_roles",
            "module.enabled_google_apis.google_project_service.project_services",
            "module.enabled_google_apis.google_project_service_identity.project_service_identities",
            "module.gke.data.google_compute_zones.available",
            "module.gke.data.google_container_engine_versions.region",
            "module.gke.data.google_container_engine_versions.zone",
            "module.gke.google_container_cluster.primary",
            "module.gke.google_container_node_pool.pools",
            "module.gke.google_service_account.cluster_service_account",
            "module.gke.random_shuffle.available_zones",
            "module.gke.random_string.cluster_service_account_suffix",
            "module.project-factory.module.project-factory.google_access_context_manager_service_perimeter_resource.service_perimeter_attachment",
            "module.project-factory.module.project-factory.google_compute_shared_vpc_host_project.shared_vpc_host",
            "module.project-factory.module.project-factory.google_compute_shared_vpc_service_project.shared_vpc_attachment",
            "module.project-factory.module.project-factory.google_project.main",
            "module.project-factory.module.project-factory.google_project_service.enable_access_context_manager",
            "module.project-factory.module.project-factory.google_service_account.default_service_account",
            "module.project-factory.module.project-factory.module.project_services.data.google_compute_default_service_account.default",
            "module.project-factory.module.project-factory.module.project_services.google_project_iam_member.project_service_identity_roles",
            "module.project-factory.module.project-factory.module.project_services.google_project_service.project_services",
            "module.project-factory.module.project-factory.module.project_services.google_project_service_identity.project_service_identities",
            "module.project-factory.module.project-factory.random_id.random_project_id_suffix",
            "module.project-factory.module.project-factory.time_sleep.wait_5_seconds",
            "random_string.suffix"
          ]
        }
      ]
    },
    {
      "module": "module.cpr.module.gcloud_kubectl",
      "mode": "data",
      "type": "external",
      "name": "env_override",
      "provider": "provider[\"registry.terraform.io/hashicorp/external\"]",
      "instances": [
        {
          "index_key": 0,
          "schema_version": 0,
          "attributes": {
            "id": "-",
            "program": [
              ".terraform/modules/cpr/scripts/check_env.sh"
            ],
            "query": null,
            "result": {
              "download": ""
            },
            "working_dir": null
          },
          "sensitive_attributes": []
        }
      ]
    },
    {
      "module": "module.cpr.module.gcloud_kubectl",
      "mode": "managed",
      "type": "null_resource",
      "name": "additional_components",
      "provider": "provider[\"registry.terraform.io/hashicorp/null\"]",
      "instances": [
        {
          "index_key": 0,
          "schema_version": 0,
          "attributes": {
            "id": "4352982844901593514",
            "triggers": {
              "additional_components_command": ".terraform/modules/cpr/scripts/check_components.sh gcloud kubectl",
              "arguments": "cdb37875010a054db1080bad35658e40",
              "md5": "4c855ae8937795d8f90dcdada7275f15"
            }
          },
          "sensitive_attributes": [],
          "private": "bnVsbA==",
          "dependencies": [
            "module.cpr.module.gcloud_kubectl.data.external.env_override",
            "module.cpr.module.gcloud_kubectl.null_resource.decompress",
            "module.cpr.module.gcloud_kubectl.null_resource.upgrade",
            "module.cpr.module.gcloud_kubectl.random_id.cache",
            "module.enabled_google_apis.data.google_compute_default_service_account.default",
            "module.enabled_google_apis.google_project_iam_member.project_service_identity_roles",
            "module.enabled_google_apis.google_project_service.project_services",
            "module.enabled_google_apis.google_project_service_identity.project_service_identities",
            "module.gke.google_container_cluster.primary",
            "module.gke.google_container_node_pool.pools",
            "module.project-factory.module.project-factory.google_compute_shared_vpc_host_project.shared_vpc_host",
            "module.project-factory.module.project-factory.google_compute_shared_vpc_service_project.shared_vpc_attachment",
            "module.project-factory.module.project-factory.google_project.main",
            "module.project-factory.module.project-factory.module.project_services.data.google_compute_default_service_account.default",
            "module.project-factory.module.project-factory.module.project_services.google_project_iam_member.project_service_identity_roles",
            "module.project-factory.module.project-factory.module.project_services.google_project_service.project_services",
            "module.project-factory.module.project-factory.module.project_services.google_project_service_identity.project_service_identities"
          ]
        }
      ]
    },
    {
      "module": "module.cpr.module.gcloud_kubectl",
      "mode": "managed",
      "type": "null_resource",
      "name": "additional_components_destroy",
      "provider": "provider[\"registry.terraform.io/hashicorp/null\"]",
      "instances": [
        {
          "index_key": 0,
          "schema_version": 0,
          "attributes": {
            "id": "7122359834723495002",
            "triggers": {
              "additional_components_command": ".terraform/modules/cpr/scripts/check_components.sh gcloud kubectl"
            }
          },
          "sensitive_attributes": [],
          "private": "bnVsbA==",
          "dependencies": [
            "data.google_client_config.default",
            "module.asm.data.google_container_cluster.asm",
            "module.asm.google_gke_hub_feature.mesh",
            "module.asm.google_gke_hub_membership.membership",
            "module.asm.kubernetes_config_map.asm_options",
            "module.asm.kubernetes_namespace.system",
            "module.asm.module.cpr.module.gcloud_kubectl.data.external.env_override",
            "module.asm.module.cpr.module.gcloud_kubectl.null_resource.additional_components",
            "module.asm.module.cpr.module.gcloud_kubectl.null_resource.additional_components_destroy",
            "module.asm.module.cpr.module.gcloud_kubectl.null_resource.decompress",
            "module.asm.module.cpr.module.gcloud_kubectl.null_resource.decompress_destroy",
            "module.asm.module.cpr.module.gcloud_kubectl.null_resource.download_gcloud",
            "module.asm.module.cpr.module.gcloud_kubectl.null_resource.download_jq",
            "module.asm.module.cpr.module.gcloud_kubectl.null_resource.gcloud_auth_google_credentials",
            "module.asm.module.cpr.module.gcloud_kubectl.null_resource.gcloud_auth_google_credentials_destroy",
            "module.asm.module.cpr.module.gcloud_kubectl.null_resource.gcloud_auth_service_account_key_file",
            "module.asm.module.cpr.module.gcloud_kubectl.null_resource.gcloud_auth_service_account_key_file_destroy",
            "module.asm.module.cpr.module.gcloud_kubectl.null_resource.module_depends_on",
            "module.asm.module.cpr.module.gcloud_kubectl.null_resource.prepare_cache",
            "module.asm.module.cpr.module.gcloud_kubectl.null_resource.run_command",
            "module.asm.module.cpr.module.gcloud_kubectl.null_resource.run_destroy_command",
            "module.asm.module.cpr.module.gcloud_kubectl.null_resource.upgrade",
            "module.asm.module.cpr.module.gcloud_kubectl.null_resource.upgrade_destroy",
            "module.asm.module.cpr.module.gcloud_kubectl.random_id.cache",
            "module.cpr.module.gcloud_kubectl.data.external.env_override",
            "module.cpr.module.gcloud_kubectl.null_resource.additional_components",
            "module.cpr.module.gcloud_kubectl.null_resource.decompress",
            "module.cpr.module.gcloud_kubectl.null_resource.gcloud_auth_google_credentials",
            "module.cpr.module.gcloud_kubectl.null_resource.gcloud_auth_service_account_key_file",
            "module.cpr.module.gcloud_kubectl.null_resource.module_depends_on",
            "module.cpr.module.gcloud_kubectl.null_resource.run_destroy_command",
            "module.cpr.module.gcloud_kubectl.null_resource.upgrade",
            "module.cpr.module.gcloud_kubectl.random_id.cache",
            "module.enabled_google_apis.data.google_compute_default_service_account.default",
            "module.enabled_google_apis.google_project_iam_member.project_service_identity_roles",
            "module.enabled_google_apis.google_project_service.project_services",
            "module.enabled_google_apis.google_project_service_identity.project_service_identities",
            "module.gke.google_container_cluster.primary",
            "module.gke.google_container_node_pool.pools",
            "module.project-factory.module.project-factory.google_compute_shared_vpc_host_project.shared_vpc_host",
            "module.project-factory.module.project-factory.google_compute_shared_vpc_service_project.shared_vpc_attachment",
            "module.project-factory.module.project-factory.google_project.main",
            "module.project-factory.module.project-factory.module.project_services.data.google_compute_default_service_account.default",
            "module.project-factory.module.project-factory.module.project_services.google_project_iam_member.project_service_identity_roles",
            "module.project-factory.module.project-factory.module.project_services.google_project_service.project_services",
            "module.project-factory.module.project-factory.module.project_services.google_project_service_identity.project_service_identities"
          ]
        }
      ]
    },
    {
      "module": "module.cpr.module.gcloud_kubectl",
      "mode": "managed",
      "type": "null_resource",
      "name": "decompress",
      "provider": "provider[\"registry.terraform.io/hashicorp/null\"]",
      "instances": []
    },
    {
      "module": "module.cpr.module.gcloud_kubectl",
      "mode": "managed",
      "type": "null_resource",
      "name": "gcloud_auth_google_credentials",
      "provider": "provider[\"registry.terraform.io/hashicorp/null\"]",
      "instances": []
    },
    {
      "module": "module.cpr.module.gcloud_kubectl",
      "mode": "managed",
      "type": "null_resource",
      "name": "gcloud_auth_service_account_key_file",
      "provider": "provider[\"registry.terraform.io/hashicorp/null\"]",
      "instances": []
    },
    {
      "module": "module.cpr.module.gcloud_kubectl",
      "mode": "managed",
      "type": "null_resource",
      "name": "module_depends_on",
      "provider": "provider[\"registry.terraform.io/hashicorp/null\"]",
      "instances": [
        {
          "index_key": 0,
          "schema_version": 0,
          "attributes": {
            "id": "5414710830753849769",
            "triggers": {
              "value": "1"
            }
          },
          "sensitive_attributes": [],
          "private": "bnVsbA==",
          "dependencies": [
            "data.google_client_config.default",
            "module.asm.data.google_container_cluster.asm",
            "module.asm.google_gke_hub_feature.mesh",
            "module.asm.google_gke_hub_membership.membership",
            "module.asm.kubernetes_config_map.asm_options",
            "module.asm.kubernetes_namespace.system",
            "module.asm.module.cpr.module.gcloud_kubectl.data.external.env_override",
            "module.asm.module.cpr.module.gcloud_kubectl.null_resource.additional_components",
            "module.asm.module.cpr.module.gcloud_kubectl.null_resource.additional_components_destroy",
            "module.asm.module.cpr.module.gcloud_kubectl.null_resource.decompress",
            "module.asm.module.cpr.module.gcloud_kubectl.null_resource.decompress_destroy",
            "module.asm.module.cpr.module.gcloud_kubectl.null_resource.download_gcloud",
            "module.asm.module.cpr.module.gcloud_kubectl.null_resource.download_jq",
            "module.asm.module.cpr.module.gcloud_kubectl.null_resource.gcloud_auth_google_credentials",
            "module.asm.module.cpr.module.gcloud_kubectl.null_resource.gcloud_auth_google_credentials_destroy",
            "module.asm.module.cpr.module.gcloud_kubectl.null_resource.gcloud_auth_service_account_key_file",
            "module.asm.module.cpr.module.gcloud_kubectl.null_resource.gcloud_auth_service_account_key_file_destroy",
            "module.asm.module.cpr.module.gcloud_kubectl.null_resource.module_depends_on",
            "module.asm.module.cpr.module.gcloud_kubectl.null_resource.prepare_cache",
            "module.asm.module.cpr.module.gcloud_kubectl.null_resource.run_command",
            "module.asm.module.cpr.module.gcloud_kubectl.null_resource.run_destroy_command",
            "module.asm.module.cpr.module.gcloud_kubectl.null_resource.upgrade",
            "module.asm.module.cpr.module.gcloud_kubectl.null_resource.upgrade_destroy",
            "module.asm.module.cpr.module.gcloud_kubectl.random_id.cache",
            "module.enabled_google_apis.data.google_compute_default_service_account.default",
            "module.enabled_google_apis.google_project_iam_member.project_service_identity_roles",
            "module.enabled_google_apis.google_project_service.project_services",
            "module.enabled_google_apis.google_project_service_identity.project_service_identities",
            "module.gke.google_container_cluster.primary",
            "module.gke.google_container_node_pool.pools",
            "module.project-factory.module.project-factory.google_compute_shared_vpc_host_project.shared_vpc_host",
            "module.project-factory.module.project-factory.google_compute_shared_vpc_service_project.shared_vpc_attachment",
            "module.project-factory.module.project-factory.google_project.main",
            "module.project-factory.module.project-factory.module.project_services.data.google_compute_default_service_account.default",
            "module.project-factory.module.project-factory.module.project_services.google_project_iam_member.project_service_identity_roles",
            "module.project-factory.module.project-factory.module.project_services.google_project_service.project_services",
            "module.project-factory.module.project-factory.module.project_services.google_project_service_identity.project_service_identities"
          ]
        }
      ]
    },
    {
      "module": "module.cpr.module.gcloud_kubectl",
      "mode": "managed",
      "type": "null_resource",
      "name": "run_command",
      "provider": "provider[\"registry.terraform.io/hashicorp/null\"]",
      "instances": [
        {
          "index_key": 0,
          "status": "tainted",
          "schema_version": 0,
          "attributes": {
            "id": "8049329583314377108",
            "triggers": {
              "arguments": "cdb37875010a054db1080bad35658e40",
              "create_cmd_body": "cluster-ap84p us-central1 mashed-7d15 false false ./scripts/create_cpr.sh cloud-run",
              "create_cmd_entrypoint": ".terraform/modules/cpr/modules/kubectl-wrapper/scripts/kubectl_wrapper.sh",
              "gcloud_bin_abs_path": "/google-cloud-sdk/bin",
              "md5": "4c855ae8937795d8f90dcdada7275f15"
            }
          },
          "sensitive_attributes": [],
          "private": "bnVsbA==",
          "dependencies": [
            "data.google_client_config.default",
            "module.asm.data.google_container_cluster.asm",
            "module.asm.google_gke_hub_feature.mesh",
            "module.asm.google_gke_hub_membership.membership",
            "module.asm.kubernetes_config_map.asm_options",
            "module.asm.kubernetes_namespace.system",
            "module.asm.module.cpr.module.gcloud_kubectl.data.external.env_override",
            "module.asm.module.cpr.module.gcloud_kubectl.null_resource.additional_components",
            "module.asm.module.cpr.module.gcloud_kubectl.null_resource.additional_components_destroy",
            "module.asm.module.cpr.module.gcloud_kubectl.null_resource.decompress",
            "module.asm.module.cpr.module.gcloud_kubectl.null_resource.decompress_destroy",
            "module.asm.module.cpr.module.gcloud_kubectl.null_resource.download_gcloud",
            "module.asm.module.cpr.module.gcloud_kubectl.null_resource.download_jq",
            "module.asm.module.cpr.module.gcloud_kubectl.null_resource.gcloud_auth_google_credentials",
            "module.asm.module.cpr.module.gcloud_kubectl.null_resource.gcloud_auth_google_credentials_destroy",
            "module.asm.module.cpr.module.gcloud_kubectl.null_resource.gcloud_auth_service_account_key_file",
            "module.asm.module.cpr.module.gcloud_kubectl.null_resource.gcloud_auth_service_account_key_file_destroy",
            "module.asm.module.cpr.module.gcloud_kubectl.null_resource.module_depends_on",
            "module.asm.module.cpr.module.gcloud_kubectl.null_resource.prepare_cache",
            "module.asm.module.cpr.module.gcloud_kubectl.null_resource.run_command",
            "module.asm.module.cpr.module.gcloud_kubectl.null_resource.run_destroy_command",
            "module.asm.module.cpr.module.gcloud_kubectl.null_resource.upgrade",
            "module.asm.module.cpr.module.gcloud_kubectl.null_resource.upgrade_destroy",
            "module.asm.module.cpr.module.gcloud_kubectl.random_id.cache",
            "module.cpr.module.gcloud_kubectl.data.external.env_override",
            "module.cpr.module.gcloud_kubectl.null_resource.additional_components",
            "module.cpr.module.gcloud_kubectl.null_resource.decompress",
            "module.cpr.module.gcloud_kubectl.null_resource.gcloud_auth_google_credentials",
            "module.cpr.module.gcloud_kubectl.null_resource.gcloud_auth_service_account_key_file",
            "module.cpr.module.gcloud_kubectl.null_resource.module_depends_on",
            "module.cpr.module.gcloud_kubectl.null_resource.upgrade",
            "module.cpr.module.gcloud_kubectl.random_id.cache",
            "module.enabled_google_apis.data.google_compute_default_service_account.default",
            "module.enabled_google_apis.google_project_iam_member.project_service_identity_roles",
            "module.enabled_google_apis.google_project_service.project_services",
            "module.enabled_google_apis.google_project_service_identity.project_service_identities",
            "module.gke.google_container_cluster.primary",
            "module.gke.google_container_node_pool.pools",
            "module.project-factory.module.project-factory.google_compute_shared_vpc_host_project.shared_vpc_host",
            "module.project-factory.module.project-factory.google_compute_shared_vpc_service_project.shared_vpc_attachment",
            "module.project-factory.module.project-factory.google_project.main",
            "module.project-factory.module.project-factory.module.project_services.data.google_compute_default_service_account.default",
            "module.project-factory.module.project-factory.module.project_services.google_project_iam_member.project_service_identity_roles",
            "module.project-factory.module.project-factory.module.project_services.google_project_service.project_services",
            "module.project-factory.module.project-factory.module.project_services.google_project_service_identity.project_service_identities"
          ]
        }
      ]
    },
    {
      "module": "module.cpr.module.gcloud_kubectl",
      "mode": "managed",
      "type": "null_resource",
      "name": "run_destroy_command",
      "provider": "provider[\"registry.terraform.io/hashicorp/null\"]",
      "instances": [
        {
          "index_key": 0,
          "schema_version": 0,
          "attributes": {
            "id": "7324373445566148253",
            "triggers": {
              "destroy_cmd_body": "cluster-ap84p us-central1 mashed-7d15 false false ./scripts/destroy_cpr.sh cloud-run",
              "destroy_cmd_entrypoint": ".terraform/modules/cpr/modules/kubectl-wrapper/scripts/kubectl_wrapper.sh",
              "gcloud_bin_abs_path": "/google-cloud-sdk/bin"
            }
          },
          "sensitive_attributes": [],
          "private": "bnVsbA==",
          "dependencies": [
            "data.google_client_config.default",
            "module.asm.data.google_container_cluster.asm",
            "module.asm.google_gke_hub_feature.mesh",
            "module.asm.google_gke_hub_membership.membership",
            "module.asm.kubernetes_config_map.asm_options",
            "module.asm.kubernetes_namespace.system",
            "module.asm.module.cpr.module.gcloud_kubectl.data.external.env_override",
            "module.asm.module.cpr.module.gcloud_kubectl.null_resource.additional_components",
            "module.asm.module.cpr.module.gcloud_kubectl.null_resource.additional_components_destroy",
            "module.asm.module.cpr.module.gcloud_kubectl.null_resource.decompress",
            "module.asm.module.cpr.module.gcloud_kubectl.null_resource.decompress_destroy",
            "module.asm.module.cpr.module.gcloud_kubectl.null_resource.download_gcloud",
            "module.asm.module.cpr.module.gcloud_kubectl.null_resource.download_jq",
            "module.asm.module.cpr.module.gcloud_kubectl.null_resource.gcloud_auth_google_credentials",
            "module.asm.module.cpr.module.gcloud_kubectl.null_resource.gcloud_auth_google_credentials_destroy",
            "module.asm.module.cpr.module.gcloud_kubectl.null_resource.gcloud_auth_service_account_key_file",
            "module.asm.module.cpr.module.gcloud_kubectl.null_resource.gcloud_auth_service_account_key_file_destroy",
            "module.asm.module.cpr.module.gcloud_kubectl.null_resource.module_depends_on",
            "module.asm.module.cpr.module.gcloud_kubectl.null_resource.prepare_cache",
            "module.asm.module.cpr.module.gcloud_kubectl.null_resource.run_command",
            "module.asm.module.cpr.module.gcloud_kubectl.null_resource.run_destroy_command",
            "module.asm.module.cpr.module.gcloud_kubectl.null_resource.upgrade",
            "module.asm.module.cpr.module.gcloud_kubectl.null_resource.upgrade_destroy",
            "module.asm.module.cpr.module.gcloud_kubectl.random_id.cache",
            "module.cpr.module.gcloud_kubectl.data.external.env_override",
            "module.cpr.module.gcloud_kubectl.null_resource.additional_components",
            "module.cpr.module.gcloud_kubectl.null_resource.decompress",
            "module.cpr.module.gcloud_kubectl.null_resource.gcloud_auth_google_credentials",
            "module.cpr.module.gcloud_kubectl.null_resource.gcloud_auth_service_account_key_file",
            "module.cpr.module.gcloud_kubectl.null_resource.module_depends_on",
            "module.cpr.module.gcloud_kubectl.null_resource.upgrade",
            "module.cpr.module.gcloud_kubectl.random_id.cache",
            "module.enabled_google_apis.data.google_compute_default_service_account.default",
            "module.enabled_google_apis.google_project_iam_member.project_service_identity_roles",
            "module.enabled_google_apis.google_project_service.project_services",
            "module.enabled_google_apis.google_project_service_identity.project_service_identities",
            "module.gke.google_container_cluster.primary",
            "module.gke.google_container_node_pool.pools",
            "module.project-factory.module.project-factory.google_compute_shared_vpc_host_project.shared_vpc_host",
            "module.project-factory.module.project-factory.google_compute_shared_vpc_service_project.shared_vpc_attachment",
            "module.project-factory.module.project-factory.google_project.main",
            "module.project-factory.module.project-factory.module.project_services.data.google_compute_default_service_account.default",
            "module.project-factory.module.project-factory.module.project_services.google_project_iam_member.project_service_identity_roles",
            "module.project-factory.module.project-factory.module.project_services.google_project_service.project_services",
            "module.project-factory.module.project-factory.module.project_services.google_project_service_identity.project_service_identities"
          ]
        }
      ]
    },
    {
      "module": "module.cpr.module.gcloud_kubectl",
      "mode": "managed",
      "type": "null_resource",
      "name": "upgrade",
      "provider": "provider[\"registry.terraform.io/hashicorp/null\"]",
      "instances": []
    },
    {
      "module": "module.cpr.module.gcloud_kubectl",
      "mode": "managed",
      "type": "random_id",
      "name": "cache",
      "provider": "provider[\"registry.terraform.io/hashicorp/random\"]",
      "instances": []
    },
    {
      "module": "module.enabled_google_apis",
      "mode": "managed",
      "type": "google_project_service",
      "name": "project_services",
      "provider": "provider[\"registry.terraform.io/hashicorp/google\"]",
      "instances": [
        {
          "index_key": "anthos.googleapis.com",
          "schema_version": 0,
          "attributes": {
            "disable_dependent_services": true,
            "disable_on_destroy": false,
            "id": "mashed-7d15/anthos.googleapis.com",
            "project": "mashed-7d15",
            "service": "anthos.googleapis.com",
            "timeouts": null
          },
          "sensitive_attributes": [],
          "private": "eyJlMmJmYjczMC1lY2FhLTExZTYtOGY4OC0zNDM2M2JjN2M0YzAiOnsiY3JlYXRlIjoxMjAwMDAwMDAwMDAwLCJkZWxldGUiOjEyMDAwMDAwMDAwMDAsInJlYWQiOjYwMDAwMDAwMDAwMCwidXBkYXRlIjoxMjAwMDAwMDAwMDAwfX0=",
          "dependencies": [
            "module.project-factory.module.project-factory.google_access_context_manager_service_perimeter_resource.service_perimeter_attachment",
            "module.project-factory.module.project-factory.google_compute_shared_vpc_host_project.shared_vpc_host",
            "module.project-factory.module.project-factory.google_compute_shared_vpc_service_project.shared_vpc_attachment",
            "module.project-factory.module.project-factory.google_project.main",
            "module.project-factory.module.project-factory.google_project_service.enable_access_context_manager",
            "module.project-factory.module.project-factory.google_service_account.default_service_account",
            "module.project-factory.module.project-factory.module.project_services.data.google_compute_default_service_account.default",
            "module.project-factory.module.project-factory.module.project_services.google_project_iam_member.project_service_identity_roles",
            "module.project-factory.module.project-factory.module.project_services.google_project_service.project_services",
            "module.project-factory.module.project-factory.module.project_services.google_project_service_identity.project_service_identities",
            "module.project-factory.module.project-factory.random_id.random_project_id_suffix",
            "module.project-factory.module.project-factory.time_sleep.wait_5_seconds"
          ]
        },
        {
          "index_key": "anthosconfigmanagement.googleapis.com",
          "schema_version": 0,
          "attributes": {
            "disable_dependent_services": true,
            "disable_on_destroy": false,
            "id": "mashed-7d15/anthosconfigmanagement.googleapis.com",
            "project": "mashed-7d15",
            "service": "anthosconfigmanagement.googleapis.com",
            "timeouts": null
          },
          "sensitive_attributes": [],
          "private": "eyJlMmJmYjczMC1lY2FhLTExZTYtOGY4OC0zNDM2M2JjN2M0YzAiOnsiY3JlYXRlIjoxMjAwMDAwMDAwMDAwLCJkZWxldGUiOjEyMDAwMDAwMDAwMDAsInJlYWQiOjYwMDAwMDAwMDAwMCwidXBkYXRlIjoxMjAwMDAwMDAwMDAwfX0=",
          "dependencies": [
            "module.project-factory.module.project-factory.google_access_context_manager_service_perimeter_resource.service_perimeter_attachment",
            "module.project-factory.module.project-factory.google_compute_shared_vpc_host_project.shared_vpc_host",
            "module.project-factory.module.project-factory.google_compute_shared_vpc_service_project.shared_vpc_attachment",
            "module.project-factory.module.project-factory.google_project.main",
            "module.project-factory.module.project-factory.google_project_service.enable_access_context_manager",
            "module.project-factory.module.project-factory.google_service_account.default_service_account",
            "module.project-factory.module.project-factory.module.project_services.data.google_compute_default_service_account.default",
            "module.project-factory.module.project-factory.module.project_services.google_project_iam_member.project_service_identity_roles",
            "module.project-factory.module.project-factory.module.project_services.google_project_service.project_services",
            "module.project-factory.module.project-factory.module.project_services.google_project_service_identity.project_service_identities",
            "module.project-factory.module.project-factory.random_id.random_project_id_suffix",
            "module.project-factory.module.project-factory.time_sleep.wait_5_seconds"
          ]
        },
        {
          "index_key": "appdevelopmentexperience.googleapis.com",
          "schema_version": 0,
          "attributes": {
            "disable_dependent_services": true,
            "disable_on_destroy": false,
            "id": "mashed-7d15/appdevelopmentexperience.googleapis.com",
            "project": "mashed-7d15",
            "service": "appdevelopmentexperience.googleapis.com",
            "timeouts": null
          },
          "sensitive_attributes": [],
          "private": "eyJlMmJmYjczMC1lY2FhLTExZTYtOGY4OC0zNDM2M2JjN2M0YzAiOnsiY3JlYXRlIjoxMjAwMDAwMDAwMDAwLCJkZWxldGUiOjEyMDAwMDAwMDAwMDAsInJlYWQiOjYwMDAwMDAwMDAwMCwidXBkYXRlIjoxMjAwMDAwMDAwMDAwfX0=",
          "dependencies": [
            "module.project-factory.module.project-factory.google_access_context_manager_service_perimeter_resource.service_perimeter_attachment",
            "module.project-factory.module.project-factory.google_compute_shared_vpc_host_project.shared_vpc_host",
            "module.project-factory.module.project-factory.google_compute_shared_vpc_service_project.shared_vpc_attachment",
            "module.project-factory.module.project-factory.google_project.main",
            "module.project-factory.module.project-factory.google_project_service.enable_access_context_manager",
            "module.project-factory.module.project-factory.google_service_account.default_service_account",
            "module.project-factory.module.project-factory.module.project_services.data.google_compute_default_service_account.default",
            "module.project-factory.module.project-factory.module.project_services.google_project_iam_member.project_service_identity_roles",
            "module.project-factory.module.project-factory.module.project_services.google_project_service.project_services",
            "module.project-factory.module.project-factory.module.project_services.google_project_service_identity.project_service_identities",
            "module.project-factory.module.project-factory.random_id.random_project_id_suffix",
            "module.project-factory.module.project-factory.time_sleep.wait_5_seconds"
          ]
        },
        {
          "index_key": "artifactregistry.googleapis.com",
          "schema_version": 0,
          "attributes": {
            "disable_dependent_services": true,
            "disable_on_destroy": false,
            "id": "mashed-7d15/artifactregistry.googleapis.com",
            "project": "mashed-7d15",
            "service": "artifactregistry.googleapis.com",
            "timeouts": null
          },
          "sensitive_attributes": [],
          "private": "eyJlMmJmYjczMC1lY2FhLTExZTYtOGY4OC0zNDM2M2JjN2M0YzAiOnsiY3JlYXRlIjoxMjAwMDAwMDAwMDAwLCJkZWxldGUiOjEyMDAwMDAwMDAwMDAsInJlYWQiOjYwMDAwMDAwMDAwMCwidXBkYXRlIjoxMjAwMDAwMDAwMDAwfX0=",
          "dependencies": [
            "module.project-factory.module.project-factory.google_access_context_manager_service_perimeter_resource.service_perimeter_attachment",
            "module.project-factory.module.project-factory.google_compute_shared_vpc_host_project.shared_vpc_host",
            "module.project-factory.module.project-factory.google_compute_shared_vpc_service_project.shared_vpc_attachment",
            "module.project-factory.module.project-factory.google_project.main",
            "module.project-factory.module.project-factory.google_project_service.enable_access_context_manager",
            "module.project-factory.module.project-factory.google_service_account.default_service_account",
            "module.project-factory.module.project-factory.module.project_services.data.google_compute_default_service_account.default",
            "module.project-factory.module.project-factory.module.project_services.google_project_iam_member.project_service_identity_roles",
            "module.project-factory.module.project-factory.module.project_services.google_project_service.project_services",
            "module.project-factory.module.project-factory.module.project_services.google_project_service_identity.project_service_identities",
            "module.project-factory.module.project-factory.random_id.random_project_id_suffix",
            "module.project-factory.module.project-factory.time_sleep.wait_5_seconds"
          ]
        },
        {
          "index_key": "cloudbuild.googleapis.com",
          "schema_version": 0,
          "attributes": {
            "disable_dependent_services": true,
            "disable_on_destroy": false,
            "id": "mashed-7d15/cloudbuild.googleapis.com",
            "project": "mashed-7d15",
            "service": "cloudbuild.googleapis.com",
            "timeouts": null
          },
          "sensitive_attributes": [],
          "private": "eyJlMmJmYjczMC1lY2FhLTExZTYtOGY4OC0zNDM2M2JjN2M0YzAiOnsiY3JlYXRlIjoxMjAwMDAwMDAwMDAwLCJkZWxldGUiOjEyMDAwMDAwMDAwMDAsInJlYWQiOjYwMDAwMDAwMDAwMCwidXBkYXRlIjoxMjAwMDAwMDAwMDAwfX0=",
          "dependencies": [
            "module.project-factory.module.project-factory.google_access_context_manager_service_perimeter_resource.service_perimeter_attachment",
            "module.project-factory.module.project-factory.google_compute_shared_vpc_host_project.shared_vpc_host",
            "module.project-factory.module.project-factory.google_compute_shared_vpc_service_project.shared_vpc_attachment",
            "module.project-factory.module.project-factory.google_project.main",
            "module.project-factory.module.project-factory.google_project_service.enable_access_context_manager",
            "module.project-factory.module.project-factory.google_service_account.default_service_account",
            "module.project-factory.module.project-factory.module.project_services.data.google_compute_default_service_account.default",
            "module.project-factory.module.project-factory.module.project_services.google_project_iam_member.project_service_identity_roles",
            "module.project-factory.module.project-factory.module.project_services.google_project_service.project_services",
            "module.project-factory.module.project-factory.module.project_services.google_project_service_identity.project_service_identities",
            "module.project-factory.module.project-factory.random_id.random_project_id_suffix",
            "module.project-factory.module.project-factory.time_sleep.wait_5_seconds"
          ]
        },
        {
          "index_key": "cloudresourcemanager.googleapis.com",
          "schema_version": 0,
          "attributes": {
            "disable_dependent_services": true,
            "disable_on_destroy": false,
            "id": "mashed-7d15/cloudresourcemanager.googleapis.com",
            "project": "mashed-7d15",
            "service": "cloudresourcemanager.googleapis.com",
            "timeouts": null
          },
          "sensitive_attributes": [],
          "private": "eyJlMmJmYjczMC1lY2FhLTExZTYtOGY4OC0zNDM2M2JjN2M0YzAiOnsiY3JlYXRlIjoxMjAwMDAwMDAwMDAwLCJkZWxldGUiOjEyMDAwMDAwMDAwMDAsInJlYWQiOjYwMDAwMDAwMDAwMCwidXBkYXRlIjoxMjAwMDAwMDAwMDAwfX0=",
          "dependencies": [
            "module.project-factory.module.project-factory.google_access_context_manager_service_perimeter_resource.service_perimeter_attachment",
            "module.project-factory.module.project-factory.google_compute_shared_vpc_host_project.shared_vpc_host",
            "module.project-factory.module.project-factory.google_compute_shared_vpc_service_project.shared_vpc_attachment",
            "module.project-factory.module.project-factory.google_project.main",
            "module.project-factory.module.project-factory.google_project_service.enable_access_context_manager",
            "module.project-factory.module.project-factory.google_service_account.default_service_account",
            "module.project-factory.module.project-factory.module.project_services.data.google_compute_default_service_account.default",
            "module.project-factory.module.project-factory.module.project_services.google_project_iam_member.project_service_identity_roles",
            "module.project-factory.module.project-factory.module.project_services.google_project_service.project_services",
            "module.project-factory.module.project-factory.module.project_services.google_project_service_identity.project_service_identities",
            "module.project-factory.module.project-factory.random_id.random_project_id_suffix",
            "module.project-factory.module.project-factory.time_sleep.wait_5_seconds"
          ]
        },
        {
          "index_key": "cloudtrace.googleapis.com",
          "schema_version": 0,
          "attributes": {
            "disable_dependent_services": true,
            "disable_on_destroy": false,
            "id": "mashed-7d15/cloudtrace.googleapis.com",
            "project": "mashed-7d15",
            "service": "cloudtrace.googleapis.com",
            "timeouts": null
          },
          "sensitive_attributes": [],
          "private": "eyJlMmJmYjczMC1lY2FhLTExZTYtOGY4OC0zNDM2M2JjN2M0YzAiOnsiY3JlYXRlIjoxMjAwMDAwMDAwMDAwLCJkZWxldGUiOjEyMDAwMDAwMDAwMDAsInJlYWQiOjYwMDAwMDAwMDAwMCwidXBkYXRlIjoxMjAwMDAwMDAwMDAwfX0=",
          "dependencies": [
            "module.project-factory.module.project-factory.google_access_context_manager_service_perimeter_resource.service_perimeter_attachment",
            "module.project-factory.module.project-factory.google_compute_shared_vpc_host_project.shared_vpc_host",
            "module.project-factory.module.project-factory.google_compute_shared_vpc_service_project.shared_vpc_attachment",
            "module.project-factory.module.project-factory.google_project.main",
            "module.project-factory.module.project-factory.google_project_service.enable_access_context_manager",
            "module.project-factory.module.project-factory.google_service_account.default_service_account",
            "module.project-factory.module.project-factory.module.project_services.data.google_compute_default_service_account.default",
            "module.project-factory.module.project-factory.module.project_services.google_project_iam_member.project_service_identity_roles",
            "module.project-factory.module.project-factory.module.project_services.google_project_service.project_services",
            "module.project-factory.module.project-factory.module.project_services.google_project_service_identity.project_service_identities",
            "module.project-factory.module.project-factory.random_id.random_project_id_suffix",
            "module.project-factory.module.project-factory.time_sleep.wait_5_seconds"
          ]
        },
        {
          "index_key": "compute.googleapis.com",
          "schema_version": 0,
          "attributes": {
            "disable_dependent_services": true,
            "disable_on_destroy": false,
            "id": "mashed-7d15/compute.googleapis.com",
            "project": "mashed-7d15",
            "service": "compute.googleapis.com",
            "timeouts": null
          },
          "sensitive_attributes": [],
          "private": "eyJlMmJmYjczMC1lY2FhLTExZTYtOGY4OC0zNDM2M2JjN2M0YzAiOnsiY3JlYXRlIjoxMjAwMDAwMDAwMDAwLCJkZWxldGUiOjEyMDAwMDAwMDAwMDAsInJlYWQiOjYwMDAwMDAwMDAwMCwidXBkYXRlIjoxMjAwMDAwMDAwMDAwfX0=",
          "dependencies": [
            "module.project-factory.module.project-factory.google_access_context_manager_service_perimeter_resource.service_perimeter_attachment",
            "module.project-factory.module.project-factory.google_compute_shared_vpc_host_project.shared_vpc_host",
            "module.project-factory.module.project-factory.google_compute_shared_vpc_service_project.shared_vpc_attachment",
            "module.project-factory.module.project-factory.google_project.main",
            "module.project-factory.module.project-factory.google_project_service.enable_access_context_manager",
            "module.project-factory.module.project-factory.google_service_account.default_service_account",
            "module.project-factory.module.project-factory.module.project_services.data.google_compute_default_service_account.default",
            "module.project-factory.module.project-factory.module.project_services.google_project_iam_member.project_service_identity_roles",
            "module.project-factory.module.project-factory.module.project_services.google_project_service.project_services",
            "module.project-factory.module.project-factory.module.project_services.google_project_service_identity.project_service_identities",
            "module.project-factory.module.project-factory.random_id.random_project_id_suffix",
            "module.project-factory.module.project-factory.time_sleep.wait_5_seconds"
          ]
        },
        {
          "index_key": "container.googleapis.com",
          "schema_version": 0,
          "attributes": {
            "disable_dependent_services": true,
            "disable_on_destroy": false,
            "id": "mashed-7d15/container.googleapis.com",
            "project": "mashed-7d15",
            "service": "container.googleapis.com",
            "timeouts": null
          },
          "sensitive_attributes": [],
          "private": "eyJlMmJmYjczMC1lY2FhLTExZTYtOGY4OC0zNDM2M2JjN2M0YzAiOnsiY3JlYXRlIjoxMjAwMDAwMDAwMDAwLCJkZWxldGUiOjEyMDAwMDAwMDAwMDAsInJlYWQiOjYwMDAwMDAwMDAwMCwidXBkYXRlIjoxMjAwMDAwMDAwMDAwfX0=",
          "dependencies": [
            "module.project-factory.module.project-factory.google_access_context_manager_service_perimeter_resource.service_perimeter_attachment",
            "module.project-factory.module.project-factory.google_compute_shared_vpc_host_project.shared_vpc_host",
            "module.project-factory.module.project-factory.google_compute_shared_vpc_service_project.shared_vpc_attachment",
            "module.project-factory.module.project-factory.google_project.main",
            "module.project-factory.module.project-factory.google_project_service.enable_access_context_manager",
            "module.project-factory.module.project-factory.google_service_account.default_service_account",
            "module.project-factory.module.project-factory.module.project_services.data.google_compute_default_service_account.default",
            "module.project-factory.module.project-factory.module.project_services.google_project_iam_member.project_service_identity_roles",
            "module.project-factory.module.project-factory.module.project_services.google_project_service.project_services",
            "module.project-factory.module.project-factory.module.project_services.google_project_service_identity.project_service_identities",
            "module.project-factory.module.project-factory.random_id.random_project_id_suffix",
            "module.project-factory.module.project-factory.time_sleep.wait_5_seconds"
          ]
        },
        {
          "index_key": "containerregistry.googleapis.com",
          "schema_version": 0,
          "attributes": {
            "disable_dependent_services": true,
            "disable_on_destroy": false,
            "id": "mashed-7d15/containerregistry.googleapis.com",
            "project": "mashed-7d15",
            "service": "containerregistry.googleapis.com",
            "timeouts": null
          },
          "sensitive_attributes": [],
          "private": "eyJlMmJmYjczMC1lY2FhLTExZTYtOGY4OC0zNDM2M2JjN2M0YzAiOnsiY3JlYXRlIjoxMjAwMDAwMDAwMDAwLCJkZWxldGUiOjEyMDAwMDAwMDAwMDAsInJlYWQiOjYwMDAwMDAwMDAwMCwidXBkYXRlIjoxMjAwMDAwMDAwMDAwfX0=",
          "dependencies": [
            "module.project-factory.module.project-factory.google_access_context_manager_service_perimeter_resource.service_perimeter_attachment",
            "module.project-factory.module.project-factory.google_compute_shared_vpc_host_project.shared_vpc_host",
            "module.project-factory.module.project-factory.google_compute_shared_vpc_service_project.shared_vpc_attachment",
            "module.project-factory.module.project-factory.google_project.main",
            "module.project-factory.module.project-factory.google_project_service.enable_access_context_manager",
            "module.project-factory.module.project-factory.google_service_account.default_service_account",
            "module.project-factory.module.project-factory.module.project_services.data.google_compute_default_service_account.default",
            "module.project-factory.module.project-factory.module.project_services.google_project_iam_member.project_service_identity_roles",
            "module.project-factory.module.project-factory.module.project_services.google_project_service.project_services",
            "module.project-factory.module.project-factory.module.project_services.google_project_service_identity.project_service_identities",
            "module.project-factory.module.project-factory.random_id.random_project_id_suffix",
            "module.project-factory.module.project-factory.time_sleep.wait_5_seconds"
          ]
        },
        {
          "index_key": "gkehub.googleapis.com",
          "schema_version": 0,
          "attributes": {
            "disable_dependent_services": true,
            "disable_on_destroy": false,
            "id": "mashed-7d15/gkehub.googleapis.com",
            "project": "mashed-7d15",
            "service": "gkehub.googleapis.com",
            "timeouts": null
          },
          "sensitive_attributes": [],
          "private": "eyJlMmJmYjczMC1lY2FhLTExZTYtOGY4OC0zNDM2M2JjN2M0YzAiOnsiY3JlYXRlIjoxMjAwMDAwMDAwMDAwLCJkZWxldGUiOjEyMDAwMDAwMDAwMDAsInJlYWQiOjYwMDAwMDAwMDAwMCwidXBkYXRlIjoxMjAwMDAwMDAwMDAwfX0=",
          "dependencies": [
            "module.project-factory.module.project-factory.google_access_context_manager_service_perimeter_resource.service_perimeter_attachment",
            "module.project-factory.module.project-factory.google_compute_shared_vpc_host_project.shared_vpc_host",
            "module.project-factory.module.project-factory.google_compute_shared_vpc_service_project.shared_vpc_attachment",
            "module.project-factory.module.project-factory.google_project.main",
            "module.project-factory.module.project-factory.google_project_service.enable_access_context_manager",
            "module.project-factory.module.project-factory.google_service_account.default_service_account",
            "module.project-factory.module.project-factory.module.project_services.data.google_compute_default_service_account.default",
            "module.project-factory.module.project-factory.module.project_services.google_project_iam_member.project_service_identity_roles",
            "module.project-factory.module.project-factory.module.project_services.google_project_service.project_services",
            "module.project-factory.module.project-factory.module.project_services.google_project_service_identity.project_service_identities",
            "module.project-factory.module.project-factory.random_id.random_project_id_suffix",
            "module.project-factory.module.project-factory.time_sleep.wait_5_seconds"
          ]
        },
        {
          "index_key": "logging.googleapis.com",
          "schema_version": 0,
          "attributes": {
            "disable_dependent_services": true,
            "disable_on_destroy": false,
            "id": "mashed-7d15/logging.googleapis.com",
            "project": "mashed-7d15",
            "service": "logging.googleapis.com",
            "timeouts": null
          },
          "sensitive_attributes": [],
          "private": "eyJlMmJmYjczMC1lY2FhLTExZTYtOGY4OC0zNDM2M2JjN2M0YzAiOnsiY3JlYXRlIjoxMjAwMDAwMDAwMDAwLCJkZWxldGUiOjEyMDAwMDAwMDAwMDAsInJlYWQiOjYwMDAwMDAwMDAwMCwidXBkYXRlIjoxMjAwMDAwMDAwMDAwfX0=",
          "dependencies": [
            "module.project-factory.module.project-factory.google_access_context_manager_service_perimeter_resource.service_perimeter_attachment",
            "module.project-factory.module.project-factory.google_compute_shared_vpc_host_project.shared_vpc_host",
            "module.project-factory.module.project-factory.google_compute_shared_vpc_service_project.shared_vpc_attachment",
            "module.project-factory.module.project-factory.google_project.main",
            "module.project-factory.module.project-factory.google_project_service.enable_access_context_manager",
            "module.project-factory.module.project-factory.google_service_account.default_service_account",
            "module.project-factory.module.project-factory.module.project_services.data.google_compute_default_service_account.default",
            "module.project-factory.module.project-factory.module.project_services.google_project_iam_member.project_service_identity_roles",
            "module.project-factory.module.project-factory.module.project_services.google_project_service.project_services",
            "module.project-factory.module.project-factory.module.project_services.google_project_service_identity.project_service_identities",
            "module.project-factory.module.project-factory.random_id.random_project_id_suffix",
            "module.project-factory.module.project-factory.time_sleep.wait_5_seconds"
          ]
        },
        {
          "index_key": "meshca.googleapis.com",
          "schema_version": 0,
          "attributes": {
            "disable_dependent_services": true,
            "disable_on_destroy": false,
            "id": "mashed-7d15/meshca.googleapis.com",
            "project": "mashed-7d15",
            "service": "meshca.googleapis.com",
            "timeouts": null
          },
          "sensitive_attributes": [],
          "private": "eyJlMmJmYjczMC1lY2FhLTExZTYtOGY4OC0zNDM2M2JjN2M0YzAiOnsiY3JlYXRlIjoxMjAwMDAwMDAwMDAwLCJkZWxldGUiOjEyMDAwMDAwMDAwMDAsInJlYWQiOjYwMDAwMDAwMDAwMCwidXBkYXRlIjoxMjAwMDAwMDAwMDAwfX0=",
          "dependencies": [
            "module.project-factory.module.project-factory.google_access_context_manager_service_perimeter_resource.service_perimeter_attachment",
            "module.project-factory.module.project-factory.google_compute_shared_vpc_host_project.shared_vpc_host",
            "module.project-factory.module.project-factory.google_compute_shared_vpc_service_project.shared_vpc_attachment",
            "module.project-factory.module.project-factory.google_project.main",
            "module.project-factory.module.project-factory.google_project_service.enable_access_context_manager",
            "module.project-factory.module.project-factory.google_service_account.default_service_account",
            "module.project-factory.module.project-factory.module.project_services.data.google_compute_default_service_account.default",
            "module.project-factory.module.project-factory.module.project_services.google_project_iam_member.project_service_identity_roles",
            "module.project-factory.module.project-factory.module.project_services.google_project_service.project_services",
            "module.project-factory.module.project-factory.module.project_services.google_project_service_identity.project_service_identities",
            "module.project-factory.module.project-factory.random_id.random_project_id_suffix",
            "module.project-factory.module.project-factory.time_sleep.wait_5_seconds"
          ]
        },
        {
          "index_key": "meshconfig.googleapis.com",
          "schema_version": 0,
          "attributes": {
            "disable_dependent_services": true,
            "disable_on_destroy": false,
            "id": "mashed-7d15/meshconfig.googleapis.com",
            "project": "mashed-7d15",
            "service": "meshconfig.googleapis.com",
            "timeouts": null
          },
          "sensitive_attributes": [],
          "private": "eyJlMmJmYjczMC1lY2FhLTExZTYtOGY4OC0zNDM2M2JjN2M0YzAiOnsiY3JlYXRlIjoxMjAwMDAwMDAwMDAwLCJkZWxldGUiOjEyMDAwMDAwMDAwMDAsInJlYWQiOjYwMDAwMDAwMDAwMCwidXBkYXRlIjoxMjAwMDAwMDAwMDAwfX0=",
          "dependencies": [
            "module.project-factory.module.project-factory.google_access_context_manager_service_perimeter_resource.service_perimeter_attachment",
            "module.project-factory.module.project-factory.google_compute_shared_vpc_host_project.shared_vpc_host",
            "module.project-factory.module.project-factory.google_compute_shared_vpc_service_project.shared_vpc_attachment",
            "module.project-factory.module.project-factory.google_project.main",
            "module.project-factory.module.project-factory.google_project_service.enable_access_context_manager",
            "module.project-factory.module.project-factory.google_service_account.default_service_account",
            "module.project-factory.module.project-factory.module.project_services.data.google_compute_default_service_account.default",
            "module.project-factory.module.project-factory.module.project_services.google_project_iam_member.project_service_identity_roles",
            "module.project-factory.module.project-factory.module.project_services.google_project_service.project_services",
            "module.project-factory.module.project-factory.module.project_services.google_project_service_identity.project_service_identities",
            "module.project-factory.module.project-factory.random_id.random_project_id_suffix",
            "module.project-factory.module.project-factory.time_sleep.wait_5_seconds"
          ]
        },
        {
          "index_key": "meshtelemetry.googleapis.com",
          "schema_version": 0,
          "attributes": {
            "disable_dependent_services": true,
            "disable_on_destroy": false,
            "id": "mashed-7d15/meshtelemetry.googleapis.com",
            "project": "mashed-7d15",
            "service": "meshtelemetry.googleapis.com",
            "timeouts": null
          },
          "sensitive_attributes": [],
          "private": "eyJlMmJmYjczMC1lY2FhLTExZTYtOGY4OC0zNDM2M2JjN2M0YzAiOnsiY3JlYXRlIjoxMjAwMDAwMDAwMDAwLCJkZWxldGUiOjEyMDAwMDAwMDAwMDAsInJlYWQiOjYwMDAwMDAwMDAwMCwidXBkYXRlIjoxMjAwMDAwMDAwMDAwfX0=",
          "dependencies": [
            "module.project-factory.module.project-factory.google_access_context_manager_service_perimeter_resource.service_perimeter_attachment",
            "module.project-factory.module.project-factory.google_compute_shared_vpc_host_project.shared_vpc_host",
            "module.project-factory.module.project-factory.google_compute_shared_vpc_service_project.shared_vpc_attachment",
            "module.project-factory.module.project-factory.google_project.main",
            "module.project-factory.module.project-factory.google_project_service.enable_access_context_manager",
            "module.project-factory.module.project-factory.google_service_account.default_service_account",
            "module.project-factory.module.project-factory.module.project_services.data.google_compute_default_service_account.default",
            "module.project-factory.module.project-factory.module.project_services.google_project_iam_member.project_service_identity_roles",
            "module.project-factory.module.project-factory.module.project_services.google_project_service.project_services",
            "module.project-factory.module.project-factory.module.project_services.google_project_service_identity.project_service_identities",
            "module.project-factory.module.project-factory.random_id.random_project_id_suffix",
            "module.project-factory.module.project-factory.time_sleep.wait_5_seconds"
          ]
        },
        {
          "index_key": "servicemanagement.googleapis.com",
          "schema_version": 0,
          "attributes": {
            "disable_dependent_services": true,
            "disable_on_destroy": false,
            "id": "mashed-7d15/servicemanagement.googleapis.com",
            "project": "mashed-7d15",
            "service": "servicemanagement.googleapis.com",
            "timeouts": null
          },
          "sensitive_attributes": [],
          "private": "eyJlMmJmYjczMC1lY2FhLTExZTYtOGY4OC0zNDM2M2JjN2M0YzAiOnsiY3JlYXRlIjoxMjAwMDAwMDAwMDAwLCJkZWxldGUiOjEyMDAwMDAwMDAwMDAsInJlYWQiOjYwMDAwMDAwMDAwMCwidXBkYXRlIjoxMjAwMDAwMDAwMDAwfX0=",
          "dependencies": [
            "module.project-factory.module.project-factory.google_access_context_manager_service_perimeter_resource.service_perimeter_attachment",
            "module.project-factory.module.project-factory.google_compute_shared_vpc_host_project.shared_vpc_host",
            "module.project-factory.module.project-factory.google_compute_shared_vpc_service_project.shared_vpc_attachment",
            "module.project-factory.module.project-factory.google_project.main",
            "module.project-factory.module.project-factory.google_project_service.enable_access_context_manager",
            "module.project-factory.module.project-factory.google_service_account.default_service_account",
            "module.project-factory.module.project-factory.module.project_services.data.google_compute_default_service_account.default",
            "module.project-factory.module.project-factory.module.project_services.google_project_iam_member.project_service_identity_roles",
            "module.project-factory.module.project-factory.module.project_services.google_project_service.project_services",
            "module.project-factory.module.project-factory.module.project_services.google_project_service_identity.project_service_identities",
            "module.project-factory.module.project-factory.random_id.random_project_id_suffix",
            "module.project-factory.module.project-factory.time_sleep.wait_5_seconds"
          ]
        },
        {
          "index_key": "stackdriver.googleapis.com",
          "schema_version": 0,
          "attributes": {
            "disable_dependent_services": true,
            "disable_on_destroy": false,
            "id": "mashed-7d15/stackdriver.googleapis.com",
            "project": "mashed-7d15",
            "service": "stackdriver.googleapis.com",
            "timeouts": null
          },
          "sensitive_attributes": [],
          "private": "eyJlMmJmYjczMC1lY2FhLTExZTYtOGY4OC0zNDM2M2JjN2M0YzAiOnsiY3JlYXRlIjoxMjAwMDAwMDAwMDAwLCJkZWxldGUiOjEyMDAwMDAwMDAwMDAsInJlYWQiOjYwMDAwMDAwMDAwMCwidXBkYXRlIjoxMjAwMDAwMDAwMDAwfX0=",
          "dependencies": [
            "module.project-factory.module.project-factory.google_access_context_manager_service_perimeter_resource.service_perimeter_attachment",
            "module.project-factory.module.project-factory.google_compute_shared_vpc_host_project.shared_vpc_host",
            "module.project-factory.module.project-factory.google_compute_shared_vpc_service_project.shared_vpc_attachment",
            "module.project-factory.module.project-factory.google_project.main",
            "module.project-factory.module.project-factory.google_project_service.enable_access_context_manager",
            "module.project-factory.module.project-factory.google_service_account.default_service_account",
            "module.project-factory.module.project-factory.module.project_services.data.google_compute_default_service_account.default",
            "module.project-factory.module.project-factory.module.project_services.google_project_iam_member.project_service_identity_roles",
            "module.project-factory.module.project-factory.module.project_services.google_project_service.project_services",
            "module.project-factory.module.project-factory.module.project_services.google_project_service_identity.project_service_identities",
            "module.project-factory.module.project-factory.random_id.random_project_id_suffix",
            "module.project-factory.module.project-factory.time_sleep.wait_5_seconds"
          ]
        }
      ]
    },
    {
      "module": "module.gcp-network.module.subnets",
      "mode": "managed",
      "type": "google_compute_subnetwork",
      "name": "subnetwork",
      "provider": "provider[\"registry.terraform.io/hashicorp/google\"]",
      "instances": [
        {
          "index_key": "us-central1/default",
          "schema_version": 0,
          "attributes": {
            "creation_timestamp": "2022-06-23T08:06:24.279-07:00",
            "description": "",
            "external_ipv6_prefix": "",
            "fingerprint": null,
            "gateway_address": "10.0.0.1",
            "id": "projects/mashed-7d15/regions/us-central1/subnetworks/default",
            "ip_cidr_range": "10.0.0.0/17",
            "ipv6_access_type": "",
            "ipv6_cidr_range": "",
            "log_config": [],
            "name": "default",
            "network": "https://www.googleapis.com/compute/v1/projects/mashed-7d15/global/networks/default",
            "private_ip_google_access": false,
            "private_ipv6_google_access": "DISABLE_GOOGLE_ACCESS",
            "project": "mashed-7d15",
            "purpose": "PRIVATE",
            "region": "us-central1",
            "role": "",
            "secondary_ip_range": [
              {
                "ip_cidr_range": "192.168.0.0/18",
                "range_name": "pods"
              },
              {
                "ip_cidr_range": "192.168.64.0/18",
                "range_name": "svcs"
              }
            ],
            "self_link": "https://www.googleapis.com/compute/v1/projects/mashed-7d15/regions/us-central1/subnetworks/default",
            "stack_type": "IPV4_ONLY",
            "timeouts": null
          },
          "sensitive_attributes": [],
          "private": "eyJlMmJmYjczMC1lY2FhLTExZTYtOGY4OC0zNDM2M2JjN2M0YzAiOnsiY3JlYXRlIjoxMjAwMDAwMDAwMDAwLCJkZWxldGUiOjEyMDAwMDAwMDAwMDAsInVwZGF0ZSI6MTIwMDAwMDAwMDAwMH19",
          "dependencies": [
            "module.gcp-network.module.vpc.google_compute_network.network",
            "module.project-factory.module.project-factory.google_access_context_manager_service_perimeter_resource.service_perimeter_attachment",
            "module.project-factory.module.project-factory.google_compute_shared_vpc_host_project.shared_vpc_host",
            "module.project-factory.module.project-factory.google_compute_shared_vpc_service_project.shared_vpc_attachment",
            "module.project-factory.module.project-factory.google_project.main",
            "module.project-factory.module.project-factory.google_project_service.enable_access_context_manager",
            "module.project-factory.module.project-factory.google_service_account.default_service_account",
            "module.project-factory.module.project-factory.module.project_services.data.google_compute_default_service_account.default",
            "module.project-factory.module.project-factory.module.project_services.google_project_iam_member.project_service_identity_roles",
            "module.project-factory.module.project-factory.module.project_services.google_project_service.project_services",
            "module.project-factory.module.project-factory.module.project_services.google_project_service_identity.project_service_identities",
            "module.project-factory.module.project-factory.random_id.random_project_id_suffix",
            "module.project-factory.module.project-factory.time_sleep.wait_5_seconds"
          ]
        }
      ]
    },
    {
      "module": "module.gcp-network.module.vpc",
      "mode": "managed",
      "type": "google_compute_network",
      "name": "network",
      "provider": "provider[\"registry.terraform.io/hashicorp/google\"]",
      "instances": [
        {
          "schema_version": 0,
          "attributes": {
            "auto_create_subnetworks": false,
            "delete_default_routes_on_create": false,
            "description": "",
            "enable_ula_internal_ipv6": false,
            "gateway_ipv4": "",
            "id": "projects/mashed-7d15/global/networks/default",
            "internal_ipv6_range": "",
            "mtu": 0,
            "name": "default",
            "project": "mashed-7d15",
            "routing_mode": "GLOBAL",
            "self_link": "https://www.googleapis.com/compute/v1/projects/mashed-7d15/global/networks/default",
            "timeouts": null
          },
          "sensitive_attributes": [],
          "private": "eyJlMmJmYjczMC1lY2FhLTExZTYtOGY4OC0zNDM2M2JjN2M0YzAiOnsiY3JlYXRlIjoxMjAwMDAwMDAwMDAwLCJkZWxldGUiOjEyMDAwMDAwMDAwMDAsInVwZGF0ZSI6MTIwMDAwMDAwMDAwMH19",
          "dependencies": [
            "module.project-factory.module.project-factory.google_access_context_manager_service_perimeter_resource.service_perimeter_attachment",
            "module.project-factory.module.project-factory.google_compute_shared_vpc_host_project.shared_vpc_host",
            "module.project-factory.module.project-factory.google_compute_shared_vpc_service_project.shared_vpc_attachment",
            "module.project-factory.module.project-factory.google_project.main",
            "module.project-factory.module.project-factory.google_project_service.enable_access_context_manager",
            "module.project-factory.module.project-factory.google_service_account.default_service_account",
            "module.project-factory.module.project-factory.module.project_services.data.google_compute_default_service_account.default",
            "module.project-factory.module.project-factory.module.project_services.google_project_iam_member.project_service_identity_roles",
            "module.project-factory.module.project-factory.module.project_services.google_project_service.project_services",
            "module.project-factory.module.project-factory.module.project_services.google_project_service_identity.project_service_identities",
            "module.project-factory.module.project-factory.random_id.random_project_id_suffix",
            "module.project-factory.module.project-factory.time_sleep.wait_5_seconds"
          ]
        }
      ]
    },
    {
      "module": "module.gke",
      "mode": "data",
      "type": "google_compute_zones",
      "name": "available",
      "provider": "provider[\"registry.terraform.io/hashicorp/google\"]",
      "instances": [
        {
          "schema_version": 0,
          "attributes": {
            "id": "projects/mashed-7d15/regions/us-central1",
            "names": [
              "us-central1-a",
              "us-central1-b",
              "us-central1-c",
              "us-central1-f"
            ],
            "project": "mashed-7d15",
            "region": "us-central1",
            "status": null
          },
          "sensitive_attributes": []
        }
      ]
    },
    {
      "module": "module.gke",
      "mode": "data",
      "type": "google_container_engine_versions",
      "name": "region",
      "provider": "provider[\"registry.terraform.io/hashicorp/google\"]",
      "instances": [
        {
          "schema_version": 0,
          "attributes": {
            "default_cluster_version": "1.22.8-gke.202",
            "id": "2022-06-23 16:20:10.8111 +0000 UTC",
            "latest_master_version": "1.23.6-gke.2200",
            "latest_node_version": "1.23.6-gke.2200",
            "location": "us-central1",
            "project": "mashed-7d15",
            "release_channel_default_version": {
              "RAPID": "1.23.6-gke.1501",
              "REGULAR": "1.22.8-gke.202",
              "STABLE": "1.21.11-gke.1900"
            },
            "valid_master_versions": [
              "1.23.6-gke.2200",
              "1.23.6-gke.1700",
              "1.23.6-gke.1501",
              "1.23.6-gke.1500",
              "1.23.5-gke.2400",
              "1.23.5-gke.1503",
              "1.23.5-gke.1501",
              "1.22.9-gke.2000",
              "1.22.9-gke.1500",
              "1.22.9-gke.1300",
              "1.22.8-gke.2200",
              "1.22.8-gke.202",
              "1.22.8-gke.201",
              "1.22.8-gke.200",
              "1.21.12-gke.2200",
              "1.21.12-gke.1700",
              "1.21.12-gke.1500",
              "1.21.11-gke.1900",
              "1.21.11-gke.1100",
              "1.20.15-gke.8700",
              "1.20.15-gke.8200",
              "1.20.15-gke.8000",
              "1.20.15-gke.6000",
              "1.19.16-gke.14500",
              "1.19.16-gke.14000",
              "1.19.16-gke.13800",
              "1.19.16-gke.11800",
              "1.19.16-gke.11000",
              "1.19.16-gke.9400"
            ],
            "valid_node_versions": [
              "1.23.6-gke.2200",
              "1.23.6-gke.1700",
              "1.23.6-gke.1501",
              "1.23.6-gke.1500",
              "1.23.5-gke.2400",
              "1.23.5-gke.1503",
              "1.23.5-gke.1501",
              "1.22.9-gke.2000",
              "1.22.9-gke.1500",
              "1.22.9-gke.1300",
              "1.22.8-gke.2200",
              "1.22.8-gke.202",
              "1.22.8-gke.201",
              "1.22.8-gke.200",
              "1.22.7-gke.1500",
              "1.22.7-gke.1300",
              "1.22.7-gke.900",
              "1.22.7-gke.300",
              "1.22.6-gke.1000",
              "1.22.6-gke.300",
              "1.22.4-gke.1501",
              "1.22.3-gke.1500",
              "1.21.12-gke.2200",
              "1.21.12-gke.1700",
              "1.21.12-gke.1500",
              "1.21.11-gke.1900",
              "1.21.11-gke.1100",
              "1.21.11-gke.900",
              "1.21.10-gke.2000",
              "1.21.10-gke.1500",
              "1.21.10-gke.1300",
              "1.21.10-gke.400",
              "1.21.9-gke.1002",
              "1.21.9-gke.1001",
              "1.21.9-gke.1000",
              "1.21.9-gke.300",
              "1.21.6-gke.1503",
              "1.21.6-gke.1501",
              "1.21.6-gke.1500",
              "1.21.5-gke.1805",
              "1.21.5-gke.1802",
              "1.21.5-gke.1302",
              "1.21.5-gke.1300",
              "1.21.4-gke.2302",
              "1.21.4-gke.2300",
              "1.21.3-gke.2003",
              "1.21.3-gke.2001",
              "1.20.15-gke.8700",
              "1.20.15-gke.8200",
              "1.20.15-gke.8000",
              "1.20.15-gke.6000",
              "1.20.15-gke.5200",
              "1.20.15-gke.5000",
              "1.20.15-gke.4100",
              "1.20.15-gke.3600",
              "1.20.15-gke.3400",
              "1.20.15-gke.2500",
              "1.20.15-gke.1000",
              "1.20.15-gke.300",
              "1.20.12-gke.1500",
              "1.20.11-gke.1801",
              "1.20.11-gke.1300",
              "1.20.10-gke.2100",
              "1.20.10-gke.1600",
              "1.20.10-gke.301",
              "1.20.9-gke.2100",
              "1.20.9-gke.1001",
              "1.20.9-gke.1000",
              "1.20.9-gke.701",
              "1.20.9-gke.700",
              "1.20.8-gke.2101",
              "1.20.8-gke.2100",
              "1.20.8-gke.900",
              "1.20.8-gke.700",
              "1.20.7-gke.2200",
              "1.20.7-gke.1800",
              "1.20.6-gke.1400",
              "1.20.6-gke.1000",
              "1.19.16-gke.14500",
              "1.19.16-gke.14000",
              "1.19.16-gke.13800",
              "1.19.16-gke.11800",
              "1.19.16-gke.11000",
              "1.19.16-gke.10800",
              "1.19.16-gke.9900",
              "1.19.16-gke.9400",
              "1.19.16-gke.9200",
              "1.19.16-gke.8300",
              "1.19.16-gke.6800",
              "1.19.16-gke.6100",
              "1.19.16-gke.3600",
              "1.19.15-gke.1801",
              "1.19.15-gke.1300",
              "1.19.15-gke.500",
              "1.19.14-gke.2300",
              "1.19.14-gke.1900",
              "1.19.14-gke.301",
              "1.19.14-gke.300",
              "1.19.13-gke.1900",
              "1.19.13-gke.1200",
              "1.19.13-gke.701",
              "1.19.13-gke.700",
              "1.19.12-gke.2101",
              "1.19.12-gke.2100",
              "1.19.12-gke.1100",
              "1.19.12-gke.900",
              "1.19.12-gke.700",
              "1.19.11-gke.2101",
              "1.19.11-gke.2100",
              "1.19.11-gke.1701",
              "1.19.11-gke.1700",
              "1.19.10-gke.1701",
              "1.19.10-gke.1700",
              "1.19.10-gke.1601",
              "1.19.10-gke.1600",
              "1.19.10-gke.1001",
              "1.19.10-gke.1000",
              "1.19.9-gke.1900",
              "1.19.9-gke.1400",
              "1.19.9-gke.700",
              "1.19.9-gke.100",
              "1.19.8-gke.2000",
              "1.19.8-gke.1600",
              "1.19.8-gke.1000",
              "1.19.7-gke.2503",
              "1.19.7-gke.1500",
              "1.19.7-gke.1302",
              "1.19.7-gke.800",
              "1.19.6-gke.1700",
              "1.19.6-gke.1100",
              "1.19.6-gke.600",
              "1.18.20-gke.6101",
              "1.18.20-gke.6000",
              "1.18.20-gke.4501",
              "1.18.20-gke.4500",
              "1.18.20-gke.4100",
              "1.18.20-gke.3300",
              "1.18.20-gke.3001",
              "1.18.20-gke.3000",
              "1.18.20-gke.2300",
              "1.18.20-gke.901",
              "1.18.20-gke.900",
              "1.18.20-gke.501",
              "1.18.19-gke.2101",
              "1.18.19-gke.2100",
              "1.18.19-gke.1701",
              "1.18.19-gke.1700",
              "1.18.18-gke.1701",
              "1.18.18-gke.1700",
              "1.18.18-gke.1101",
              "1.18.18-gke.1100",
              "1.18.17-gke.1901",
              "1.18.17-gke.1900",
              "1.18.17-gke.1201",
              "1.18.17-gke.1200",
              "1.18.17-gke.700",
              "1.18.17-gke.100",
              "1.18.16-gke.2100",
              "1.18.16-gke.1201",
              "1.18.16-gke.1200",
              "1.18.16-gke.502",
              "1.18.16-gke.500",
              "1.18.16-gke.302",
              "1.18.16-gke.300",
              "1.18.15-gke.2500",
              "1.18.15-gke.1502",
              "1.18.15-gke.1501",
              "1.18.15-gke.1500",
              "1.18.15-gke.1102",
              "1.18.15-gke.1100",
              "1.18.15-gke.800",
              "1.18.14-gke.1600",
              "1.18.14-gke.1200",
              "1.18.12-gke.1210",
              "1.18.12-gke.1206",
              "1.18.12-gke.1205",
              "1.18.12-gke.1201",
              "1.18.12-gke.1200",
              "1.18.12-gke.300",
              "1.18.10-gke.2701",
              "1.18.10-gke.2101",
              "1.18.10-gke.1500",
              "1.18.10-gke.601",
              "1.18.9-gke.2501",
              "1.18.9-gke.1501",
              "1.18.9-gke.801",
              "1.18.6-gke.4801",
              "1.18.6-gke.3504",
              "1.18.6-gke.3503",
              "1.17.17-gke.9100",
              "1.17.17-gke.8500",
              "1.17.17-gke.8200",
              "1.17.17-gke.7800",
              "1.17.17-gke.7200",
              "1.17.17-gke.6700",
              "1.17.17-gke.6000",
              "1.17.17-gke.5400",
              "1.17.17-gke.4900",
              "1.17.17-gke.4400",
              "1.17.17-gke.3700",
              "1.17.17-gke.3000",
              "1.17.17-gke.2800",
              "1.17.17-gke.2500",
              "1.17.17-gke.1500",
              "1.17.17-gke.1101",
              "1.17.17-gke.1100",
              "1.17.17-gke.600",
              "1.17.16-gke.1600",
              "1.17.16-gke.1300",
              "1.17.15-gke.800",
              "1.17.15-gke.300",
              "1.17.14-gke.1600",
              "1.17.14-gke.1200",
              "1.17.14-gke.400",
              "1.17.13-gke.2600",
              "1.17.13-gke.2001",
              "1.17.13-gke.1401",
              "1.17.13-gke.1400",
              "1.17.13-gke.600",
              "1.17.12-gke.2502",
              "1.17.12-gke.1504",
              "1.17.12-gke.1501",
              "1.17.12-gke.500",
              "1.17.9-gke.6300",
              "1.17.9-gke.1504",
              "1.16.15-gke.14800",
              "1.16.15-gke.12500",
              "1.16.15-gke.11800",
              "1.16.15-gke.10600",
              "1.16.15-gke.7801",
              "1.16.15-gke.7800",
              "1.16.15-gke.7300",
              "1.16.15-gke.6900",
              "1.16.15-gke.6000",
              "1.16.15-gke.5500",
              "1.16.15-gke.4901",
              "1.16.15-gke.4301",
              "1.16.15-gke.4300",
              "1.16.15-gke.3500",
              "1.16.15-gke.2601",
              "1.16.15-gke.1600",
              "1.16.15-gke.500",
              "1.16.13-gke.404",
              "1.16.13-gke.403",
              "1.16.13-gke.401",
              "1.16.13-gke.400",
              "1.16.13-gke.1",
              "1.16.11-gke.5",
              "1.16.10-gke.8",
              "1.16.9-gke.6",
              "1.16.9-gke.2",
              "1.16.8-gke.15",
              "1.16.8-gke.12",
              "1.16.8-gke.9",
              "1.15.12-gke.6002",
              "1.15.12-gke.6001",
              "1.15.12-gke.5000",
              "1.15.12-gke.4002",
              "1.15.12-gke.4000",
              "1.15.12-gke.20",
              "1.15.12-gke.17",
              "1.15.12-gke.16",
              "1.15.12-gke.13",
              "1.15.12-gke.9",
              "1.15.12-gke.6",
              "1.15.12-gke.3",
              "1.15.12-gke.2",
              "1.15.11-gke.17",
              "1.15.11-gke.15",
              "1.15.11-gke.13",
              "1.15.11-gke.12",
              "1.15.11-gke.11",
              "1.15.11-gke.9",
              "1.15.11-gke.5",
              "1.15.11-gke.3",
              "1.15.11-gke.1",
              "1.15.9-gke.26",
              "1.15.9-gke.24",
              "1.15.9-gke.22",
              "1.15.9-gke.12",
              "1.15.9-gke.9",
              "1.15.9-gke.8",
              "1.15.8-gke.3",
              "1.15.8-gke.2",
              "1.15.7-gke.23",
              "1.15.7-gke.2",
              "1.15.4-gke.22",
              "1.14.10-gke.1504",
              "1.14.10-gke.902",
              "1.14.10-gke.50",
              "1.14.10-gke.46",
              "1.14.10-gke.45",
              "1.14.10-gke.42",
              "1.14.10-gke.41",
              "1.14.10-gke.40",
              "1.14.10-gke.37",
              "1.14.10-gke.36",
              "1.14.10-gke.34",
              "1.14.10-gke.32",
              "1.14.10-gke.31",
              "1.14.10-gke.27",
              "1.14.10-gke.24",
              "1.14.10-gke.22",
              "1.14.10-gke.21",
              "1.14.10-gke.17",
              "1.14.10-gke.0",
              "1.14.9-gke.23",
              "1.14.9-gke.2",
              "1.14.9-gke.0",
              "1.14.8-gke.33",
              "1.14.8-gke.21",
              "1.14.8-gke.18",
              "1.14.8-gke.17",
              "1.14.8-gke.14",
              "1.14.8-gke.12",
              "1.14.8-gke.7",
              "1.14.8-gke.2",
              "1.14.7-gke.40",
              "1.14.7-gke.25",
              "1.14.7-gke.23",
              "1.14.7-gke.17",
              "1.14.7-gke.14",
              "1.14.7-gke.10",
              "1.14.6-gke.13",
              "1.14.6-gke.2",
              "1.14.6-gke.1",
              "1.14.3-gke.11",
              "1.14.3-gke.10",
              "1.14.3-gke.9",
              "1.14.2-gke.9",
              "1.14.1-gke.5",
              "1.13.12-gke.30",
              "1.13.12-gke.25",
              "1.13.12-gke.17",
              "1.13.12-gke.16",
              "1.13.12-gke.14",
              "1.13.12-gke.13",
              "1.13.12-gke.10",
              "1.13.12-gke.8",
              "1.13.12-gke.4",
              "1.13.12-gke.2",
              "1.13.11-gke.23",
              "1.13.11-gke.15",
              "1.13.11-gke.14",
              "1.13.11-gke.12",
              "1.13.11-gke.11",
              "1.13.11-gke.9",
              "1.13.11-gke.5",
              "1.13.10-gke.7",
              "1.13.10-gke.0",
              "1.13.9-gke.11",
              "1.13.9-gke.3",
              "1.13.7-gke.24",
              "1.13.7-gke.19",
              "1.13.7-gke.15",
              "1.13.7-gke.8",
              "1.13.7-gke.0",
              "1.13.6-gke.13",
              "1.13.6-gke.6",
              "1.13.6-gke.5",
              "1.13.6-gke.0",
              "1.13.5-gke.10",
              "1.12.10-gke.22",
              "1.12.10-gke.20",
              "1.12.10-gke.19",
              "1.12.10-gke.18",
              "1.12.10-gke.17",
              "1.12.10-gke.15",
              "1.12.10-gke.13",
              "1.12.10-gke.11",
              "1.12.10-gke.5",
              "1.12.9-gke.16",
              "1.12.9-gke.15",
              "1.12.9-gke.13",
              "1.12.9-gke.10",
              "1.12.9-gke.7",
              "1.12.9-gke.3",
              "1.12.8-gke.12",
              "1.12.8-gke.10",
              "1.12.8-gke.7",
              "1.12.8-gke.6",
              "1.12.7-gke.26",
              "1.12.7-gke.25",
              "1.12.7-gke.24",
              "1.12.7-gke.22",
              "1.12.7-gke.21",
              "1.12.7-gke.17",
              "1.12.7-gke.10",
              "1.12.7-gke.7",
              "1.12.6-gke.11",
              "1.12.6-gke.10",
              "1.12.6-gke.7",
              "1.12.5-gke.10",
              "1.12.5-gke.5",
              "1.11.10-gke.6",
              "1.11.10-gke.5"
            ],
            "version_prefix": null
          },
          "sensitive_attributes": []
        }
      ]
    },
    {
      "module": "module.gke",
      "mode": "data",
      "type": "google_container_engine_versions",
      "name": "zone",
      "provider": "provider[\"registry.terraform.io/hashicorp/google\"]",
      "instances": [
        {
          "schema_version": 0,
          "attributes": {
            "default_cluster_version": "1.22.8-gke.202",
            "id": "2022-06-23 16:20:11.06589 +0000 UTC",
            "latest_master_version": "1.23.6-gke.2200",
            "latest_node_version": "1.23.6-gke.2200",
            "location": "us-central1-a",
            "project": "mashed-7d15",
            "release_channel_default_version": {
              "RAPID": "1.23.6-gke.1501",
              "REGULAR": "1.22.8-gke.202",
              "STABLE": "1.21.11-gke.1900"
            },
            "valid_master_versions": [
              "1.23.6-gke.2200",
              "1.23.6-gke.1700",
              "1.23.6-gke.1501",
              "1.23.6-gke.1500",
              "1.23.5-gke.2400",
              "1.23.5-gke.1503",
              "1.23.5-gke.1501",
              "1.22.9-gke.2000",
              "1.22.9-gke.1500",
              "1.22.9-gke.1300",
              "1.22.8-gke.2200",
              "1.22.8-gke.202",
              "1.22.8-gke.201",
              "1.22.8-gke.200",
              "1.21.12-gke.2200",
              "1.21.12-gke.1700",
              "1.21.12-gke.1500",
              "1.21.11-gke.1900",
              "1.21.11-gke.1100",
              "1.20.15-gke.8700",
              "1.20.15-gke.8200",
              "1.20.15-gke.8000",
              "1.20.15-gke.6000",
              "1.19.16-gke.14500",
              "1.19.16-gke.14000",
              "1.19.16-gke.13800",
              "1.19.16-gke.11800",
              "1.19.16-gke.11000",
              "1.19.16-gke.9400"
            ],
            "valid_node_versions": [
              "1.23.6-gke.2200",
              "1.23.6-gke.1700",
              "1.23.6-gke.1501",
              "1.23.6-gke.1500",
              "1.23.5-gke.2400",
              "1.23.5-gke.1503",
              "1.23.5-gke.1501",
              "1.22.9-gke.2000",
              "1.22.9-gke.1500",
              "1.22.9-gke.1300",
              "1.22.8-gke.2200",
              "1.22.8-gke.202",
              "1.22.8-gke.201",
              "1.22.8-gke.200",
              "1.22.7-gke.1500",
              "1.22.7-gke.1300",
              "1.22.7-gke.900",
              "1.22.7-gke.300",
              "1.22.6-gke.1000",
              "1.22.6-gke.300",
              "1.22.4-gke.1501",
              "1.22.3-gke.1500",
              "1.21.12-gke.2200",
              "1.21.12-gke.1700",
              "1.21.12-gke.1500",
              "1.21.11-gke.1900",
              "1.21.11-gke.1100",
              "1.21.11-gke.900",
              "1.21.10-gke.2000",
              "1.21.10-gke.1500",
              "1.21.10-gke.1300",
              "1.21.10-gke.400",
              "1.21.9-gke.1002",
              "1.21.9-gke.1001",
              "1.21.9-gke.1000",
              "1.21.9-gke.300",
              "1.21.6-gke.1503",
              "1.21.6-gke.1501",
              "1.21.6-gke.1500",
              "1.21.5-gke.1805",
              "1.21.5-gke.1802",
              "1.21.5-gke.1302",
              "1.21.5-gke.1300",
              "1.21.4-gke.2302",
              "1.21.4-gke.2300",
              "1.21.3-gke.2003",
              "1.21.3-gke.2001",
              "1.20.15-gke.8700",
              "1.20.15-gke.8200",
              "1.20.15-gke.8000",
              "1.20.15-gke.6000",
              "1.20.15-gke.5200",
              "1.20.15-gke.5000",
              "1.20.15-gke.4100",
              "1.20.15-gke.3600",
              "1.20.15-gke.3400",
              "1.20.15-gke.2500",
              "1.20.15-gke.1000",
              "1.20.15-gke.300",
              "1.20.12-gke.1500",
              "1.20.11-gke.1801",
              "1.20.11-gke.1300",
              "1.20.10-gke.2100",
              "1.20.10-gke.1600",
              "1.20.10-gke.301",
              "1.20.9-gke.2100",
              "1.20.9-gke.1001",
              "1.20.9-gke.1000",
              "1.20.9-gke.701",
              "1.20.9-gke.700",
              "1.20.8-gke.2101",
              "1.20.8-gke.2100",
              "1.20.8-gke.900",
              "1.20.8-gke.700",
              "1.20.7-gke.2200",
              "1.20.7-gke.1800",
              "1.20.6-gke.1400",
              "1.20.6-gke.1000",
              "1.19.16-gke.14500",
              "1.19.16-gke.14000",
              "1.19.16-gke.13800",
              "1.19.16-gke.11800",
              "1.19.16-gke.11000",
              "1.19.16-gke.10800",
              "1.19.16-gke.9900",
              "1.19.16-gke.9400",
              "1.19.16-gke.9200",
              "1.19.16-gke.8300",
              "1.19.16-gke.6800",
              "1.19.16-gke.6100",
              "1.19.16-gke.3600",
              "1.19.15-gke.1801",
              "1.19.15-gke.1300",
              "1.19.15-gke.500",
              "1.19.14-gke.2300",
              "1.19.14-gke.1900",
              "1.19.14-gke.301",
              "1.19.14-gke.300",
              "1.19.13-gke.1900",
              "1.19.13-gke.1200",
              "1.19.13-gke.701",
              "1.19.13-gke.700",
              "1.19.12-gke.2101",
              "1.19.12-gke.2100",
              "1.19.12-gke.1100",
              "1.19.12-gke.900",
              "1.19.12-gke.700",
              "1.19.11-gke.2101",
              "1.19.11-gke.2100",
              "1.19.11-gke.1701",
              "1.19.11-gke.1700",
              "1.19.10-gke.1701",
              "1.19.10-gke.1700",
              "1.19.10-gke.1601",
              "1.19.10-gke.1600",
              "1.19.10-gke.1001",
              "1.19.10-gke.1000",
              "1.19.9-gke.1900",
              "1.19.9-gke.1400",
              "1.19.9-gke.700",
              "1.19.9-gke.100",
              "1.19.8-gke.2000",
              "1.19.8-gke.1600",
              "1.19.8-gke.1000",
              "1.19.7-gke.2503",
              "1.19.7-gke.1500",
              "1.19.7-gke.1302",
              "1.19.7-gke.800",
              "1.19.6-gke.1700",
              "1.19.6-gke.1100",
              "1.19.6-gke.600",
              "1.18.20-gke.6101",
              "1.18.20-gke.6000",
              "1.18.20-gke.4501",
              "1.18.20-gke.4500",
              "1.18.20-gke.4100",
              "1.18.20-gke.3300",
              "1.18.20-gke.3001",
              "1.18.20-gke.3000",
              "1.18.20-gke.2300",
              "1.18.20-gke.901",
              "1.18.20-gke.900",
              "1.18.20-gke.501",
              "1.18.19-gke.2101",
              "1.18.19-gke.2100",
              "1.18.19-gke.1701",
              "1.18.19-gke.1700",
              "1.18.18-gke.1701",
              "1.18.18-gke.1700",
              "1.18.18-gke.1101",
              "1.18.18-gke.1100",
              "1.18.17-gke.1901",
              "1.18.17-gke.1900",
              "1.18.17-gke.1201",
              "1.18.17-gke.1200",
              "1.18.17-gke.700",
              "1.18.17-gke.100",
              "1.18.16-gke.2100",
              "1.18.16-gke.1201",
              "1.18.16-gke.1200",
              "1.18.16-gke.502",
              "1.18.16-gke.500",
              "1.18.16-gke.302",
              "1.18.16-gke.300",
              "1.18.15-gke.2500",
              "1.18.15-gke.1502",
              "1.18.15-gke.1501",
              "1.18.15-gke.1500",
              "1.18.15-gke.1102",
              "1.18.15-gke.1100",
              "1.18.15-gke.800",
              "1.18.14-gke.1600",
              "1.18.14-gke.1200",
              "1.18.12-gke.1210",
              "1.18.12-gke.1206",
              "1.18.12-gke.1205",
              "1.18.12-gke.1201",
              "1.18.12-gke.1200",
              "1.18.12-gke.300",
              "1.18.10-gke.2701",
              "1.18.10-gke.2101",
              "1.18.10-gke.1500",
              "1.18.10-gke.601",
              "1.18.9-gke.2501",
              "1.18.9-gke.1501",
              "1.18.9-gke.801",
              "1.18.6-gke.4801",
              "1.18.6-gke.3504",
              "1.18.6-gke.3503",
              "1.17.17-gke.9100",
              "1.17.17-gke.8500",
              "1.17.17-gke.8200",
              "1.17.17-gke.7800",
              "1.17.17-gke.7200",
              "1.17.17-gke.6700",
              "1.17.17-gke.6000",
              "1.17.17-gke.5400",
              "1.17.17-gke.4900",
              "1.17.17-gke.4400",
              "1.17.17-gke.3700",
              "1.17.17-gke.3000",
              "1.17.17-gke.2800",
              "1.17.17-gke.2500",
              "1.17.17-gke.1500",
              "1.17.17-gke.1101",
              "1.17.17-gke.1100",
              "1.17.17-gke.600",
              "1.17.16-gke.1600",
              "1.17.16-gke.1300",
              "1.17.15-gke.800",
              "1.17.15-gke.300",
              "1.17.14-gke.1600",
              "1.17.14-gke.1200",
              "1.17.14-gke.400",
              "1.17.13-gke.2600",
              "1.17.13-gke.2001",
              "1.17.13-gke.1401",
              "1.17.13-gke.1400",
              "1.17.13-gke.600",
              "1.17.12-gke.2502",
              "1.17.12-gke.1504",
              "1.17.12-gke.1501",
              "1.17.12-gke.500",
              "1.17.9-gke.6300",
              "1.17.9-gke.1504",
              "1.16.15-gke.14800",
              "1.16.15-gke.12500",
              "1.16.15-gke.11800",
              "1.16.15-gke.10600",
              "1.16.15-gke.7801",
              "1.16.15-gke.7800",
              "1.16.15-gke.7300",
              "1.16.15-gke.6900",
              "1.16.15-gke.6000",
              "1.16.15-gke.5500",
              "1.16.15-gke.4901",
              "1.16.15-gke.4301",
              "1.16.15-gke.4300",
              "1.16.15-gke.3500",
              "1.16.15-gke.2601",
              "1.16.15-gke.1600",
              "1.16.15-gke.500",
              "1.16.13-gke.404",
              "1.16.13-gke.403",
              "1.16.13-gke.401",
              "1.16.13-gke.400",
              "1.16.13-gke.1",
              "1.16.11-gke.5",
              "1.16.10-gke.8",
              "1.16.9-gke.6",
              "1.16.9-gke.2",
              "1.16.8-gke.15",
              "1.16.8-gke.12",
              "1.16.8-gke.9",
              "1.15.12-gke.6002",
              "1.15.12-gke.6001",
              "1.15.12-gke.5000",
              "1.15.12-gke.4002",
              "1.15.12-gke.4000",
              "1.15.12-gke.20",
              "1.15.12-gke.17",
              "1.15.12-gke.16",
              "1.15.12-gke.13",
              "1.15.12-gke.9",
              "1.15.12-gke.6",
              "1.15.12-gke.3",
              "1.15.12-gke.2",
              "1.15.11-gke.17",
              "1.15.11-gke.15",
              "1.15.11-gke.13",
              "1.15.11-gke.12",
              "1.15.11-gke.11",
              "1.15.11-gke.9",
              "1.15.11-gke.5",
              "1.15.11-gke.3",
              "1.15.11-gke.1",
              "1.15.9-gke.26",
              "1.15.9-gke.24",
              "1.15.9-gke.22",
              "1.15.9-gke.12",
              "1.15.9-gke.9",
              "1.15.9-gke.8",
              "1.15.8-gke.3",
              "1.15.8-gke.2",
              "1.15.7-gke.23",
              "1.15.7-gke.2",
              "1.15.4-gke.22",
              "1.14.10-gke.1504",
              "1.14.10-gke.902",
              "1.14.10-gke.50",
              "1.14.10-gke.46",
              "1.14.10-gke.45",
              "1.14.10-gke.42",
              "1.14.10-gke.41",
              "1.14.10-gke.40",
              "1.14.10-gke.37",
              "1.14.10-gke.36",
              "1.14.10-gke.34",
              "1.14.10-gke.32",
              "1.14.10-gke.31",
              "1.14.10-gke.27",
              "1.14.10-gke.24",
              "1.14.10-gke.22",
              "1.14.10-gke.21",
              "1.14.10-gke.17",
              "1.14.10-gke.0",
              "1.14.9-gke.23",
              "1.14.9-gke.2",
              "1.14.9-gke.0",
              "1.14.8-gke.33",
              "1.14.8-gke.21",
              "1.14.8-gke.18",
              "1.14.8-gke.17",
              "1.14.8-gke.14",
              "1.14.8-gke.12",
              "1.14.8-gke.7",
              "1.14.8-gke.2",
              "1.14.7-gke.40",
              "1.14.7-gke.25",
              "1.14.7-gke.23",
              "1.14.7-gke.17",
              "1.14.7-gke.14",
              "1.14.7-gke.10",
              "1.14.6-gke.13",
              "1.14.6-gke.2",
              "1.14.6-gke.1",
              "1.14.3-gke.11",
              "1.14.3-gke.10",
              "1.14.3-gke.9",
              "1.14.2-gke.9",
              "1.14.1-gke.5",
              "1.13.12-gke.30",
              "1.13.12-gke.25",
              "1.13.12-gke.17",
              "1.13.12-gke.16",
              "1.13.12-gke.14",
              "1.13.12-gke.13",
              "1.13.12-gke.10",
              "1.13.12-gke.8",
              "1.13.12-gke.4",
              "1.13.12-gke.2",
              "1.13.11-gke.23",
              "1.13.11-gke.15",
              "1.13.11-gke.14",
              "1.13.11-gke.12",
              "1.13.11-gke.11",
              "1.13.11-gke.9",
              "1.13.11-gke.5",
              "1.13.10-gke.7",
              "1.13.10-gke.0",
              "1.13.9-gke.11",
              "1.13.9-gke.3",
              "1.13.7-gke.24",
              "1.13.7-gke.19",
              "1.13.7-gke.15",
              "1.13.7-gke.8",
              "1.13.7-gke.0",
              "1.13.6-gke.13",
              "1.13.6-gke.6",
              "1.13.6-gke.5",
              "1.13.6-gke.0",
              "1.13.5-gke.10",
              "1.12.10-gke.22",
              "1.12.10-gke.20",
              "1.12.10-gke.19",
              "1.12.10-gke.18",
              "1.12.10-gke.17",
              "1.12.10-gke.15",
              "1.12.10-gke.13",
              "1.12.10-gke.11",
              "1.12.10-gke.5",
              "1.12.9-gke.16",
              "1.12.9-gke.15",
              "1.12.9-gke.13",
              "1.12.9-gke.10",
              "1.12.9-gke.7",
              "1.12.9-gke.3",
              "1.12.8-gke.12",
              "1.12.8-gke.10",
              "1.12.8-gke.7",
              "1.12.8-gke.6",
              "1.12.7-gke.26",
              "1.12.7-gke.25",
              "1.12.7-gke.24",
              "1.12.7-gke.22",
              "1.12.7-gke.21",
              "1.12.7-gke.17",
              "1.12.7-gke.10",
              "1.12.7-gke.7",
              "1.12.6-gke.11",
              "1.12.6-gke.10",
              "1.12.6-gke.7",
              "1.12.5-gke.10",
              "1.12.5-gke.5",
              "1.11.10-gke.6",
              "1.11.10-gke.5"
            ],
            "version_prefix": null
          },
          "sensitive_attributes": []
        }
      ]
    },
    {
      "module": "module.gke",
      "mode": "managed",
      "type": "google_container_cluster",
      "name": "primary",
      "provider": "provider[\"registry.terraform.io/hashicorp/google\"]",
      "instances": [
        {
          "schema_version": 1,
          "attributes": {
            "addons_config": [
              {
                "cloudrun_config": [],
                "gcp_filestore_csi_driver_config": [
                  {
                    "enabled": false
                  }
                ],
                "horizontal_pod_autoscaling": [
                  {
                    "disabled": false
                  }
                ],
                "http_load_balancing": [
                  {
                    "disabled": false
                  }
                ],
                "network_policy_config": [
                  {
                    "disabled": true
                  }
                ]
              }
            ],
            "authenticator_groups_config": [],
            "cluster_autoscaling": [
              {
                "auto_provisioning_defaults": [],
                "enabled": false,
                "resource_limits": []
              }
            ],
            "cluster_ipv4_cidr": "192.168.0.0/18",
            "confidential_nodes": [],
            "database_encryption": [
              {
                "key_name": "",
                "state": "DECRYPTED"
              }
            ],
            "datapath_provider": "",
            "default_max_pods_per_node": 110,
            "default_snat_status": [
              {
                "disabled": false
              }
            ],
            "description": "",
            "dns_config": [],
            "enable_autopilot": false,
            "enable_binary_authorization": false,
            "enable_intranode_visibility": false,
            "enable_kubernetes_alpha": false,
            "enable_legacy_abac": false,
            "enable_shielded_nodes": true,
            "enable_tpu": false,
            "endpoint": "34.72.185.92",
            "id": "projects/mashed-7d15/locations/us-central1/clusters/cluster-ap84p",
            "initial_node_count": 0,
            "ip_allocation_policy": [
              {
                "cluster_ipv4_cidr_block": "192.168.0.0/18",
                "cluster_secondary_range_name": "pods",
                "services_ipv4_cidr_block": "192.168.64.0/18",
                "services_secondary_range_name": "svcs"
              }
            ],
            "label_fingerprint": "354ae9c9",
            "location": "us-central1",
            "logging_config": [
              {
                "enable_components": [
                  "SYSTEM_COMPONENTS",
                  "WORKLOADS"
                ]
              }
            ],
            "logging_service": "logging.googleapis.com/kubernetes",
            "maintenance_policy": [
              {
                "daily_maintenance_window": [
                  {
                    "duration": "PT4H0M0S",
                    "start_time": "05:00"
                  }
                ],
                "maintenance_exclusion": [],
                "recurring_window": []
              }
            ],
            "master_auth": [
              {
                "client_certificate": "",
                "client_certificate_config": [
                  {
                    "issue_client_certificate": false
                  }
                ],
                "client_key": "",
                "cluster_ca_certificate": "LS0tLS1CRUdJTiBDRVJUSUZJQ0FURS0tLS0tCk1JSUVMVENDQXBXZ0F3SUJBZ0lSQUtURk1Zamt2RW0veDVmaTV2K3dGVGd3RFFZSktvWklodmNOQVFFTEJRQXcKTHpFdE1Dc0dBMVVFQXhNa1pUVXpZakV5WVRNdE9HUmhOaTAwTW1SbExXRXlNelV0T0dGbU9EWTNNR0l5TnpGawpNQ0FYRFRJeU1EWXlNekUwTURZek5Wb1lEekl3TlRJd05qRTFNVFV3TmpNMVdqQXZNUzB3S3dZRFZRUURFeVJsCk5UTmlNVEpoTXkwNFpHRTJMVFF5WkdVdFlUSXpOUzA0WVdZNE5qY3dZakkzTVdRd2dnR2lNQTBHQ1NxR1NJYjMKRFFFQkFRVUFBNElCandBd2dnR0tBb0lCZ1FDM0RkZ3FlUEZSWmJodXJUVmtwRUYwMzdvQzQrQVh5L3hucTQvSQplMStqM09TMllrVHdlSTBEMmRxVFd3V0hlYm1SQVlpOWszYzVMVjNLaHdQcThzZU52S3FMNXpqVXEzMDNtajlhCmQwbjloWVBsQytseWc1YU1uS1pGRXhsazlwcHhaU3o0Z2diQ0pHVS9iZjFMU3ZnTnp0M2d5Q2d1a0hHeE52NTQKKzkwM3g0RllHZVg1NlM5dDhjSjlMTkw2RCttWGJ2eU5OK3FZclppejVpd2p0dUlBTlNPTEMyM01TODNPeml6aApHSys2ZU1GbkZQTTR2dHNuTzM1ZVFTd1N5aHNWMGJ0eWpYSFRSWHd2REY4VUlBVTFMcW4zK1JiRjhXaUJqdXgxCm9XcU9TQ29zZkxuTzgwbnFlbmxMTGpnZ1NINkMwcVN0akdTOVU0OTdNWFBOU01Nd3JlVjU3UjhFZGxOa0ZZTFIKdFM1OVFWd1h5eCtneklYUUttSDN4V0xWUWhkZEowbUtqTzdINzc1WGZMMkhFZWZhM280Vmx2NHo0Q05ZMEhZTgpPOEswM05NRDl0d0VuS1U5Tis1cE1ub1VDYWluK3hJaEd6TXZyZU1JYlVmcTVjY2VxVThNek1qTnBxV1RJU2ZCCjVDbVZYZklBWkxVUjhuM3FvMUdtT21TV2F1a0NBd0VBQWFOQ01FQXdEZ1lEVlIwUEFRSC9CQVFEQWdJRU1BOEcKQTFVZEV3RUIvd1FGTUFNQkFmOHdIUVlEVlIwT0JCWUVGSjVqYkdFUFRiOXAvekx3dkphTzFma1B3ZGhTTUEwRwpDU3FHU0liM0RRRUJDd1VBQTRJQmdRQ0NJSUZwL3QxMCtES1JYRWZLQnlkalFpREFGbjJkeVJVWkVkakxic0xCCnpKZ0tmeGF1UlVZUjJFV1RvUGJkd0ZaSXViRTI0d1VZVDZuK3dVanFnUGF3ZW5OTFVrOWdvQk9VUDhyNlJDNlYKYS9ZR0pQdUdhUFVrNzZnc21GZzJHeUk2cGNGMll1TG1RbW00VFowb3hoZVBoSHVwSlpNd3RmOCtyenRWSHl3cgoyV3NVK3AyZFFIY2NjWVlLbnlKK1NNTzZ5OXA4bzcxRVN4S29zREluRU5DL0d2dG5qS1NlNDZTMzUrODFFeGpwCjBXVXkwUXZKTTdxV3laWldNTzVUVldPMXNKZWpXZmlxWkgyakRoYXVldTlZNVhUbjVrZHEwT21CMDB4Q0NubXgKVEVrMzVJTTRsT3RqTHIyQytiZTB0d3pyYlp1WnpyeTgxOHdtaG9BQTlWM3JFbFN0UncvMUlZWUVxbjN2dXJuQwppUmgweHZHcStwRm5UZUFEWnZFamNZanFFWENabVFjb0JVbHlwa2pXZmhvTDFoN0N2dkFnckhKQk9sVW5CS1lyClhpa3AvaVp3bWxHUXNwbHpCNDBoMXdIQVp5ak9Oc0tMbVFUTlhLd01uR0xiTldkYzJuZkc5RUhvS2hCNGF0Mi8KMTA5QmxtZDJDam9lakcwblA3NER4Qmc9Ci0tLS0tRU5EIENFUlRJRklDQVRFLS0tLS0K"
              }
            ],
            "master_authorized_networks_config": [],
            "master_version": "1.21.11-gke.1900",
            "min_master_version": null,
            "monitoring_config": [
              {
                "enable_components": [
                  "SYSTEM_COMPONENTS"
                ]
              }
            ],
            "monitoring_service": "monitoring.googleapis.com/kubernetes",
            "name": "cluster-ap84p",
            "network": "projects/mashed-7d15/global/networks/default",
            "network_policy": [
              {
                "enabled": false,
                "provider": "PROVIDER_UNSPECIFIED"
              }
            ],
            "networking_mode": "VPC_NATIVE",
            "node_config": [
              {
                "boot_disk_kms_key": "",
                "disk_size_gb": 100,
                "disk_type": "pd-standard",
                "gcfs_config": [],
                "guest_accelerator": [],
                "gvnic": [],
                "image_type": "COS_CONTAINERD",
                "labels": {
                  "cluster_name": "cluster-ap84p",
                  "node_pool": "fixed"
                },
                "local_ssd_count": 0,
                "machine_type": "e2-standard-8",
                "metadata": {
                  "cluster_name": "cluster-ap84p",
                  "disable-legacy-endpoints": "true",
                  "node_pool": "fixed"
                },
                "min_cpu_platform": "",
                "node_group": "",
                "oauth_scopes": [
                  "https://www.googleapis.com/auth/cloud-platform"
                ],
                "preemptible": true,
                "service_account": "tf-gke-cluster-ap84p-m2ti@mashed-7d15.iam.gserviceaccount.com",
                "shielded_instance_config": [
                  {
                    "enable_integrity_monitoring": true,
                    "enable_secure_boot": true
                  }
                ],
                "spot": false,
                "tags": [
                  "gke-cluster-ap84p",
                  "gke-cluster-ap84p-fixed"
                ],
                "taint": [],
                "workload_metadata_config": [
                  {
                    "mode": "GKE_METADATA"
                  }
                ]
              }
            ],
            "node_locations": [
              "us-central1-a",
              "us-central1-b",
              "us-central1-c"
            ],
            "node_pool": [
              {
                "autoscaling": [],
                "initial_node_count": 1,
                "instance_group_urls": [
                  "https://www.googleapis.com/compute/v1/projects/mashed-7d15/zones/us-central1-a/instanceGroupManagers/gke-cluster-ap84p-fixed-d658811c-grp",
                  "https://www.googleapis.com/compute/v1/projects/mashed-7d15/zones/us-central1-b/instanceGroupManagers/gke-cluster-ap84p-fixed-d5609bc1-grp",
                  "https://www.googleapis.com/compute/v1/projects/mashed-7d15/zones/us-central1-c/instanceGroupManagers/gke-cluster-ap84p-fixed-34d3dd0c-grp"
                ],
                "managed_instance_group_urls": [
                  "https://www.googleapis.com/compute/v1/projects/mashed-7d15/zones/us-central1-a/instanceGroups/gke-cluster-ap84p-fixed-d658811c-grp",
                  "https://www.googleapis.com/compute/v1/projects/mashed-7d15/zones/us-central1-b/instanceGroups/gke-cluster-ap84p-fixed-d5609bc1-grp",
                  "https://www.googleapis.com/compute/v1/projects/mashed-7d15/zones/us-central1-c/instanceGroups/gke-cluster-ap84p-fixed-34d3dd0c-grp"
                ],
                "management": [
                  {
                    "auto_repair": true,
                    "auto_upgrade": true
                  }
                ],
                "max_pods_per_node": 110,
                "name": "fixed",
                "name_prefix": "",
                "node_config": [
                  {
                    "boot_disk_kms_key": "",
                    "disk_size_gb": 100,
                    "disk_type": "pd-standard",
                    "gcfs_config": [],
                    "guest_accelerator": [],
                    "gvnic": [],
                    "image_type": "COS_CONTAINERD",
                    "labels": {
                      "cluster_name": "cluster-ap84p",
                      "node_pool": "fixed"
                    },
                    "local_ssd_count": 0,
                    "machine_type": "e2-standard-8",
                    "metadata": {
                      "cluster_name": "cluster-ap84p",
                      "disable-legacy-endpoints": "true",
                      "node_pool": "fixed"
                    },
                    "min_cpu_platform": "",
                    "node_group": "",
                    "oauth_scopes": [
                      "https://www.googleapis.com/auth/cloud-platform"
                    ],
                    "preemptible": true,
                    "service_account": "tf-gke-cluster-ap84p-m2ti@mashed-7d15.iam.gserviceaccount.com",
                    "shielded_instance_config": [
                      {
                        "enable_integrity_monitoring": true,
                        "enable_secure_boot": true
                      }
                    ],
                    "spot": false,
                    "tags": [
                      "gke-cluster-ap84p",
                      "gke-cluster-ap84p-fixed"
                    ],
                    "taint": [],
                    "workload_metadata_config": [
                      {
                        "mode": "GKE_METADATA"
                      }
                    ]
                  }
                ],
                "node_count": 1,
                "node_locations": [
                  "us-central1-a",
                  "us-central1-b",
                  "us-central1-c"
                ],
                "upgrade_settings": [
                  {
                    "max_surge": 1,
                    "max_unavailable": 0
                  }
                ],
                "version": "1.21.11-gke.1900"
              },
              {
                "autoscaling": [
                  {
                    "max_node_count": 3,
                    "min_node_count": 0
                  }
                ],
                "initial_node_count": 0,
                "instance_group_urls": [
                  "https://www.googleapis.com/compute/v1/projects/mashed-7d15/zones/us-central1-a/instanceGroupManagers/gke-cluster-ap84p-default-node-pool-36f8cefe-grp",
                  "https://www.googleapis.com/compute/v1/projects/mashed-7d15/zones/us-central1-b/instanceGroupManagers/gke-cluster-ap84p-default-node-pool-70f25a96-grp",
                  "https://www.googleapis.com/compute/v1/projects/mashed-7d15/zones/us-central1-c/instanceGroupManagers/gke-cluster-ap84p-default-node-pool-b97bdd2e-grp"
                ],
                "managed_instance_group_urls": [
                  "https://www.googleapis.com/compute/v1/projects/mashed-7d15/zones/us-central1-a/instanceGroups/gke-cluster-ap84p-default-node-pool-36f8cefe-grp",
                  "https://www.googleapis.com/compute/v1/projects/mashed-7d15/zones/us-central1-b/instanceGroups/gke-cluster-ap84p-default-node-pool-70f25a96-grp",
                  "https://www.googleapis.com/compute/v1/projects/mashed-7d15/zones/us-central1-c/instanceGroups/gke-cluster-ap84p-default-node-pool-b97bdd2e-grp"
                ],
                "management": [
                  {
                    "auto_repair": true,
                    "auto_upgrade": true
                  }
                ],
                "max_pods_per_node": 110,
                "name": "default-node-pool",
                "name_prefix": "",
                "node_config": [
                  {
                    "boot_disk_kms_key": "",
                    "disk_size_gb": 100,
                    "disk_type": "pd-standard",
                    "gcfs_config": [],
                    "guest_accelerator": [],
                    "gvnic": [],
                    "image_type": "COS_CONTAINERD",
                    "labels": {
                      "cluster_name": "cluster-ap84p",
                      "node_pool": "default-node-pool"
                    },
                    "local_ssd_count": 0,
                    "machine_type": "e2-standard-8",
                    "metadata": {
                      "cluster_name": "cluster-ap84p",
                      "disable-legacy-endpoints": "true",
                      "node_pool": "default-node-pool"
                    },
                    "min_cpu_platform": "",
                    "node_group": "",
                    "oauth_scopes": [
                      "https://www.googleapis.com/auth/cloud-platform"
                    ],
                    "preemptible": true,
                    "service_account": "tf-gke-cluster-ap84p-m2ti@mashed-7d15.iam.gserviceaccount.com",
                    "shielded_instance_config": [
                      {
                        "enable_integrity_monitoring": true,
                        "enable_secure_boot": true
                      }
                    ],
                    "spot": false,
                    "tags": [
                      "gke-cluster-ap84p",
                      "gke-cluster-ap84p-default-node-pool"
                    ],
                    "taint": [],
                    "workload_metadata_config": [
                      {
                        "mode": "GKE_METADATA"
                      }
                    ]
                  }
                ],
                "node_count": 0,
                "node_locations": [
                  "us-central1-a",
                  "us-central1-b",
                  "us-central1-c"
                ],
                "upgrade_settings": [
                  {
                    "max_surge": 1,
                    "max_unavailable": 0
                  }
                ],
                "version": "1.21.11-gke.1900"
              }
            ],
            "node_version": "1.21.11-gke.1900",
            "operation": null,
            "private_cluster_config": [],
            "private_ipv6_google_access": "",
            "project": "mashed-7d15",
            "release_channel": [
              {
                "channel": "STABLE"
              }
            ],
            "remove_default_node_pool": true,
            "resource_labels": {
              "mesh_id": "proj-422182217637"
            },
            "resource_usage_export_config": [],
            "self_link": "https://container.googleapis.com/v1/projects/mashed-7d15/locations/us-central1/clusters/cluster-ap84p",
            "services_ipv4_cidr": "192.168.64.0/18",
            "subnetwork": "projects/mashed-7d15/regions/us-central1/subnetworks/default",
            "timeouts": {
              "create": "45m",
              "delete": "45m",
              "read": null,
              "update": "45m"
            },
            "tpu_ipv4_cidr_block": "",
            "vertical_pod_autoscaling": [
              {
                "enabled": false
              }
            ],
            "workload_identity_config": [
              {
                "workload_pool": "mashed-7d15.svc.id.goog"
              }
            ]
          },
          "sensitive_attributes": [],
          "private": "eyJlMmJmYjczMC1lY2FhLTExZTYtOGY4OC0zNDM2M2JjN2M0YzAiOnsiY3JlYXRlIjoyNzAwMDAwMDAwMDAwLCJkZWxldGUiOjI3MDAwMDAwMDAwMDAsInJlYWQiOjI0MDAwMDAwMDAwMDAsInVwZGF0ZSI6MjcwMDAwMDAwMDAwMH0sInNjaGVtYV92ZXJzaW9uIjoiMSJ9",
          "dependencies": [
            "module.enabled_google_apis.data.google_compute_default_service_account.default",
            "module.enabled_google_apis.google_project_iam_member.project_service_identity_roles",
            "module.enabled_google_apis.google_project_service.project_services",
            "module.enabled_google_apis.google_project_service_identity.project_service_identities",
            "module.gke.data.google_compute_zones.available",
            "module.gke.data.google_container_engine_versions.region",
            "module.gke.data.google_container_engine_versions.zone",
            "module.gke.google_service_account.cluster_service_account",
            "module.gke.random_shuffle.available_zones",
            "module.gke.random_string.cluster_service_account_suffix",
            "module.project-factory.module.project-factory.google_access_context_manager_service_perimeter_resource.service_perimeter_attachment",
            "module.project-factory.module.project-factory.google_compute_shared_vpc_host_project.shared_vpc_host",
            "module.project-factory.module.project-factory.google_compute_shared_vpc_service_project.shared_vpc_attachment",
            "module.project-factory.module.project-factory.google_project.main",
            "module.project-factory.module.project-factory.google_project_service.enable_access_context_manager",
            "module.project-factory.module.project-factory.google_service_account.default_service_account",
            "module.project-factory.module.project-factory.module.project_services.data.google_compute_default_service_account.default",
            "module.project-factory.module.project-factory.module.project_services.google_project_iam_member.project_service_identity_roles",
            "module.project-factory.module.project-factory.module.project_services.google_project_service.project_services",
            "module.project-factory.module.project-factory.module.project_services.google_project_service_identity.project_service_identities",
            "module.project-factory.module.project-factory.random_id.random_project_id_suffix",
            "module.project-factory.module.project-factory.time_sleep.wait_5_seconds",
            "random_string.suffix"
          ]
        }
      ]
    },
    {
      "module": "module.gke",
      "mode": "managed",
      "type": "google_container_node_pool",
      "name": "pools",
      "provider": "provider[\"registry.terraform.io/hashicorp/google\"]",
      "instances": [
        {
          "index_key": "default-node-pool",
          "schema_version": 1,
          "attributes": {
            "autoscaling": [
              {
                "max_node_count": 3,
                "min_node_count": 0
              }
            ],
            "cluster": "cluster-ap84p",
            "id": "projects/mashed-7d15/locations/us-central1/clusters/cluster-ap84p/nodePools/default-node-pool",
            "initial_node_count": 0,
            "instance_group_urls": [
              "https://www.googleapis.com/compute/v1/projects/mashed-7d15/zones/us-central1-a/instanceGroupManagers/gke-cluster-ap84p-default-node-pool-36f8cefe-grp",
              "https://www.googleapis.com/compute/v1/projects/mashed-7d15/zones/us-central1-b/instanceGroupManagers/gke-cluster-ap84p-default-node-pool-70f25a96-grp",
              "https://www.googleapis.com/compute/v1/projects/mashed-7d15/zones/us-central1-c/instanceGroupManagers/gke-cluster-ap84p-default-node-pool-b97bdd2e-grp"
            ],
            "location": "us-central1",
            "managed_instance_group_urls": [
              "https://www.googleapis.com/compute/v1/projects/mashed-7d15/zones/us-central1-a/instanceGroups/gke-cluster-ap84p-default-node-pool-36f8cefe-grp",
              "https://www.googleapis.com/compute/v1/projects/mashed-7d15/zones/us-central1-b/instanceGroups/gke-cluster-ap84p-default-node-pool-70f25a96-grp",
              "https://www.googleapis.com/compute/v1/projects/mashed-7d15/zones/us-central1-c/instanceGroups/gke-cluster-ap84p-default-node-pool-b97bdd2e-grp"
            ],
            "management": [
              {
                "auto_repair": true,
                "auto_upgrade": true
              }
            ],
            "max_pods_per_node": 110,
            "name": "default-node-pool",
            "name_prefix": "",
            "node_config": [
              {
                "boot_disk_kms_key": "",
                "disk_size_gb": 100,
                "disk_type": "pd-standard",
                "gcfs_config": [],
                "guest_accelerator": [],
                "gvnic": [],
                "image_type": "COS_CONTAINERD",
                "labels": {
                  "cluster_name": "cluster-ap84p",
                  "node_pool": "default-node-pool"
                },
                "local_ssd_count": 0,
                "machine_type": "e2-standard-8",
                "metadata": {
                  "cluster_name": "cluster-ap84p",
                  "disable-legacy-endpoints": "true",
                  "node_pool": "default-node-pool"
                },
                "min_cpu_platform": "",
                "node_group": "",
                "oauth_scopes": [
                  "https://www.googleapis.com/auth/cloud-platform"
                ],
                "preemptible": true,
                "service_account": "tf-gke-cluster-ap84p-m2ti@mashed-7d15.iam.gserviceaccount.com",
                "shielded_instance_config": [
                  {
                    "enable_integrity_monitoring": true,
                    "enable_secure_boot": true
                  }
                ],
                "spot": false,
                "tags": [
                  "gke-cluster-ap84p",
                  "gke-cluster-ap84p-default-node-pool"
                ],
                "taint": [],
                "workload_metadata_config": [
                  {
                    "mode": "GKE_METADATA"
                  }
                ]
              }
            ],
            "node_count": 0,
            "node_locations": [
              "us-central1-a",
              "us-central1-b",
              "us-central1-c"
            ],
            "operation": null,
            "project": "mashed-7d15",
            "timeouts": {
              "create": "45m",
              "delete": "45m",
              "update": "45m"
            },
            "upgrade_settings": [
              {
                "max_surge": 1,
                "max_unavailable": 0
              }
            ],
            "version": "1.21.11-gke.1900"
          },
          "sensitive_attributes": [],
          "private": "eyJlMmJmYjczMC1lY2FhLTExZTYtOGY4OC0zNDM2M2JjN2M0YzAiOnsiY3JlYXRlIjoyNzAwMDAwMDAwMDAwLCJkZWxldGUiOjI3MDAwMDAwMDAwMDAsInVwZGF0ZSI6MjcwMDAwMDAwMDAwMH0sInNjaGVtYV92ZXJzaW9uIjoiMSJ9",
          "dependencies": [
            "module.enabled_google_apis.data.google_compute_default_service_account.default",
            "module.enabled_google_apis.google_project_iam_member.project_service_identity_roles",
            "module.enabled_google_apis.google_project_service.project_services",
            "module.enabled_google_apis.google_project_service_identity.project_service_identities",
            "module.gke.data.google_compute_zones.available",
            "module.gke.data.google_container_engine_versions.region",
            "module.gke.data.google_container_engine_versions.zone",
            "module.gke.google_container_cluster.primary",
            "module.gke.google_service_account.cluster_service_account",
            "module.gke.random_shuffle.available_zones",
            "module.gke.random_string.cluster_service_account_suffix",
            "module.project-factory.module.project-factory.google_access_context_manager_service_perimeter_resource.service_perimeter_attachment",
            "module.project-factory.module.project-factory.google_compute_shared_vpc_host_project.shared_vpc_host",
            "module.project-factory.module.project-factory.google_compute_shared_vpc_service_project.shared_vpc_attachment",
            "module.project-factory.module.project-factory.google_project.main",
            "module.project-factory.module.project-factory.google_project_service.enable_access_context_manager",
            "module.project-factory.module.project-factory.google_service_account.default_service_account",
            "module.project-factory.module.project-factory.module.project_services.data.google_compute_default_service_account.default",
            "module.project-factory.module.project-factory.module.project_services.google_project_iam_member.project_service_identity_roles",
            "module.project-factory.module.project-factory.module.project_services.google_project_service.project_services",
            "module.project-factory.module.project-factory.module.project_services.google_project_service_identity.project_service_identities",
            "module.project-factory.module.project-factory.random_id.random_project_id_suffix",
            "module.project-factory.module.project-factory.time_sleep.wait_5_seconds",
            "random_string.suffix"
          ]
        },
        {
          "index_key": "fixed",
          "schema_version": 1,
          "attributes": {
            "autoscaling": [],
            "cluster": "cluster-ap84p",
            "id": "projects/mashed-7d15/locations/us-central1/clusters/cluster-ap84p/nodePools/fixed",
            "initial_node_count": 1,
            "instance_group_urls": [
              "https://www.googleapis.com/compute/v1/projects/mashed-7d15/zones/us-central1-a/instanceGroupManagers/gke-cluster-ap84p-fixed-d658811c-grp",
              "https://www.googleapis.com/compute/v1/projects/mashed-7d15/zones/us-central1-b/instanceGroupManagers/gke-cluster-ap84p-fixed-d5609bc1-grp",
              "https://www.googleapis.com/compute/v1/projects/mashed-7d15/zones/us-central1-c/instanceGroupManagers/gke-cluster-ap84p-fixed-34d3dd0c-grp"
            ],
            "location": "us-central1",
            "managed_instance_group_urls": [
              "https://www.googleapis.com/compute/v1/projects/mashed-7d15/zones/us-central1-a/instanceGroups/gke-cluster-ap84p-fixed-d658811c-grp",
              "https://www.googleapis.com/compute/v1/projects/mashed-7d15/zones/us-central1-b/instanceGroups/gke-cluster-ap84p-fixed-d5609bc1-grp",
              "https://www.googleapis.com/compute/v1/projects/mashed-7d15/zones/us-central1-c/instanceGroups/gke-cluster-ap84p-fixed-34d3dd0c-grp"
            ],
            "management": [
              {
                "auto_repair": true,
                "auto_upgrade": true
              }
            ],
            "max_pods_per_node": 110,
            "name": "fixed",
            "name_prefix": "",
            "node_config": [
              {
                "boot_disk_kms_key": "",
                "disk_size_gb": 100,
                "disk_type": "pd-standard",
                "gcfs_config": [],
                "guest_accelerator": [],
                "gvnic": [],
                "image_type": "COS_CONTAINERD",
                "labels": {
                  "cluster_name": "cluster-ap84p",
                  "node_pool": "fixed"
                },
                "local_ssd_count": 0,
                "machine_type": "e2-standard-8",
                "metadata": {
                  "cluster_name": "cluster-ap84p",
                  "disable-legacy-endpoints": "true",
                  "node_pool": "fixed"
                },
                "min_cpu_platform": "",
                "node_group": "",
                "oauth_scopes": [
                  "https://www.googleapis.com/auth/cloud-platform"
                ],
                "preemptible": true,
                "service_account": "tf-gke-cluster-ap84p-m2ti@mashed-7d15.iam.gserviceaccount.com",
                "shielded_instance_config": [
                  {
                    "enable_integrity_monitoring": true,
                    "enable_secure_boot": true
                  }
                ],
                "spot": false,
                "tags": [
                  "gke-cluster-ap84p",
                  "gke-cluster-ap84p-fixed"
                ],
                "taint": [],
                "workload_metadata_config": [
                  {
                    "mode": "GKE_METADATA"
                  }
                ]
              }
            ],
            "node_count": 1,
            "node_locations": [
              "us-central1-a",
              "us-central1-b",
              "us-central1-c"
            ],
            "operation": null,
            "project": "mashed-7d15",
            "timeouts": {
              "create": "45m",
              "delete": "45m",
              "update": "45m"
            },
            "upgrade_settings": [
              {
                "max_surge": 1,
                "max_unavailable": 0
              }
            ],
            "version": "1.21.11-gke.1900"
          },
          "sensitive_attributes": [],
          "private": "eyJlMmJmYjczMC1lY2FhLTExZTYtOGY4OC0zNDM2M2JjN2M0YzAiOnsiY3JlYXRlIjoyNzAwMDAwMDAwMDAwLCJkZWxldGUiOjI3MDAwMDAwMDAwMDAsInVwZGF0ZSI6MjcwMDAwMDAwMDAwMH0sInNjaGVtYV92ZXJzaW9uIjoiMSJ9",
          "dependencies": [
            "module.enabled_google_apis.data.google_compute_default_service_account.default",
            "module.enabled_google_apis.google_project_iam_member.project_service_identity_roles",
            "module.enabled_google_apis.google_project_service.project_services",
            "module.enabled_google_apis.google_project_service_identity.project_service_identities",
            "module.gke.data.google_compute_zones.available",
            "module.gke.data.google_container_engine_versions.region",
            "module.gke.data.google_container_engine_versions.zone",
            "module.gke.google_container_cluster.primary",
            "module.gke.google_service_account.cluster_service_account",
            "module.gke.random_shuffle.available_zones",
            "module.gke.random_string.cluster_service_account_suffix",
            "module.project-factory.module.project-factory.google_access_context_manager_service_perimeter_resource.service_perimeter_attachment",
            "module.project-factory.module.project-factory.google_compute_shared_vpc_host_project.shared_vpc_host",
            "module.project-factory.module.project-factory.google_compute_shared_vpc_service_project.shared_vpc_attachment",
            "module.project-factory.module.project-factory.google_project.main",
            "module.project-factory.module.project-factory.google_project_service.enable_access_context_manager",
            "module.project-factory.module.project-factory.google_service_account.default_service_account",
            "module.project-factory.module.project-factory.module.project_services.data.google_compute_default_service_account.default",
            "module.project-factory.module.project-factory.module.project_services.google_project_iam_member.project_service_identity_roles",
            "module.project-factory.module.project-factory.module.project_services.google_project_service.project_services",
            "module.project-factory.module.project-factory.module.project_services.google_project_service_identity.project_service_identities",
            "module.project-factory.module.project-factory.random_id.random_project_id_suffix",
            "module.project-factory.module.project-factory.time_sleep.wait_5_seconds",
            "random_string.suffix"
          ]
        }
      ]
    },
    {
      "module": "module.gke",
      "mode": "managed",
      "type": "google_project_iam_member",
      "name": "cluster_service_account-log_writer",
      "provider": "provider[\"registry.terraform.io/hashicorp/google\"]",
      "instances": [
        {
          "index_key": 0,
          "schema_version": 0,
          "attributes": {
            "condition": [],
            "etag": "BwXiHzvA1yI=",
            "id": "mashed-7d15/roles/logging.logWriter/serviceAccount:tf-gke-cluster-ap84p-m2ti@mashed-7d15.iam.gserviceaccount.com",
            "member": "serviceAccount:tf-gke-cluster-ap84p-m2ti@mashed-7d15.iam.gserviceaccount.com",
            "project": "mashed-7d15",
            "role": "roles/logging.logWriter"
          },
          "sensitive_attributes": [],
          "private": "bnVsbA==",
          "dependencies": [
            "module.enabled_google_apis.data.google_compute_default_service_account.default",
            "module.enabled_google_apis.google_project_iam_member.project_service_identity_roles",
            "module.enabled_google_apis.google_project_service.project_services",
            "module.enabled_google_apis.google_project_service_identity.project_service_identities",
            "module.gke.google_service_account.cluster_service_account",
            "module.gke.random_string.cluster_service_account_suffix",
            "module.project-factory.module.project-factory.google_access_context_manager_service_perimeter_resource.service_perimeter_attachment",
            "module.project-factory.module.project-factory.google_compute_shared_vpc_host_project.shared_vpc_host",
            "module.project-factory.module.project-factory.google_compute_shared_vpc_service_project.shared_vpc_attachment",
            "module.project-factory.module.project-factory.google_project.main",
            "module.project-factory.module.project-factory.google_project_service.enable_access_context_manager",
            "module.project-factory.module.project-factory.google_service_account.default_service_account",
            "module.project-factory.module.project-factory.module.project_services.data.google_compute_default_service_account.default",
            "module.project-factory.module.project-factory.module.project_services.google_project_iam_member.project_service_identity_roles",
            "module.project-factory.module.project-factory.module.project_services.google_project_service.project_services",
            "module.project-factory.module.project-factory.module.project_services.google_project_service_identity.project_service_identities",
            "module.project-factory.module.project-factory.random_id.random_project_id_suffix",
            "module.project-factory.module.project-factory.time_sleep.wait_5_seconds",
            "random_string.suffix"
          ]
        }
      ]
    },
    {
      "module": "module.gke",
      "mode": "managed",
      "type": "google_project_iam_member",
      "name": "cluster_service_account-metric_writer",
      "provider": "provider[\"registry.terraform.io/hashicorp/google\"]",
      "instances": [
        {
          "index_key": 0,
          "schema_version": 0,
          "attributes": {
            "condition": [],
            "etag": "BwXiHzvA1yI=",
            "id": "mashed-7d15/roles/monitoring.metricWriter/serviceAccount:tf-gke-cluster-ap84p-m2ti@mashed-7d15.iam.gserviceaccount.com",
            "member": "serviceAccount:tf-gke-cluster-ap84p-m2ti@mashed-7d15.iam.gserviceaccount.com",
            "project": "mashed-7d15",
            "role": "roles/monitoring.metricWriter"
          },
          "sensitive_attributes": [],
          "private": "bnVsbA==",
          "dependencies": [
            "module.enabled_google_apis.data.google_compute_default_service_account.default",
            "module.enabled_google_apis.google_project_iam_member.project_service_identity_roles",
            "module.enabled_google_apis.google_project_service.project_services",
            "module.enabled_google_apis.google_project_service_identity.project_service_identities",
            "module.gke.google_project_iam_member.cluster_service_account-log_writer",
            "module.gke.google_service_account.cluster_service_account",
            "module.gke.random_string.cluster_service_account_suffix",
            "module.project-factory.module.project-factory.google_access_context_manager_service_perimeter_resource.service_perimeter_attachment",
            "module.project-factory.module.project-factory.google_compute_shared_vpc_host_project.shared_vpc_host",
            "module.project-factory.module.project-factory.google_compute_shared_vpc_service_project.shared_vpc_attachment",
            "module.project-factory.module.project-factory.google_project.main",
            "module.project-factory.module.project-factory.google_project_service.enable_access_context_manager",
            "module.project-factory.module.project-factory.google_service_account.default_service_account",
            "module.project-factory.module.project-factory.module.project_services.data.google_compute_default_service_account.default",
            "module.project-factory.module.project-factory.module.project_services.google_project_iam_member.project_service_identity_roles",
            "module.project-factory.module.project-factory.module.project_services.google_project_service.project_services",
            "module.project-factory.module.project-factory.module.project_services.google_project_service_identity.project_service_identities",
            "module.project-factory.module.project-factory.random_id.random_project_id_suffix",
            "module.project-factory.module.project-factory.time_sleep.wait_5_seconds",
            "random_string.suffix"
          ]
        }
      ]
    },
    {
      "module": "module.gke",
      "mode": "managed",
      "type": "google_project_iam_member",
      "name": "cluster_service_account-monitoring_viewer",
      "provider": "provider[\"registry.terraform.io/hashicorp/google\"]",
      "instances": [
        {
          "index_key": 0,
          "schema_version": 0,
          "attributes": {
            "condition": [],
            "etag": "BwXiHzvA1yI=",
            "id": "mashed-7d15/roles/monitoring.viewer/serviceAccount:tf-gke-cluster-ap84p-m2ti@mashed-7d15.iam.gserviceaccount.com",
            "member": "serviceAccount:tf-gke-cluster-ap84p-m2ti@mashed-7d15.iam.gserviceaccount.com",
            "project": "mashed-7d15",
            "role": "roles/monitoring.viewer"
          },
          "sensitive_attributes": [],
          "private": "bnVsbA==",
          "dependencies": [
            "module.enabled_google_apis.data.google_compute_default_service_account.default",
            "module.enabled_google_apis.google_project_iam_member.project_service_identity_roles",
            "module.enabled_google_apis.google_project_service.project_services",
            "module.enabled_google_apis.google_project_service_identity.project_service_identities",
            "module.gke.google_project_iam_member.cluster_service_account-log_writer",
            "module.gke.google_project_iam_member.cluster_service_account-metric_writer",
            "module.gke.google_service_account.cluster_service_account",
            "module.gke.random_string.cluster_service_account_suffix",
            "module.project-factory.module.project-factory.google_access_context_manager_service_perimeter_resource.service_perimeter_attachment",
            "module.project-factory.module.project-factory.google_compute_shared_vpc_host_project.shared_vpc_host",
            "module.project-factory.module.project-factory.google_compute_shared_vpc_service_project.shared_vpc_attachment",
            "module.project-factory.module.project-factory.google_project.main",
            "module.project-factory.module.project-factory.google_project_service.enable_access_context_manager",
            "module.project-factory.module.project-factory.google_service_account.default_service_account",
            "module.project-factory.module.project-factory.module.project_services.data.google_compute_default_service_account.default",
            "module.project-factory.module.project-factory.module.project_services.google_project_iam_member.project_service_identity_roles",
            "module.project-factory.module.project-factory.module.project_services.google_project_service.project_services",
            "module.project-factory.module.project-factory.module.project_services.google_project_service_identity.project_service_identities",
            "module.project-factory.module.project-factory.random_id.random_project_id_suffix",
            "module.project-factory.module.project-factory.time_sleep.wait_5_seconds",
            "random_string.suffix"
          ]
        }
      ]
    },
    {
      "module": "module.gke",
      "mode": "managed",
      "type": "google_project_iam_member",
      "name": "cluster_service_account-resourceMetadata-writer",
      "provider": "provider[\"registry.terraform.io/hashicorp/google\"]",
      "instances": [
        {
          "index_key": 0,
          "schema_version": 0,
          "attributes": {
            "condition": [],
            "etag": "BwXiHzvA1yI=",
            "id": "mashed-7d15/roles/stackdriver.resourceMetadata.writer/serviceAccount:tf-gke-cluster-ap84p-m2ti@mashed-7d15.iam.gserviceaccount.com",
            "member": "serviceAccount:tf-gke-cluster-ap84p-m2ti@mashed-7d15.iam.gserviceaccount.com",
            "project": "mashed-7d15",
            "role": "roles/stackdriver.resourceMetadata.writer"
          },
          "sensitive_attributes": [],
          "private": "bnVsbA==",
          "dependencies": [
            "module.enabled_google_apis.data.google_compute_default_service_account.default",
            "module.enabled_google_apis.google_project_iam_member.project_service_identity_roles",
            "module.enabled_google_apis.google_project_service.project_services",
            "module.enabled_google_apis.google_project_service_identity.project_service_identities",
            "module.gke.google_project_iam_member.cluster_service_account-log_writer",
            "module.gke.google_project_iam_member.cluster_service_account-metric_writer",
            "module.gke.google_project_iam_member.cluster_service_account-monitoring_viewer",
            "module.gke.google_service_account.cluster_service_account",
            "module.gke.random_string.cluster_service_account_suffix",
            "module.project-factory.module.project-factory.google_access_context_manager_service_perimeter_resource.service_perimeter_attachment",
            "module.project-factory.module.project-factory.google_compute_shared_vpc_host_project.shared_vpc_host",
            "module.project-factory.module.project-factory.google_compute_shared_vpc_service_project.shared_vpc_attachment",
            "module.project-factory.module.project-factory.google_project.main",
            "module.project-factory.module.project-factory.google_project_service.enable_access_context_manager",
            "module.project-factory.module.project-factory.google_service_account.default_service_account",
            "module.project-factory.module.project-factory.module.project_services.data.google_compute_default_service_account.default",
            "module.project-factory.module.project-factory.module.project_services.google_project_iam_member.project_service_identity_roles",
            "module.project-factory.module.project-factory.module.project_services.google_project_service.project_services",
            "module.project-factory.module.project-factory.module.project_services.google_project_service_identity.project_service_identities",
            "module.project-factory.module.project-factory.random_id.random_project_id_suffix",
            "module.project-factory.module.project-factory.time_sleep.wait_5_seconds",
            "random_string.suffix"
          ]
        }
      ]
    },
    {
      "module": "module.gke",
      "mode": "managed",
      "type": "google_service_account",
      "name": "cluster_service_account",
      "provider": "provider[\"registry.terraform.io/hashicorp/google\"]",
      "instances": [
        {
          "index_key": 0,
          "schema_version": 0,
          "attributes": {
            "account_id": "tf-gke-cluster-ap84p-m2ti",
            "description": "",
            "disabled": false,
            "display_name": "Terraform-managed service account for cluster cluster-ap84p",
            "email": "tf-gke-cluster-ap84p-m2ti@mashed-7d15.iam.gserviceaccount.com",
            "id": "projects/mashed-7d15/serviceAccounts/tf-gke-cluster-ap84p-m2ti@mashed-7d15.iam.gserviceaccount.com",
            "name": "projects/mashed-7d15/serviceAccounts/tf-gke-cluster-ap84p-m2ti@mashed-7d15.iam.gserviceaccount.com",
            "project": "mashed-7d15",
            "timeouts": null,
            "unique_id": "117516164125162171888"
          },
          "sensitive_attributes": [],
          "private": "eyJlMmJmYjczMC1lY2FhLTExZTYtOGY4OC0zNDM2M2JjN2M0YzAiOnsiY3JlYXRlIjozMDAwMDAwMDAwMDB9fQ==",
          "dependencies": [
            "module.enabled_google_apis.data.google_compute_default_service_account.default",
            "module.enabled_google_apis.google_project_iam_member.project_service_identity_roles",
            "module.enabled_google_apis.google_project_service.project_services",
            "module.enabled_google_apis.google_project_service_identity.project_service_identities",
            "module.gke.random_string.cluster_service_account_suffix",
            "module.project-factory.module.project-factory.google_access_context_manager_service_perimeter_resource.service_perimeter_attachment",
            "module.project-factory.module.project-factory.google_compute_shared_vpc_host_project.shared_vpc_host",
            "module.project-factory.module.project-factory.google_compute_shared_vpc_service_project.shared_vpc_attachment",
            "module.project-factory.module.project-factory.google_project.main",
            "module.project-factory.module.project-factory.google_project_service.enable_access_context_manager",
            "module.project-factory.module.project-factory.google_service_account.default_service_account",
            "module.project-factory.module.project-factory.module.project_services.data.google_compute_default_service_account.default",
            "module.project-factory.module.project-factory.module.project_services.google_project_iam_member.project_service_identity_roles",
            "module.project-factory.module.project-factory.module.project_services.google_project_service.project_services",
            "module.project-factory.module.project-factory.module.project_services.google_project_service_identity.project_service_identities",
            "module.project-factory.module.project-factory.random_id.random_project_id_suffix",
            "module.project-factory.module.project-factory.time_sleep.wait_5_seconds",
            "random_string.suffix"
          ]
        }
      ]
    },
    {
      "module": "module.gke",
      "mode": "managed",
      "type": "random_shuffle",
      "name": "available_zones",
      "provider": "provider[\"registry.terraform.io/hashicorp/random\"]",
      "instances": [
        {
          "schema_version": 0,
          "attributes": {
            "id": "-",
            "input": [
              "us-central1-a",
              "us-central1-b",
              "us-central1-c",
              "us-central1-f"
            ],
            "keepers": null,
            "result": [
              "us-central1-b",
              "us-central1-c",
              "us-central1-a"
            ],
            "result_count": 3,
            "seed": null
          },
          "sensitive_attributes": [],
          "private": "bnVsbA==",
          "dependencies": [
            "module.enabled_google_apis.data.google_compute_default_service_account.default",
            "module.enabled_google_apis.google_project_iam_member.project_service_identity_roles",
            "module.enabled_google_apis.google_project_service.project_services",
            "module.enabled_google_apis.google_project_service_identity.project_service_identities",
            "module.gke.data.google_compute_zones.available",
            "module.project-factory.module.project-factory.google_access_context_manager_service_perimeter_resource.service_perimeter_attachment",
            "module.project-factory.module.project-factory.google_compute_shared_vpc_host_project.shared_vpc_host",
            "module.project-factory.module.project-factory.google_compute_shared_vpc_service_project.shared_vpc_attachment",
            "module.project-factory.module.project-factory.google_project.main",
            "module.project-factory.module.project-factory.google_project_service.enable_access_context_manager",
            "module.project-factory.module.project-factory.google_service_account.default_service_account",
            "module.project-factory.module.project-factory.module.project_services.data.google_compute_default_service_account.default",
            "module.project-factory.module.project-factory.module.project_services.google_project_iam_member.project_service_identity_roles",
            "module.project-factory.module.project-factory.module.project_services.google_project_service.project_services",
            "module.project-factory.module.project-factory.module.project_services.google_project_service_identity.project_service_identities",
            "module.project-factory.module.project-factory.random_id.random_project_id_suffix",
            "module.project-factory.module.project-factory.time_sleep.wait_5_seconds"
          ]
        }
      ]
    },
    {
      "module": "module.gke",
      "mode": "managed",
      "type": "random_string",
      "name": "cluster_service_account_suffix",
      "provider": "provider[\"registry.terraform.io/hashicorp/random\"]",
      "instances": [
        {
          "schema_version": 2,
          "attributes": {
            "id": "m2ti",
            "keepers": null,
            "length": 4,
            "lower": true,
            "min_lower": 0,
            "min_numeric": 0,
            "min_special": 0,
            "min_upper": 0,
            "number": true,
            "numeric": true,
            "override_special": null,
            "result": "m2ti",
            "special": false,
            "upper": false
          },
          "sensitive_attributes": [],
          "private": "eyJzY2hlbWFfdmVyc2lvbiI6IjIifQ==",
          "dependencies": [
            "module.enabled_google_apis.data.google_compute_default_service_account.default",
            "module.enabled_google_apis.google_project_iam_member.project_service_identity_roles",
            "module.enabled_google_apis.google_project_service.project_services",
            "module.enabled_google_apis.google_project_service_identity.project_service_identities",
            "module.project-factory.module.project-factory.google_access_context_manager_service_perimeter_resource.service_perimeter_attachment",
            "module.project-factory.module.project-factory.google_compute_shared_vpc_host_project.shared_vpc_host",
            "module.project-factory.module.project-factory.google_compute_shared_vpc_service_project.shared_vpc_attachment",
            "module.project-factory.module.project-factory.google_project.main",
            "module.project-factory.module.project-factory.google_project_service.enable_access_context_manager",
            "module.project-factory.module.project-factory.google_service_account.default_service_account",
            "module.project-factory.module.project-factory.module.project_services.data.google_compute_default_service_account.default",
            "module.project-factory.module.project-factory.module.project_services.google_project_iam_member.project_service_identity_roles",
            "module.project-factory.module.project-factory.module.project_services.google_project_service.project_services",
            "module.project-factory.module.project-factory.module.project_services.google_project_service_identity.project_service_identities",
            "module.project-factory.module.project-factory.random_id.random_project_id_suffix",
            "module.project-factory.module.project-factory.time_sleep.wait_5_seconds"
          ]
        }
      ]
    },
    {
      "module": "module.project-factory.module.budget",
      "mode": "data",
      "type": "google_project",
      "name": "project",
      "provider": "provider[\"registry.terraform.io/hashicorp/google\"]",
      "instances": [
        {
          "index_key": 0,
          "schema_version": 0,
          "attributes": {
            "auto_create_network": null,
            "billing_account": "01C78C-0895B6-8DACB2",
            "folder_id": "930792538603",
            "id": "projects/mashed-7d15",
            "labels": {},
            "name": "mashed",
            "number": "422182217637",
            "org_id": "",
            "project_id": "mashed-7d15",
            "skip_delete": null
          },
          "sensitive_attributes": []
        }
      ]
    },
    {
      "module": "module.project-factory.module.project-factory",
      "mode": "managed",
      "type": "google_project",
      "name": "main",
      "provider": "provider[\"registry.terraform.io/hashicorp/google\"]",
      "instances": [
        {
          "schema_version": 1,
          "attributes": {
            "auto_create_network": true,
            "billing_account": "01C78C-0895B6-8DACB2",
            "folder_id": "930792538603",
            "id": "projects/mashed-7d15",
            "labels": {},
            "name": "mashed",
            "number": "422182217637",
            "org_id": "",
            "project_id": "mashed-7d15",
            "skip_delete": null,
            "timeouts": null
          },
          "sensitive_attributes": [],
          "private": "eyJlMmJmYjczMC1lY2FhLTExZTYtOGY4OC0zNDM2M2JjN2M0YzAiOnsiY3JlYXRlIjo2MDAwMDAwMDAwMDAsImRlbGV0ZSI6NjAwMDAwMDAwMDAwLCJyZWFkIjo2MDAwMDAwMDAwMDAsInVwZGF0ZSI6NjAwMDAwMDAwMDAwfSwic2NoZW1hX3ZlcnNpb24iOiIxIn0=",
          "dependencies": [
            "module.project-factory.module.project-factory.random_id.random_project_id_suffix"
          ]
        }
      ]
    },
    {
      "module": "module.project-factory.module.project-factory",
      "mode": "managed",
      "type": "google_project_default_service_accounts",
      "name": "default_service_accounts",
      "provider": "provider[\"registry.terraform.io/hashicorp/google\"]",
      "instances": [
        {
          "index_key": 0,
          "schema_version": 0,
          "attributes": {
            "action": "DISABLE",
            "id": "projects/mashed-7d15",
            "project": "mashed-7d15",
            "restore_policy": "REVERT_AND_IGNORE_FAILURE",
            "service_accounts": {
              "101412415340113296374": "422182217637-compute@developer.gserviceaccount.com"
            },
            "timeouts": null
          },
          "sensitive_attributes": [],
          "private": "eyJlMmJmYjczMC1lY2FhLTExZTYtOGY4OC0zNDM2M2JjN2M0YzAiOnsiY3JlYXRlIjo2MDAwMDAwMDAwMDAsImRlbGV0ZSI6NjAwMDAwMDAwMDAwLCJyZWFkIjo2MDAwMDAwMDAwMDB9fQ==",
          "dependencies": [
            "module.project-factory.module.project-factory.google_project.main",
            "module.project-factory.module.project-factory.module.project_services.data.google_compute_default_service_account.default",
            "module.project-factory.module.project-factory.module.project_services.google_project_iam_member.project_service_identity_roles",
            "module.project-factory.module.project-factory.module.project_services.google_project_service.project_services",
            "module.project-factory.module.project-factory.module.project_services.google_project_service_identity.project_service_identities",
            "module.project-factory.module.project-factory.random_id.random_project_id_suffix"
          ]
        }
      ]
    },
    {
      "module": "module.project-factory.module.project-factory",
      "mode": "managed",
      "type": "google_service_account",
      "name": "default_service_account",
      "provider": "provider[\"registry.terraform.io/hashicorp/google\"]",
      "instances": [
        {
          "index_key": 0,
          "schema_version": 0,
          "attributes": {
            "account_id": "project-service-account",
            "description": "",
            "disabled": false,
            "display_name": "mashed Project Service Account",
            "email": "project-service-account@mashed-7d15.iam.gserviceaccount.com",
            "id": "projects/mashed-7d15/serviceAccounts/project-service-account@mashed-7d15.iam.gserviceaccount.com",
            "name": "projects/mashed-7d15/serviceAccounts/project-service-account@mashed-7d15.iam.gserviceaccount.com",
            "project": "mashed-7d15",
            "timeouts": null,
            "unique_id": "109916081782884940503"
          },
          "sensitive_attributes": [],
          "private": "eyJlMmJmYjczMC1lY2FhLTExZTYtOGY4OC0zNDM2M2JjN2M0YzAiOnsiY3JlYXRlIjozMDAwMDAwMDAwMDB9fQ==",
          "dependencies": [
            "module.project-factory.module.project-factory.google_project.main",
            "module.project-factory.module.project-factory.random_id.random_project_id_suffix"
          ]
        }
      ]
    },
    {
      "module": "module.project-factory.module.project-factory",
      "mode": "managed",
      "type": "random_id",
      "name": "random_project_id_suffix",
      "provider": "provider[\"registry.terraform.io/hashicorp/random\"]",
      "instances": [
        {
          "schema_version": 0,
          "attributes": {
            "b64_std": "fRU=",
            "b64_url": "fRU",
            "byte_length": 2,
            "dec": "32021",
            "hex": "7d15",
            "id": "fRU",
            "keepers": null,
            "prefix": null
          },
          "sensitive_attributes": [],
          "private": "bnVsbA=="
        }
      ]
    },
    {
      "module": "module.project-factory.module.project-factory.module.project_services",
      "mode": "managed",
      "type": "google_project_service",
      "name": "project_services",
      "provider": "provider[\"registry.terraform.io/hashicorp/google\"]",
      "instances": [
        {
          "index_key": "compute.googleapis.com",
          "schema_version": 0,
          "attributes": {
            "disable_dependent_services": true,
            "disable_on_destroy": true,
            "id": "mashed-7d15/compute.googleapis.com",
            "project": "mashed-7d15",
            "service": "compute.googleapis.com",
            "timeouts": null
          },
          "sensitive_attributes": [],
          "private": "eyJlMmJmYjczMC1lY2FhLTExZTYtOGY4OC0zNDM2M2JjN2M0YzAiOnsiY3JlYXRlIjoxMjAwMDAwMDAwMDAwLCJkZWxldGUiOjEyMDAwMDAwMDAwMDAsInJlYWQiOjYwMDAwMDAwMDAwMCwidXBkYXRlIjoxMjAwMDAwMDAwMDAwfX0=",
          "dependencies": [
            "module.project-factory.module.project-factory.google_project.main",
            "module.project-factory.module.project-factory.random_id.random_project_id_suffix"
          ]
        }
      ]
    }
  ]
}
