{
  "version": 4,
  "terraform_version": "1.1.2",
  "serial": 60,
  "lineage": "a7ea45a5-f240-4874-a113-c0918c5d9468",
  "outputs": {},
  "resources": [
    {
      "mode": "data",
      "type": "google_compute_network",
      "name": "nat_net",
      "provider": "provider[\"registry.terraform.io/hashicorp/google\"]",
      "instances": [
        {
          "schema_version": 0,
          "attributes": {
            "description": "",
            "gateway_ipv4": "",
            "id": "projects/potato-05a0/global/networks/default",
            "name": "default",
            "project": "potato-05a0",
            "self_link": "https://www.googleapis.com/compute/v1/projects/potato-05a0/global/networks/default",
            "subnetworks_self_links": [
              "https://www.googleapis.com/compute/v1/projects/potato-05a0/regions/us-central1/subnetworks/default"
            ]
          },
          "sensitive_attributes": []
        }
      ]
    },
    {
      "mode": "data",
      "type": "google_compute_subnetwork",
      "name": "sub_nat_net",
      "provider": "provider[\"registry.terraform.io/hashicorp/google\"]",
      "instances": [
        {
          "schema_version": 0,
          "attributes": {
            "description": "",
            "gateway_address": "10.0.0.1",
            "id": "projects/potato-05a0/regions/us-central1/subnetworks/default",
            "ip_cidr_range": "10.0.0.0/17",
            "name": "default",
            "network": "https://www.googleapis.com/compute/v1/projects/potato-05a0/global/networks/default",
            "private_ip_google_access": false,
            "project": "potato-05a0",
            "region": "us-central1",
            "secondary_ip_range": [
              {
                "ip_cidr_range": "192.168.0.0/18",
                "range_name": "pods"
              },
              {
                "ip_cidr_range": "192.168.64.0/18",
                "range_name": "svcs"
              }
            ],
            "self_link": "https://www.googleapis.com/compute/v1/projects/potato-05a0/regions/us-central1/subnetworks/default"
          },
          "sensitive_attributes": []
        }
      ]
    },
    {
      "mode": "managed",
      "type": "google_compute_router",
      "name": "nat_router",
      "provider": "provider[\"registry.terraform.io/hashicorp/google\"]",
      "instances": [
        {
          "schema_version": 0,
          "attributes": {
            "bgp": [],
            "creation_timestamp": "2022-06-22T01:10:44.607-07:00",
            "description": "",
            "encrypted_interconnect_router": false,
            "id": "projects/potato-05a0/regions/us-central1/routers/default-router",
            "name": "default-router",
            "network": "https://www.googleapis.com/compute/v1/projects/potato-05a0/global/networks/default",
            "project": "potato-05a0",
            "region": "us-central1",
            "self_link": "https://www.googleapis.com/compute/v1/projects/potato-05a0/regions/us-central1/routers/default-router",
            "timeouts": null
          },
          "sensitive_attributes": [],
          "private": "eyJlMmJmYjczMC1lY2FhLTExZTYtOGY4OC0zNDM2M2JjN2M0YzAiOnsiY3JlYXRlIjoxMjAwMDAwMDAwMDAwLCJkZWxldGUiOjEyMDAwMDAwMDAwMDAsInVwZGF0ZSI6MTIwMDAwMDAwMDAwMH19",
          "dependencies": [
            "module.project-factory.module.project-factory.module.project_services.data.google_compute_default_service_account.default",
            "module.project-factory.module.project-factory.module.project_services.google_project_service.project_services",
            "module.project-factory.module.project-factory.random_id.random_project_id_suffix",
            "module.gcp-network.module.routes.google_compute_route.route",
            "module.project-factory.module.project-factory.google_compute_shared_vpc_service_project.shared_vpc_attachment",
            "module.project-factory.module.project-factory.google_project.main",
            "module.gcp-network.module.vpc.google_compute_network.network",
            "module.gcp-network.module.vpc.google_compute_shared_vpc_host_project.shared_vpc_host",
            "module.project-factory.module.project-factory.google_compute_shared_vpc_host_project.shared_vpc_host",
            "module.project-factory.module.project-factory.google_service_account.default_service_account",
            "data.google_compute_network.nat_net",
            "module.gcp-network.module.firewall_rules.google_compute_firewall.rules",
            "module.project-factory.module.project-factory.google_project_service.enable_access_context_manager",
            "module.project-factory.module.project-factory.module.project_services.google_project_iam_member.project_service_identity_roles",
            "module.project-factory.module.project-factory.module.project_services.google_project_service_identity.project_service_identities",
            "module.project-factory.module.project-factory.time_sleep.wait_5_seconds",
            "module.gcp-network.module.subnets.google_compute_subnetwork.subnetwork",
            "module.project-factory.module.project-factory.google_access_context_manager_service_perimeter_resource.service_perimeter_attachment"
          ]
        }
      ]
    },
    {
      "mode": "managed",
      "type": "google_compute_router_nat",
      "name": "nat",
      "provider": "provider[\"registry.terraform.io/hashicorp/google\"]",
      "instances": [
        {
          "schema_version": 0,
          "attributes": {
            "drain_nat_ips": [],
            "enable_dynamic_port_allocation": false,
            "enable_endpoint_independent_mapping": true,
            "icmp_idle_timeout_sec": 30,
            "id": "potato-05a0/us-central1/default-router/default-nat",
            "log_config": [
              {
                "enable": true,
                "filter": "ERRORS_ONLY"
              }
            ],
            "min_ports_per_vm": 0,
            "name": "default-nat",
            "nat_ip_allocate_option": "AUTO_ONLY",
            "nat_ips": [],
            "project": "potato-05a0",
            "region": "us-central1",
            "router": "default-router",
            "source_subnetwork_ip_ranges_to_nat": "ALL_SUBNETWORKS_ALL_IP_RANGES",
            "subnetwork": [],
            "tcp_established_idle_timeout_sec": 1200,
            "tcp_transitory_idle_timeout_sec": 30,
            "timeouts": null,
            "udp_idle_timeout_sec": 30
          },
          "sensitive_attributes": [],
          "private": "eyJlMmJmYjczMC1lY2FhLTExZTYtOGY4OC0zNDM2M2JjN2M0YzAiOnsiY3JlYXRlIjoxMjAwMDAwMDAwMDAwLCJkZWxldGUiOjEyMDAwMDAwMDAwMDAsInVwZGF0ZSI6MTIwMDAwMDAwMDAwMH19",
          "dependencies": [
            "module.project-factory.module.project-factory.google_compute_shared_vpc_host_project.shared_vpc_host",
            "module.project-factory.module.project-factory.google_service_account.default_service_account",
            "module.project-factory.module.project-factory.module.project_services.google_project_iam_member.project_service_identity_roles",
            "module.project-factory.module.project-factory.module.project_services.google_project_service.project_services",
            "google_compute_router.nat_router",
            "module.gcp-network.module.subnets.google_compute_subnetwork.subnetwork",
            "module.gcp-network.module.vpc.google_compute_shared_vpc_host_project.shared_vpc_host",
            "module.project-factory.module.project-factory.random_id.random_project_id_suffix",
            "module.project-factory.module.project-factory.time_sleep.wait_5_seconds",
            "data.google_compute_network.nat_net",
            "module.gcp-network.module.routes.google_compute_route.route",
            "module.project-factory.module.project-factory.module.project_services.data.google_compute_default_service_account.default",
            "module.gcp-network.module.firewall_rules.google_compute_firewall.rules",
            "module.gcp-network.module.vpc.google_compute_network.network",
            "module.project-factory.module.project-factory.google_access_context_manager_service_perimeter_resource.service_perimeter_attachment",
            "module.project-factory.module.project-factory.google_compute_shared_vpc_service_project.shared_vpc_attachment",
            "module.project-factory.module.project-factory.google_project.main",
            "module.project-factory.module.project-factory.google_project_service.enable_access_context_manager",
            "module.project-factory.module.project-factory.module.project_services.google_project_service_identity.project_service_identities"
          ]
        }
      ]
    },
    {
      "mode": "managed",
      "type": "google_gke_hub_membership",
      "name": "membership",
      "provider": "provider[\"registry.terraform.io/hashicorp/google-beta\"]",
      "instances": [
        {
          "schema_version": 0,
          "attributes": {
            "authority": [],
            "description": "",
            "endpoint": [
              {
                "gke_cluster": [
                  {
                    "resource_link": "//container.googleapis.com/projects/potato-05a0/locations/us-central1/clusters/cluster-bnrk9"
                  }
                ]
              }
            ],
            "id": "projects/potato-05a0/locations/global/memberships/membership-hub-cluster-bnrk9",
            "labels": {},
            "membership_id": "membership-hub-cluster-bnrk9",
            "name": "projects/potato-05a0/locations/global/memberships/membership-hub-cluster-bnrk9",
            "project": "potato-05a0",
            "timeouts": null
          },
          "sensitive_attributes": [],
          "private": "eyJlMmJmYjczMC1lY2FhLTExZTYtOGY4OC0zNDM2M2JjN2M0YzAiOnsiY3JlYXRlIjoxMjAwMDAwMDAwMDAwLCJkZWxldGUiOjEyMDAwMDAwMDAwMDAsInVwZGF0ZSI6MTIwMDAwMDAwMDAwMH19",
          "dependencies": [
            "module.project-factory.module.project-factory.google_service_account.default_service_account",
            "module.project-factory.module.project-factory.module.project_services.data.google_compute_default_service_account.default",
            "module.project-factory.module.project-factory.random_id.random_project_id_suffix",
            "module.enabled_google_apis.google_project_service.project_services",
            "module.gke.google_service_account.cluster_service_account",
            "module.project-factory.module.project-factory.google_access_context_manager_service_perimeter_resource.service_perimeter_attachment",
            "module.project-factory.module.project-factory.google_project.main",
            "module.gke.data.google_container_engine_versions.zone",
            "module.gke.random_shuffle.available_zones",
            "module.project-factory.module.project-factory.module.project_services.google_project_iam_member.project_service_identity_roles",
            "random_string.suffix",
            "module.project-factory.module.project-factory.google_compute_shared_vpc_host_project.shared_vpc_host",
            "module.project-factory.module.project-factory.module.project_services.google_project_service.project_services",
            "module.project-factory.module.project-factory.module.project_services.google_project_service_identity.project_service_identities",
            "module.project-factory.module.project-factory.time_sleep.wait_5_seconds",
            "module.enabled_google_apis.data.google_compute_default_service_account.default",
            "module.enabled_google_apis.google_project_service_identity.project_service_identities",
            "module.gke.data.google_container_engine_versions.region",
            "module.gke.random_string.cluster_service_account_suffix",
            "module.project-factory.module.project-factory.google_compute_shared_vpc_service_project.shared_vpc_attachment",
            "module.project-factory.module.project-factory.google_project_service.enable_access_context_manager",
            "module.enabled_google_apis.google_project_iam_member.project_service_identity_roles",
            "module.gke.data.google_compute_zones.available",
            "module.gke.google_container_cluster.primary",
            "module.gke.google_container_node_pool.pools"
          ]
        }
      ]
    },
    {
      "mode": "managed",
      "type": "google_project_organization_policy",
      "name": "requireOsLogin",
      "provider": "provider[\"registry.terraform.io/hashicorp/google\"]",
      "instances": [
        {
          "schema_version": 0,
          "attributes": {
            "boolean_policy": [
              {
                "enforced": false
              }
            ],
            "constraint": "constraints/compute.requireOsLogin",
            "etag": "CNacy5UGEPj9t/8B",
            "id": "potato-05a0:compute.requireOsLogin",
            "list_policy": [],
            "project": "potato-05a0",
            "restore_policy": [],
            "timeouts": null,
            "update_time": "2022-06-22T08:09:58.535691Z",
            "version": 0
          },
          "sensitive_attributes": [],
          "private": "eyJlMmJmYjczMC1lY2FhLTExZTYtOGY4OC0zNDM2M2JjN2M0YzAiOnsiY3JlYXRlIjoyNDAwMDAwMDAwMDAsImRlbGV0ZSI6MjQwMDAwMDAwMDAwLCJyZWFkIjoyNDAwMDAwMDAwMDAsInVwZGF0ZSI6MjQwMDAwMDAwMDAwfX0=",
          "dependencies": [
            "module.project-factory.module.project-factory.time_sleep.wait_5_seconds",
            "module.project-factory.module.project-factory.google_compute_shared_vpc_service_project.shared_vpc_attachment",
            "module.project-factory.module.project-factory.google_project_service.enable_access_context_manager",
            "module.project-factory.module.project-factory.google_service_account.default_service_account",
            "module.project-factory.module.project-factory.module.project_services.google_project_iam_member.project_service_identity_roles",
            "module.project-factory.module.project-factory.module.project_services.google_project_service.project_services",
            "module.project-factory.module.project-factory.random_id.random_project_id_suffix",
            "module.project-factory.module.project-factory.google_access_context_manager_service_perimeter_resource.service_perimeter_attachment",
            "module.project-factory.module.project-factory.google_compute_shared_vpc_host_project.shared_vpc_host",
            "module.project-factory.module.project-factory.google_project.main",
            "module.project-factory.module.project-factory.module.project_services.data.google_compute_default_service_account.default",
            "module.project-factory.module.project-factory.module.project_services.google_project_service_identity.project_service_identities"
          ]
        }
      ]
    },
    {
      "mode": "managed",
      "type": "google_project_organization_policy",
      "name": "requireShieldedVm",
      "provider": "provider[\"registry.terraform.io/hashicorp/google\"]",
      "instances": [
        {
          "schema_version": 0,
          "attributes": {
            "boolean_policy": [
              {
                "enforced": false
              }
            ],
            "constraint": "constraints/compute.requireShieldedVm",
            "etag": "CNacy5UGEMig/4EC",
            "id": "potato-05a0:compute.requireShieldedVm",
            "list_policy": [],
            "project": "potato-05a0",
            "restore_policy": [],
            "timeouts": null,
            "update_time": "2022-06-22T08:09:58.541053Z",
            "version": 0
          },
          "sensitive_attributes": [],
          "private": "eyJlMmJmYjczMC1lY2FhLTExZTYtOGY4OC0zNDM2M2JjN2M0YzAiOnsiY3JlYXRlIjoyNDAwMDAwMDAwMDAsImRlbGV0ZSI6MjQwMDAwMDAwMDAwLCJyZWFkIjoyNDAwMDAwMDAwMDAsInVwZGF0ZSI6MjQwMDAwMDAwMDAwfX0=",
          "dependencies": [
            "module.project-factory.module.project-factory.random_id.random_project_id_suffix",
            "module.project-factory.module.project-factory.google_project.main",
            "module.project-factory.module.project-factory.google_compute_shared_vpc_host_project.shared_vpc_host",
            "module.project-factory.module.project-factory.google_compute_shared_vpc_service_project.shared_vpc_attachment",
            "module.project-factory.module.project-factory.google_project_service.enable_access_context_manager",
            "module.project-factory.module.project-factory.google_service_account.default_service_account",
            "module.project-factory.module.project-factory.module.project_services.data.google_compute_default_service_account.default",
            "module.project-factory.module.project-factory.module.project_services.google_project_iam_member.project_service_identity_roles",
            "module.project-factory.module.project-factory.module.project_services.google_project_service.project_services",
            "module.project-factory.module.project-factory.google_access_context_manager_service_perimeter_resource.service_perimeter_attachment",
            "module.project-factory.module.project-factory.time_sleep.wait_5_seconds",
            "module.project-factory.module.project-factory.module.project_services.google_project_service_identity.project_service_identities"
          ]
        }
      ]
    },
    {
      "mode": "managed",
      "type": "google_project_organization_policy",
      "name": "vmCanIpForward",
      "provider": "provider[\"registry.terraform.io/hashicorp/google\"]",
      "instances": [
        {
          "schema_version": 0,
          "attributes": {
            "boolean_policy": [],
            "constraint": "constraints/compute.vmCanIpForward",
            "etag": "CNWyy5UGEJiEh6MB",
            "id": "potato-05a0:compute.vmCanIpForward",
            "list_policy": [
              {
                "allow": [
                  {
                    "all": true,
                    "values": []
                  }
                ],
                "deny": [],
                "inherit_from_parent": false,
                "suggested_value": ""
              }
            ],
            "project": "potato-05a0",
            "restore_policy": [],
            "timeouts": null,
            "update_time": "2022-06-22T08:56:53.341951Z",
            "version": 0
          },
          "sensitive_attributes": [],
          "private": "eyJlMmJmYjczMC1lY2FhLTExZTYtOGY4OC0zNDM2M2JjN2M0YzAiOnsiY3JlYXRlIjoyNDAwMDAwMDAwMDAsImRlbGV0ZSI6MjQwMDAwMDAwMDAwLCJyZWFkIjoyNDAwMDAwMDAwMDAsInVwZGF0ZSI6MjQwMDAwMDAwMDAwfX0=",
          "dependencies": [
            "module.project-factory.module.project-factory.google_access_context_manager_service_perimeter_resource.service_perimeter_attachment",
            "module.project-factory.module.project-factory.google_project.main",
            "module.project-factory.module.project-factory.google_project_service.enable_access_context_manager",
            "module.project-factory.module.project-factory.google_compute_shared_vpc_host_project.shared_vpc_host",
            "module.project-factory.module.project-factory.google_compute_shared_vpc_service_project.shared_vpc_attachment",
            "module.project-factory.module.project-factory.google_service_account.default_service_account",
            "module.project-factory.module.project-factory.module.project_services.data.google_compute_default_service_account.default",
            "module.project-factory.module.project-factory.module.project_services.google_project_iam_member.project_service_identity_roles",
            "module.project-factory.module.project-factory.module.project_services.google_project_service.project_services",
            "module.project-factory.module.project-factory.module.project_services.google_project_service_identity.project_service_identities",
            "module.project-factory.module.project-factory.random_id.random_project_id_suffix",
            "module.project-factory.module.project-factory.time_sleep.wait_5_seconds"
          ]
        }
      ]
    },
    {
      "mode": "managed",
      "type": "google_project_organization_policy",
      "name": "vmExternalIpAccess",
      "provider": "provider[\"registry.terraform.io/hashicorp/google\"]",
      "instances": [
        {
          "schema_version": 0,
          "attributes": {
            "boolean_policy": [],
            "constraint": "constraints/compute.vmExternalIpAccess",
            "etag": "CNacy5UGEJC9yv8B",
            "id": "potato-05a0:compute.vmExternalIpAccess",
            "list_policy": [
              {
                "allow": [
                  {
                    "all": true,
                    "values": []
                  }
                ],
                "deny": [],
                "inherit_from_parent": false,
                "suggested_value": ""
              }
            ],
            "project": "potato-05a0",
            "restore_policy": [],
            "timeouts": null,
            "update_time": "2022-06-22T08:09:58.535994Z",
            "version": 0
          },
          "sensitive_attributes": [],
          "private": "eyJlMmJmYjczMC1lY2FhLTExZTYtOGY4OC0zNDM2M2JjN2M0YzAiOnsiY3JlYXRlIjoyNDAwMDAwMDAwMDAsImRlbGV0ZSI6MjQwMDAwMDAwMDAwLCJyZWFkIjoyNDAwMDAwMDAwMDAsInVwZGF0ZSI6MjQwMDAwMDAwMDAwfX0=",
          "dependencies": [
            "module.project-factory.module.project-factory.google_project_service.enable_access_context_manager",
            "module.project-factory.module.project-factory.google_service_account.default_service_account",
            "module.project-factory.module.project-factory.module.project_services.google_project_iam_member.project_service_identity_roles",
            "module.project-factory.module.project-factory.google_access_context_manager_service_perimeter_resource.service_perimeter_attachment",
            "module.project-factory.module.project-factory.google_compute_shared_vpc_host_project.shared_vpc_host",
            "module.project-factory.module.project-factory.google_compute_shared_vpc_service_project.shared_vpc_attachment",
            "module.project-factory.module.project-factory.module.project_services.google_project_service_identity.project_service_identities",
            "module.project-factory.module.project-factory.random_id.random_project_id_suffix",
            "module.project-factory.module.project-factory.time_sleep.wait_5_seconds",
            "module.project-factory.module.project-factory.google_project.main",
            "module.project-factory.module.project-factory.module.project_services.data.google_compute_default_service_account.default",
            "module.project-factory.module.project-factory.module.project_services.google_project_service.project_services"
          ]
        }
      ]
    },
    {
      "mode": "managed",
      "type": "random_string",
      "name": "suffix",
      "provider": "provider[\"registry.terraform.io/hashicorp/random\"]",
      "instances": [
        {
          "schema_version": 2,
          "attributes": {
            "id": "bnrk9",
            "keepers": null,
            "length": 5,
            "lower": true,
            "min_lower": 0,
            "min_numeric": 0,
            "min_special": 0,
            "min_upper": 0,
            "number": true,
            "numeric": true,
            "override_special": null,
            "result": "bnrk9",
            "special": false,
            "upper": false
          },
          "sensitive_attributes": [],
          "private": "eyJzY2hlbWFfdmVyc2lvbiI6IjIifQ=="
        }
      ]
    },
    {
      "module": "module.enabled_google_apis",
      "mode": "managed",
      "type": "google_project_service",
      "name": "project_services",
      "provider": "provider[\"registry.terraform.io/hashicorp/google\"]",
      "instances": [
        {
          "index_key": "anthos.googleapis.com",
          "schema_version": 0,
          "attributes": {
            "disable_dependent_services": true,
            "disable_on_destroy": false,
            "id": "potato-05a0/anthos.googleapis.com",
            "project": "potato-05a0",
            "service": "anthos.googleapis.com",
            "timeouts": null
          },
          "sensitive_attributes": [],
          "private": "eyJlMmJmYjczMC1lY2FhLTExZTYtOGY4OC0zNDM2M2JjN2M0YzAiOnsiY3JlYXRlIjoxMjAwMDAwMDAwMDAwLCJkZWxldGUiOjEyMDAwMDAwMDAwMDAsInJlYWQiOjYwMDAwMDAwMDAwMCwidXBkYXRlIjoxMjAwMDAwMDAwMDAwfX0=",
          "dependencies": [
            "module.project-factory.module.project-factory.google_service_account.default_service_account",
            "module.project-factory.module.project-factory.module.project_services.google_project_service_identity.project_service_identities",
            "module.project-factory.module.project-factory.random_id.random_project_id_suffix",
            "module.project-factory.module.project-factory.google_compute_shared_vpc_host_project.shared_vpc_host",
            "module.project-factory.module.project-factory.google_compute_shared_vpc_service_project.shared_vpc_attachment",
            "module.project-factory.module.project-factory.google_project_service.enable_access_context_manager",
            "module.project-factory.module.project-factory.module.project_services.google_project_iam_member.project_service_identity_roles",
            "module.project-factory.module.project-factory.module.project_services.google_project_service.project_services",
            "module.project-factory.module.project-factory.time_sleep.wait_5_seconds",
            "module.project-factory.module.project-factory.google_access_context_manager_service_perimeter_resource.service_perimeter_attachment",
            "module.project-factory.module.project-factory.google_project.main",
            "module.project-factory.module.project-factory.module.project_services.data.google_compute_default_service_account.default"
          ]
        },
        {
          "index_key": "anthosconfigmanagement.googleapis.com",
          "schema_version": 0,
          "attributes": {
            "disable_dependent_services": true,
            "disable_on_destroy": false,
            "id": "potato-05a0/anthosconfigmanagement.googleapis.com",
            "project": "potato-05a0",
            "service": "anthosconfigmanagement.googleapis.com",
            "timeouts": null
          },
          "sensitive_attributes": [],
          "private": "eyJlMmJmYjczMC1lY2FhLTExZTYtOGY4OC0zNDM2M2JjN2M0YzAiOnsiY3JlYXRlIjoxMjAwMDAwMDAwMDAwLCJkZWxldGUiOjEyMDAwMDAwMDAwMDAsInJlYWQiOjYwMDAwMDAwMDAwMCwidXBkYXRlIjoxMjAwMDAwMDAwMDAwfX0=",
          "dependencies": [
            "module.project-factory.module.project-factory.google_compute_shared_vpc_host_project.shared_vpc_host",
            "module.project-factory.module.project-factory.google_compute_shared_vpc_service_project.shared_vpc_attachment",
            "module.project-factory.module.project-factory.google_project.main",
            "module.project-factory.module.project-factory.google_project_service.enable_access_context_manager",
            "module.project-factory.module.project-factory.google_service_account.default_service_account",
            "module.project-factory.module.project-factory.module.project_services.data.google_compute_default_service_account.default",
            "module.project-factory.module.project-factory.module.project_services.google_project_iam_member.project_service_identity_roles",
            "module.project-factory.module.project-factory.google_access_context_manager_service_perimeter_resource.service_perimeter_attachment",
            "module.project-factory.module.project-factory.random_id.random_project_id_suffix",
            "module.project-factory.module.project-factory.module.project_services.google_project_service.project_services",
            "module.project-factory.module.project-factory.time_sleep.wait_5_seconds",
            "module.project-factory.module.project-factory.module.project_services.google_project_service_identity.project_service_identities"
          ]
        },
        {
          "index_key": "cloudresourcemanager.googleapis.com",
          "schema_version": 0,
          "attributes": {
            "disable_dependent_services": true,
            "disable_on_destroy": false,
            "id": "potato-05a0/cloudresourcemanager.googleapis.com",
            "project": "potato-05a0",
            "service": "cloudresourcemanager.googleapis.com",
            "timeouts": null
          },
          "sensitive_attributes": [],
          "private": "eyJlMmJmYjczMC1lY2FhLTExZTYtOGY4OC0zNDM2M2JjN2M0YzAiOnsiY3JlYXRlIjoxMjAwMDAwMDAwMDAwLCJkZWxldGUiOjEyMDAwMDAwMDAwMDAsInJlYWQiOjYwMDAwMDAwMDAwMCwidXBkYXRlIjoxMjAwMDAwMDAwMDAwfX0=",
          "dependencies": [
            "module.project-factory.module.project-factory.google_compute_shared_vpc_host_project.shared_vpc_host",
            "module.project-factory.module.project-factory.google_compute_shared_vpc_service_project.shared_vpc_attachment",
            "module.project-factory.module.project-factory.google_project.main",
            "module.project-factory.module.project-factory.module.project_services.data.google_compute_default_service_account.default",
            "module.project-factory.module.project-factory.module.project_services.google_project_iam_member.project_service_identity_roles",
            "module.project-factory.module.project-factory.module.project_services.google_project_service.project_services",
            "module.project-factory.module.project-factory.module.project_services.google_project_service_identity.project_service_identities"
          ]
        },
        {
          "index_key": "cloudtrace.googleapis.com",
          "schema_version": 0,
          "attributes": {
            "disable_dependent_services": true,
            "disable_on_destroy": false,
            "id": "potato-05a0/cloudtrace.googleapis.com",
            "project": "potato-05a0",
            "service": "cloudtrace.googleapis.com",
            "timeouts": null
          },
          "sensitive_attributes": [],
          "private": "eyJlMmJmYjczMC1lY2FhLTExZTYtOGY4OC0zNDM2M2JjN2M0YzAiOnsiY3JlYXRlIjoxMjAwMDAwMDAwMDAwLCJkZWxldGUiOjEyMDAwMDAwMDAwMDAsInJlYWQiOjYwMDAwMDAwMDAwMCwidXBkYXRlIjoxMjAwMDAwMDAwMDAwfX0=",
          "dependencies": [
            "module.project-factory.module.project-factory.google_compute_shared_vpc_host_project.shared_vpc_host",
            "module.project-factory.module.project-factory.google_compute_shared_vpc_service_project.shared_vpc_attachment",
            "module.project-factory.module.project-factory.google_project.main",
            "module.project-factory.module.project-factory.module.project_services.data.google_compute_default_service_account.default",
            "module.project-factory.module.project-factory.module.project_services.google_project_iam_member.project_service_identity_roles",
            "module.project-factory.module.project-factory.module.project_services.google_project_service.project_services",
            "module.project-factory.module.project-factory.module.project_services.google_project_service_identity.project_service_identities"
          ]
        },
        {
          "index_key": "compute.googleapis.com",
          "schema_version": 0,
          "attributes": {
            "disable_dependent_services": true,
            "disable_on_destroy": false,
            "id": "potato-05a0/compute.googleapis.com",
            "project": "potato-05a0",
            "service": "compute.googleapis.com",
            "timeouts": null
          },
          "sensitive_attributes": [],
          "private": "eyJlMmJmYjczMC1lY2FhLTExZTYtOGY4OC0zNDM2M2JjN2M0YzAiOnsiY3JlYXRlIjoxMjAwMDAwMDAwMDAwLCJkZWxldGUiOjEyMDAwMDAwMDAwMDAsInJlYWQiOjYwMDAwMDAwMDAwMCwidXBkYXRlIjoxMjAwMDAwMDAwMDAwfX0=",
          "dependencies": [
            "module.project-factory.module.project-factory.module.project_services.google_project_service_identity.project_service_identities",
            "module.project-factory.module.project-factory.google_access_context_manager_service_perimeter_resource.service_perimeter_attachment",
            "module.project-factory.module.project-factory.google_compute_shared_vpc_service_project.shared_vpc_attachment",
            "module.project-factory.module.project-factory.google_service_account.default_service_account",
            "module.project-factory.module.project-factory.module.project_services.google_project_service.project_services",
            "module.project-factory.module.project-factory.module.project_services.google_project_iam_member.project_service_identity_roles",
            "module.project-factory.module.project-factory.random_id.random_project_id_suffix",
            "module.project-factory.module.project-factory.time_sleep.wait_5_seconds",
            "module.project-factory.module.project-factory.google_compute_shared_vpc_host_project.shared_vpc_host",
            "module.project-factory.module.project-factory.google_project.main",
            "module.project-factory.module.project-factory.google_project_service.enable_access_context_manager",
            "module.project-factory.module.project-factory.module.project_services.data.google_compute_default_service_account.default"
          ]
        },
        {
          "index_key": "container.googleapis.com",
          "schema_version": 0,
          "attributes": {
            "disable_dependent_services": true,
            "disable_on_destroy": false,
            "id": "potato-05a0/container.googleapis.com",
            "project": "potato-05a0",
            "service": "container.googleapis.com",
            "timeouts": null
          },
          "sensitive_attributes": [],
          "private": "eyJlMmJmYjczMC1lY2FhLTExZTYtOGY4OC0zNDM2M2JjN2M0YzAiOnsiY3JlYXRlIjoxMjAwMDAwMDAwMDAwLCJkZWxldGUiOjEyMDAwMDAwMDAwMDAsInJlYWQiOjYwMDAwMDAwMDAwMCwidXBkYXRlIjoxMjAwMDAwMDAwMDAwfX0=",
          "dependencies": [
            "module.project-factory.module.project-factory.random_id.random_project_id_suffix",
            "module.project-factory.module.project-factory.time_sleep.wait_5_seconds",
            "module.project-factory.module.project-factory.google_access_context_manager_service_perimeter_resource.service_perimeter_attachment",
            "module.project-factory.module.project-factory.google_compute_shared_vpc_host_project.shared_vpc_host",
            "module.project-factory.module.project-factory.google_project_service.enable_access_context_manager",
            "module.project-factory.module.project-factory.module.project_services.data.google_compute_default_service_account.default",
            "module.project-factory.module.project-factory.module.project_services.google_project_iam_member.project_service_identity_roles",
            "module.project-factory.module.project-factory.module.project_services.google_project_service.project_services",
            "module.project-factory.module.project-factory.google_compute_shared_vpc_service_project.shared_vpc_attachment",
            "module.project-factory.module.project-factory.google_project.main",
            "module.project-factory.module.project-factory.google_service_account.default_service_account",
            "module.project-factory.module.project-factory.module.project_services.google_project_service_identity.project_service_identities"
          ]
        },
        {
          "index_key": "gkehub.googleapis.com",
          "schema_version": 0,
          "attributes": {
            "disable_dependent_services": true,
            "disable_on_destroy": false,
            "id": "potato-05a0/gkehub.googleapis.com",
            "project": "potato-05a0",
            "service": "gkehub.googleapis.com",
            "timeouts": null
          },
          "sensitive_attributes": [],
          "private": "eyJlMmJmYjczMC1lY2FhLTExZTYtOGY4OC0zNDM2M2JjN2M0YzAiOnsiY3JlYXRlIjoxMjAwMDAwMDAwMDAwLCJkZWxldGUiOjEyMDAwMDAwMDAwMDAsInJlYWQiOjYwMDAwMDAwMDAwMCwidXBkYXRlIjoxMjAwMDAwMDAwMDAwfX0=",
          "dependencies": [
            "module.project-factory.module.project-factory.module.project_services.google_project_service_identity.project_service_identities",
            "module.project-factory.module.project-factory.random_id.random_project_id_suffix",
            "module.project-factory.module.project-factory.google_access_context_manager_service_perimeter_resource.service_perimeter_attachment",
            "module.project-factory.module.project-factory.google_compute_shared_vpc_host_project.shared_vpc_host",
            "module.project-factory.module.project-factory.google_compute_shared_vpc_service_project.shared_vpc_attachment",
            "module.project-factory.module.project-factory.google_project.main",
            "module.project-factory.module.project-factory.google_project_service.enable_access_context_manager",
            "module.project-factory.module.project-factory.module.project_services.data.google_compute_default_service_account.default",
            "module.project-factory.module.project-factory.time_sleep.wait_5_seconds",
            "module.project-factory.module.project-factory.google_service_account.default_service_account",
            "module.project-factory.module.project-factory.module.project_services.google_project_iam_member.project_service_identity_roles",
            "module.project-factory.module.project-factory.module.project_services.google_project_service.project_services"
          ]
        },
        {
          "index_key": "logging.googleapis.com",
          "schema_version": 0,
          "attributes": {
            "disable_dependent_services": true,
            "disable_on_destroy": false,
            "id": "potato-05a0/logging.googleapis.com",
            "project": "potato-05a0",
            "service": "logging.googleapis.com",
            "timeouts": null
          },
          "sensitive_attributes": [],
          "private": "eyJlMmJmYjczMC1lY2FhLTExZTYtOGY4OC0zNDM2M2JjN2M0YzAiOnsiY3JlYXRlIjoxMjAwMDAwMDAwMDAwLCJkZWxldGUiOjEyMDAwMDAwMDAwMDAsInJlYWQiOjYwMDAwMDAwMDAwMCwidXBkYXRlIjoxMjAwMDAwMDAwMDAwfX0=",
          "dependencies": [
            "module.project-factory.module.project-factory.google_compute_shared_vpc_host_project.shared_vpc_host",
            "module.project-factory.module.project-factory.google_compute_shared_vpc_service_project.shared_vpc_attachment",
            "module.project-factory.module.project-factory.google_project.main",
            "module.project-factory.module.project-factory.module.project_services.data.google_compute_default_service_account.default",
            "module.project-factory.module.project-factory.module.project_services.google_project_iam_member.project_service_identity_roles",
            "module.project-factory.module.project-factory.module.project_services.google_project_service.project_services",
            "module.project-factory.module.project-factory.module.project_services.google_project_service_identity.project_service_identities"
          ]
        },
        {
          "index_key": "meshca.googleapis.com",
          "schema_version": 0,
          "attributes": {
            "disable_dependent_services": true,
            "disable_on_destroy": false,
            "id": "potato-05a0/meshca.googleapis.com",
            "project": "potato-05a0",
            "service": "meshca.googleapis.com",
            "timeouts": null
          },
          "sensitive_attributes": [],
          "private": "eyJlMmJmYjczMC1lY2FhLTExZTYtOGY4OC0zNDM2M2JjN2M0YzAiOnsiY3JlYXRlIjoxMjAwMDAwMDAwMDAwLCJkZWxldGUiOjEyMDAwMDAwMDAwMDAsInJlYWQiOjYwMDAwMDAwMDAwMCwidXBkYXRlIjoxMjAwMDAwMDAwMDAwfX0=",
          "dependencies": [
            "module.project-factory.module.project-factory.google_compute_shared_vpc_host_project.shared_vpc_host",
            "module.project-factory.module.project-factory.google_compute_shared_vpc_service_project.shared_vpc_attachment",
            "module.project-factory.module.project-factory.google_project.main",
            "module.project-factory.module.project-factory.module.project_services.data.google_compute_default_service_account.default",
            "module.project-factory.module.project-factory.module.project_services.google_project_iam_member.project_service_identity_roles",
            "module.project-factory.module.project-factory.module.project_services.google_project_service.project_services",
            "module.project-factory.module.project-factory.module.project_services.google_project_service_identity.project_service_identities"
          ]
        },
        {
          "index_key": "meshconfig.googleapis.com",
          "schema_version": 0,
          "attributes": {
            "disable_dependent_services": true,
            "disable_on_destroy": false,
            "id": "potato-05a0/meshconfig.googleapis.com",
            "project": "potato-05a0",
            "service": "meshconfig.googleapis.com",
            "timeouts": null
          },
          "sensitive_attributes": [],
          "private": "eyJlMmJmYjczMC1lY2FhLTExZTYtOGY4OC0zNDM2M2JjN2M0YzAiOnsiY3JlYXRlIjoxMjAwMDAwMDAwMDAwLCJkZWxldGUiOjEyMDAwMDAwMDAwMDAsInJlYWQiOjYwMDAwMDAwMDAwMCwidXBkYXRlIjoxMjAwMDAwMDAwMDAwfX0=",
          "dependencies": [
            "module.project-factory.module.project-factory.module.project_services.google_project_service.project_services",
            "module.project-factory.module.project-factory.module.project_services.google_project_service_identity.project_service_identities",
            "module.project-factory.module.project-factory.time_sleep.wait_5_seconds",
            "module.project-factory.module.project-factory.google_access_context_manager_service_perimeter_resource.service_perimeter_attachment",
            "module.project-factory.module.project-factory.google_project_service.enable_access_context_manager",
            "module.project-factory.module.project-factory.google_service_account.default_service_account",
            "module.project-factory.module.project-factory.module.project_services.data.google_compute_default_service_account.default",
            "module.project-factory.module.project-factory.random_id.random_project_id_suffix",
            "module.project-factory.module.project-factory.google_compute_shared_vpc_host_project.shared_vpc_host",
            "module.project-factory.module.project-factory.google_compute_shared_vpc_service_project.shared_vpc_attachment",
            "module.project-factory.module.project-factory.google_project.main",
            "module.project-factory.module.project-factory.module.project_services.google_project_iam_member.project_service_identity_roles"
          ]
        },
        {
          "index_key": "meshtelemetry.googleapis.com",
          "schema_version": 0,
          "attributes": {
            "disable_dependent_services": true,
            "disable_on_destroy": false,
            "id": "potato-05a0/meshtelemetry.googleapis.com",
            "project": "potato-05a0",
            "service": "meshtelemetry.googleapis.com",
            "timeouts": null
          },
          "sensitive_attributes": [],
          "private": "eyJlMmJmYjczMC1lY2FhLTExZTYtOGY4OC0zNDM2M2JjN2M0YzAiOnsiY3JlYXRlIjoxMjAwMDAwMDAwMDAwLCJkZWxldGUiOjEyMDAwMDAwMDAwMDAsInJlYWQiOjYwMDAwMDAwMDAwMCwidXBkYXRlIjoxMjAwMDAwMDAwMDAwfX0=",
          "dependencies": [
            "module.project-factory.module.project-factory.google_compute_shared_vpc_host_project.shared_vpc_host",
            "module.project-factory.module.project-factory.google_compute_shared_vpc_service_project.shared_vpc_attachment",
            "module.project-factory.module.project-factory.google_project.main",
            "module.project-factory.module.project-factory.module.project_services.data.google_compute_default_service_account.default",
            "module.project-factory.module.project-factory.module.project_services.google_project_iam_member.project_service_identity_roles",
            "module.project-factory.module.project-factory.module.project_services.google_project_service.project_services",
            "module.project-factory.module.project-factory.module.project_services.google_project_service_identity.project_service_identities"
          ]
        },
        {
          "index_key": "servicemanagement.googleapis.com",
          "schema_version": 0,
          "attributes": {
            "disable_dependent_services": true,
            "disable_on_destroy": false,
            "id": "potato-05a0/servicemanagement.googleapis.com",
            "project": "potato-05a0",
            "service": "servicemanagement.googleapis.com",
            "timeouts": null
          },
          "sensitive_attributes": [],
          "private": "eyJlMmJmYjczMC1lY2FhLTExZTYtOGY4OC0zNDM2M2JjN2M0YzAiOnsiY3JlYXRlIjoxMjAwMDAwMDAwMDAwLCJkZWxldGUiOjEyMDAwMDAwMDAwMDAsInJlYWQiOjYwMDAwMDAwMDAwMCwidXBkYXRlIjoxMjAwMDAwMDAwMDAwfX0=",
          "dependencies": [
            "module.project-factory.module.project-factory.google_service_account.default_service_account",
            "module.project-factory.module.project-factory.module.project_services.data.google_compute_default_service_account.default",
            "module.project-factory.module.project-factory.module.project_services.google_project_service.project_services",
            "module.project-factory.module.project-factory.module.project_services.google_project_service_identity.project_service_identities",
            "module.project-factory.module.project-factory.google_compute_shared_vpc_host_project.shared_vpc_host",
            "module.project-factory.module.project-factory.google_compute_shared_vpc_service_project.shared_vpc_attachment",
            "module.project-factory.module.project-factory.google_project.main",
            "module.project-factory.module.project-factory.google_project_service.enable_access_context_manager",
            "module.project-factory.module.project-factory.random_id.random_project_id_suffix",
            "module.project-factory.module.project-factory.google_access_context_manager_service_perimeter_resource.service_perimeter_attachment",
            "module.project-factory.module.project-factory.module.project_services.google_project_iam_member.project_service_identity_roles",
            "module.project-factory.module.project-factory.time_sleep.wait_5_seconds"
          ]
        },
        {
          "index_key": "stackdriver.googleapis.com",
          "schema_version": 0,
          "attributes": {
            "disable_dependent_services": true,
            "disable_on_destroy": false,
            "id": "potato-05a0/stackdriver.googleapis.com",
            "project": "potato-05a0",
            "service": "stackdriver.googleapis.com",
            "timeouts": null
          },
          "sensitive_attributes": [],
          "private": "eyJlMmJmYjczMC1lY2FhLTExZTYtOGY4OC0zNDM2M2JjN2M0YzAiOnsiY3JlYXRlIjoxMjAwMDAwMDAwMDAwLCJkZWxldGUiOjEyMDAwMDAwMDAwMDAsInJlYWQiOjYwMDAwMDAwMDAwMCwidXBkYXRlIjoxMjAwMDAwMDAwMDAwfX0=",
          "dependencies": [
            "module.project-factory.module.project-factory.google_compute_shared_vpc_host_project.shared_vpc_host",
            "module.project-factory.module.project-factory.google_compute_shared_vpc_service_project.shared_vpc_attachment",
            "module.project-factory.module.project-factory.google_project.main",
            "module.project-factory.module.project-factory.module.project_services.data.google_compute_default_service_account.default",
            "module.project-factory.module.project-factory.module.project_services.google_project_iam_member.project_service_identity_roles",
            "module.project-factory.module.project-factory.module.project_services.google_project_service.project_services",
            "module.project-factory.module.project-factory.module.project_services.google_project_service_identity.project_service_identities"
          ]
        }
      ]
    },
    {
      "module": "module.gcp-network.module.subnets",
      "mode": "managed",
      "type": "google_compute_subnetwork",
      "name": "subnetwork",
      "provider": "provider[\"registry.terraform.io/hashicorp/google\"]",
      "instances": [
        {
          "index_key": "us-central1/default",
          "schema_version": 0,
          "attributes": {
            "creation_timestamp": "2022-06-22T01:10:22.863-07:00",
            "description": "",
            "external_ipv6_prefix": "",
            "fingerprint": null,
            "gateway_address": "10.0.0.1",
            "id": "projects/potato-05a0/regions/us-central1/subnetworks/default",
            "ip_cidr_range": "10.0.0.0/17",
            "ipv6_access_type": "",
            "ipv6_cidr_range": "",
            "log_config": [],
            "name": "default",
            "network": "https://www.googleapis.com/compute/v1/projects/potato-05a0/global/networks/default",
            "private_ip_google_access": false,
            "private_ipv6_google_access": "DISABLE_GOOGLE_ACCESS",
            "project": "potato-05a0",
            "purpose": "PRIVATE",
            "region": "us-central1",
            "role": "",
            "secondary_ip_range": [
              {
                "ip_cidr_range": "192.168.0.0/18",
                "range_name": "pods"
              },
              {
                "ip_cidr_range": "192.168.64.0/18",
                "range_name": "svcs"
              }
            ],
            "self_link": "https://www.googleapis.com/compute/v1/projects/potato-05a0/regions/us-central1/subnetworks/default",
            "stack_type": "IPV4_ONLY",
            "timeouts": null
          },
          "sensitive_attributes": [],
          "private": "eyJlMmJmYjczMC1lY2FhLTExZTYtOGY4OC0zNDM2M2JjN2M0YzAiOnsiY3JlYXRlIjoxMjAwMDAwMDAwMDAwLCJkZWxldGUiOjEyMDAwMDAwMDAwMDAsInVwZGF0ZSI6MTIwMDAwMDAwMDAwMH19",
          "dependencies": [
            "module.project-factory.module.project-factory.module.project_services.google_project_service_identity.project_service_identities",
            "module.project-factory.module.project-factory.time_sleep.wait_5_seconds",
            "module.gcp-network.module.vpc.google_compute_network.network",
            "module.project-factory.module.project-factory.google_compute_shared_vpc_host_project.shared_vpc_host",
            "module.project-factory.module.project-factory.google_project_service.enable_access_context_manager",
            "module.project-factory.module.project-factory.google_service_account.default_service_account",
            "module.project-factory.module.project-factory.module.project_services.data.google_compute_default_service_account.default",
            "module.project-factory.module.project-factory.random_id.random_project_id_suffix",
            "module.project-factory.module.project-factory.google_access_context_manager_service_perimeter_resource.service_perimeter_attachment",
            "module.project-factory.module.project-factory.google_compute_shared_vpc_service_project.shared_vpc_attachment",
            "module.project-factory.module.project-factory.google_project.main",
            "module.project-factory.module.project-factory.module.project_services.google_project_iam_member.project_service_identity_roles",
            "module.project-factory.module.project-factory.module.project_services.google_project_service.project_services"
          ]
        }
      ]
    },
    {
      "module": "module.gcp-network.module.vpc",
      "mode": "managed",
      "type": "google_compute_network",
      "name": "network",
      "provider": "provider[\"registry.terraform.io/hashicorp/google\"]",
      "instances": [
        {
          "schema_version": 0,
          "attributes": {
            "auto_create_subnetworks": false,
            "delete_default_routes_on_create": false,
            "description": "",
            "enable_ula_internal_ipv6": false,
            "gateway_ipv4": "",
            "id": "projects/potato-05a0/global/networks/default",
            "internal_ipv6_range": "",
            "mtu": 0,
            "name": "default",
            "project": "potato-05a0",
            "routing_mode": "GLOBAL",
            "self_link": "https://www.googleapis.com/compute/v1/projects/potato-05a0/global/networks/default",
            "timeouts": null
          },
          "sensitive_attributes": [],
          "private": "eyJlMmJmYjczMC1lY2FhLTExZTYtOGY4OC0zNDM2M2JjN2M0YzAiOnsiY3JlYXRlIjoxMjAwMDAwMDAwMDAwLCJkZWxldGUiOjEyMDAwMDAwMDAwMDAsInVwZGF0ZSI6MTIwMDAwMDAwMDAwMH19",
          "dependencies": [
            "module.project-factory.module.project-factory.google_project.main",
            "module.project-factory.module.project-factory.google_service_account.default_service_account",
            "module.project-factory.module.project-factory.module.project_services.data.google_compute_default_service_account.default",
            "module.project-factory.module.project-factory.module.project_services.google_project_service_identity.project_service_identities",
            "module.project-factory.module.project-factory.random_id.random_project_id_suffix",
            "module.project-factory.module.project-factory.time_sleep.wait_5_seconds",
            "module.project-factory.module.project-factory.google_access_context_manager_service_perimeter_resource.service_perimeter_attachment",
            "module.project-factory.module.project-factory.google_compute_shared_vpc_service_project.shared_vpc_attachment",
            "module.project-factory.module.project-factory.module.project_services.google_project_iam_member.project_service_identity_roles",
            "module.project-factory.module.project-factory.module.project_services.google_project_service.project_services",
            "module.project-factory.module.project-factory.google_compute_shared_vpc_host_project.shared_vpc_host",
            "module.project-factory.module.project-factory.google_project_service.enable_access_context_manager"
          ]
        }
      ]
    },
    {
      "module": "module.gke",
      "mode": "data",
      "type": "google_compute_zones",
      "name": "available",
      "provider": "provider[\"registry.terraform.io/hashicorp/google\"]",
      "instances": [
        {
          "schema_version": 0,
          "attributes": {
            "id": "projects/potato-05a0/regions/us-central1",
            "names": [
              "us-central1-a",
              "us-central1-b",
              "us-central1-c",
              "us-central1-f"
            ],
            "project": "potato-05a0",
            "region": "us-central1",
            "status": null
          },
          "sensitive_attributes": []
        }
      ]
    },
    {
      "module": "module.gke",
      "mode": "data",
      "type": "google_container_engine_versions",
      "name": "region",
      "provider": "provider[\"registry.terraform.io/hashicorp/google\"]",
      "instances": [
        {
          "schema_version": 0,
          "attributes": {
            "default_cluster_version": "1.22.8-gke.202",
            "id": "2022-06-22 09:22:10.777172972 +0000 UTC",
            "latest_master_version": "1.23.6-gke.2200",
            "latest_node_version": "1.23.6-gke.2200",
            "location": "us-central1",
            "project": "potato-05a0",
            "release_channel_default_version": {
              "RAPID": "1.23.6-gke.1501",
              "REGULAR": "1.22.8-gke.202",
              "STABLE": "1.21.11-gke.1900"
            },
            "valid_master_versions": [
              "1.23.6-gke.2200",
              "1.23.6-gke.1700",
              "1.23.6-gke.1501",
              "1.23.6-gke.1500",
              "1.23.5-gke.2400",
              "1.23.5-gke.1503",
              "1.23.5-gke.1501",
              "1.22.9-gke.2000",
              "1.22.9-gke.1500",
              "1.22.9-gke.1300",
              "1.22.8-gke.2200",
              "1.22.8-gke.202",
              "1.22.8-gke.201",
              "1.22.8-gke.200",
              "1.21.12-gke.2200",
              "1.21.12-gke.1700",
              "1.21.12-gke.1500",
              "1.21.11-gke.1900",
              "1.21.11-gke.1100",
              "1.20.15-gke.8700",
              "1.20.15-gke.8200",
              "1.20.15-gke.8000",
              "1.20.15-gke.6000",
              "1.19.16-gke.14500",
              "1.19.16-gke.14000",
              "1.19.16-gke.13800",
              "1.19.16-gke.11800",
              "1.19.16-gke.11000",
              "1.19.16-gke.9400"
            ],
            "valid_node_versions": [
              "1.23.6-gke.2200",
              "1.23.6-gke.1700",
              "1.23.6-gke.1501",
              "1.23.6-gke.1500",
              "1.23.5-gke.2400",
              "1.23.5-gke.1503",
              "1.23.5-gke.1501",
              "1.22.9-gke.2000",
              "1.22.9-gke.1500",
              "1.22.9-gke.1300",
              "1.22.8-gke.2200",
              "1.22.8-gke.202",
              "1.22.8-gke.201",
              "1.22.8-gke.200",
              "1.22.7-gke.1500",
              "1.22.7-gke.1300",
              "1.22.7-gke.900",
              "1.22.7-gke.300",
              "1.22.6-gke.1000",
              "1.22.6-gke.300",
              "1.22.4-gke.1501",
              "1.22.3-gke.1500",
              "1.21.12-gke.2200",
              "1.21.12-gke.1700",
              "1.21.12-gke.1500",
              "1.21.11-gke.1900",
              "1.21.11-gke.1100",
              "1.21.11-gke.900",
              "1.21.10-gke.2000",
              "1.21.10-gke.1500",
              "1.21.10-gke.1300",
              "1.21.10-gke.400",
              "1.21.9-gke.1002",
              "1.21.9-gke.1001",
              "1.21.9-gke.1000",
              "1.21.9-gke.300",
              "1.21.6-gke.1503",
              "1.21.6-gke.1501",
              "1.21.6-gke.1500",
              "1.21.5-gke.1805",
              "1.21.5-gke.1802",
              "1.21.5-gke.1302",
              "1.21.5-gke.1300",
              "1.21.4-gke.2302",
              "1.21.4-gke.2300",
              "1.21.3-gke.2003",
              "1.21.3-gke.2001",
              "1.20.15-gke.8700",
              "1.20.15-gke.8200",
              "1.20.15-gke.8000",
              "1.20.15-gke.6000",
              "1.20.15-gke.5200",
              "1.20.15-gke.5000",
              "1.20.15-gke.4100",
              "1.20.15-gke.3600",
              "1.20.15-gke.3400",
              "1.20.15-gke.2500",
              "1.20.15-gke.1000",
              "1.20.15-gke.300",
              "1.20.12-gke.1500",
              "1.20.11-gke.1801",
              "1.20.11-gke.1300",
              "1.20.10-gke.2100",
              "1.20.10-gke.1600",
              "1.20.10-gke.301",
              "1.20.9-gke.2100",
              "1.20.9-gke.1001",
              "1.20.9-gke.1000",
              "1.20.9-gke.701",
              "1.20.9-gke.700",
              "1.20.8-gke.2101",
              "1.20.8-gke.2100",
              "1.20.8-gke.900",
              "1.20.8-gke.700",
              "1.20.7-gke.2200",
              "1.20.7-gke.1800",
              "1.20.6-gke.1400",
              "1.20.6-gke.1000",
              "1.19.16-gke.14500",
              "1.19.16-gke.14000",
              "1.19.16-gke.13800",
              "1.19.16-gke.11800",
              "1.19.16-gke.11000",
              "1.19.16-gke.10800",
              "1.19.16-gke.9900",
              "1.19.16-gke.9400",
              "1.19.16-gke.9200",
              "1.19.16-gke.8300",
              "1.19.16-gke.6800",
              "1.19.16-gke.6100",
              "1.19.16-gke.3600",
              "1.19.15-gke.1801",
              "1.19.15-gke.1300",
              "1.19.15-gke.500",
              "1.19.14-gke.2300",
              "1.19.14-gke.1900",
              "1.19.14-gke.301",
              "1.19.14-gke.300",
              "1.19.13-gke.1900",
              "1.19.13-gke.1200",
              "1.19.13-gke.701",
              "1.19.13-gke.700",
              "1.19.12-gke.2101",
              "1.19.12-gke.2100",
              "1.19.12-gke.1100",
              "1.19.12-gke.900",
              "1.19.12-gke.700",
              "1.19.11-gke.2101",
              "1.19.11-gke.2100",
              "1.19.11-gke.1701",
              "1.19.11-gke.1700",
              "1.19.10-gke.1701",
              "1.19.10-gke.1700",
              "1.19.10-gke.1601",
              "1.19.10-gke.1600",
              "1.19.10-gke.1001",
              "1.19.10-gke.1000",
              "1.19.9-gke.1900",
              "1.19.9-gke.1400",
              "1.19.9-gke.700",
              "1.19.9-gke.100",
              "1.19.8-gke.2000",
              "1.19.8-gke.1600",
              "1.19.8-gke.1000",
              "1.19.7-gke.2503",
              "1.19.7-gke.1500",
              "1.19.7-gke.1302",
              "1.19.7-gke.800",
              "1.19.6-gke.1700",
              "1.19.6-gke.1100",
              "1.19.6-gke.600",
              "1.18.20-gke.6101",
              "1.18.20-gke.6000",
              "1.18.20-gke.4501",
              "1.18.20-gke.4500",
              "1.18.20-gke.4100",
              "1.18.20-gke.3300",
              "1.18.20-gke.3001",
              "1.18.20-gke.3000",
              "1.18.20-gke.2300",
              "1.18.20-gke.901",
              "1.18.20-gke.900",
              "1.18.20-gke.501",
              "1.18.19-gke.2101",
              "1.18.19-gke.2100",
              "1.18.19-gke.1701",
              "1.18.19-gke.1700",
              "1.18.18-gke.1701",
              "1.18.18-gke.1700",
              "1.18.18-gke.1101",
              "1.18.18-gke.1100",
              "1.18.17-gke.1901",
              "1.18.17-gke.1900",
              "1.18.17-gke.1201",
              "1.18.17-gke.1200",
              "1.18.17-gke.700",
              "1.18.17-gke.100",
              "1.18.16-gke.2100",
              "1.18.16-gke.1201",
              "1.18.16-gke.1200",
              "1.18.16-gke.502",
              "1.18.16-gke.500",
              "1.18.16-gke.302",
              "1.18.16-gke.300",
              "1.18.15-gke.2500",
              "1.18.15-gke.1502",
              "1.18.15-gke.1501",
              "1.18.15-gke.1500",
              "1.18.15-gke.1102",
              "1.18.15-gke.1100",
              "1.18.15-gke.800",
              "1.18.14-gke.1600",
              "1.18.14-gke.1200",
              "1.18.12-gke.1210",
              "1.18.12-gke.1206",
              "1.18.12-gke.1205",
              "1.18.12-gke.1201",
              "1.18.12-gke.1200",
              "1.18.12-gke.300",
              "1.18.10-gke.2701",
              "1.18.10-gke.2101",
              "1.18.10-gke.1500",
              "1.18.10-gke.601",
              "1.18.9-gke.2501",
              "1.18.9-gke.1501",
              "1.18.9-gke.801",
              "1.18.6-gke.4801",
              "1.18.6-gke.3504",
              "1.18.6-gke.3503",
              "1.17.17-gke.9100",
              "1.17.17-gke.8500",
              "1.17.17-gke.8200",
              "1.17.17-gke.7800",
              "1.17.17-gke.7200",
              "1.17.17-gke.6700",
              "1.17.17-gke.6000",
              "1.17.17-gke.5400",
              "1.17.17-gke.4900",
              "1.17.17-gke.4400",
              "1.17.17-gke.3700",
              "1.17.17-gke.3000",
              "1.17.17-gke.2800",
              "1.17.17-gke.2500",
              "1.17.17-gke.1500",
              "1.17.17-gke.1101",
              "1.17.17-gke.1100",
              "1.17.17-gke.600",
              "1.17.16-gke.1600",
              "1.17.16-gke.1300",
              "1.17.15-gke.800",
              "1.17.15-gke.300",
              "1.17.14-gke.1600",
              "1.17.14-gke.1200",
              "1.17.14-gke.400",
              "1.17.13-gke.2600",
              "1.17.13-gke.2001",
              "1.17.13-gke.1401",
              "1.17.13-gke.1400",
              "1.17.13-gke.600",
              "1.17.12-gke.2502",
              "1.17.12-gke.1504",
              "1.17.12-gke.1501",
              "1.17.12-gke.500",
              "1.17.9-gke.6300",
              "1.17.9-gke.1504",
              "1.16.15-gke.14800",
              "1.16.15-gke.12500",
              "1.16.15-gke.11800",
              "1.16.15-gke.10600",
              "1.16.15-gke.7801",
              "1.16.15-gke.7800",
              "1.16.15-gke.7300",
              "1.16.15-gke.6900",
              "1.16.15-gke.6000",
              "1.16.15-gke.5500",
              "1.16.15-gke.4901",
              "1.16.15-gke.4301",
              "1.16.15-gke.4300",
              "1.16.15-gke.3500",
              "1.16.15-gke.2601",
              "1.16.15-gke.1600",
              "1.16.15-gke.500",
              "1.16.13-gke.404",
              "1.16.13-gke.403",
              "1.16.13-gke.401",
              "1.16.13-gke.400",
              "1.16.13-gke.1",
              "1.16.11-gke.5",
              "1.16.10-gke.8",
              "1.16.9-gke.6",
              "1.16.9-gke.2",
              "1.16.8-gke.15",
              "1.16.8-gke.12",
              "1.16.8-gke.9",
              "1.15.12-gke.6002",
              "1.15.12-gke.6001",
              "1.15.12-gke.5000",
              "1.15.12-gke.4002",
              "1.15.12-gke.4000",
              "1.15.12-gke.20",
              "1.15.12-gke.17",
              "1.15.12-gke.16",
              "1.15.12-gke.13",
              "1.15.12-gke.9",
              "1.15.12-gke.6",
              "1.15.12-gke.3",
              "1.15.12-gke.2",
              "1.15.11-gke.17",
              "1.15.11-gke.15",
              "1.15.11-gke.13",
              "1.15.11-gke.12",
              "1.15.11-gke.11",
              "1.15.11-gke.9",
              "1.15.11-gke.5",
              "1.15.11-gke.3",
              "1.15.11-gke.1",
              "1.15.9-gke.26",
              "1.15.9-gke.24",
              "1.15.9-gke.22",
              "1.15.9-gke.12",
              "1.15.9-gke.9",
              "1.15.9-gke.8",
              "1.15.8-gke.3",
              "1.15.8-gke.2",
              "1.15.7-gke.23",
              "1.15.7-gke.2",
              "1.15.4-gke.22",
              "1.14.10-gke.1504",
              "1.14.10-gke.902",
              "1.14.10-gke.50",
              "1.14.10-gke.46",
              "1.14.10-gke.45",
              "1.14.10-gke.42",
              "1.14.10-gke.41",
              "1.14.10-gke.40",
              "1.14.10-gke.37",
              "1.14.10-gke.36",
              "1.14.10-gke.34",
              "1.14.10-gke.32",
              "1.14.10-gke.31",
              "1.14.10-gke.27",
              "1.14.10-gke.24",
              "1.14.10-gke.22",
              "1.14.10-gke.21",
              "1.14.10-gke.17",
              "1.14.10-gke.0",
              "1.14.9-gke.23",
              "1.14.9-gke.2",
              "1.14.9-gke.0",
              "1.14.8-gke.33",
              "1.14.8-gke.21",
              "1.14.8-gke.18",
              "1.14.8-gke.17",
              "1.14.8-gke.14",
              "1.14.8-gke.12",
              "1.14.8-gke.7",
              "1.14.8-gke.2",
              "1.14.7-gke.40",
              "1.14.7-gke.25",
              "1.14.7-gke.23",
              "1.14.7-gke.17",
              "1.14.7-gke.14",
              "1.14.7-gke.10",
              "1.14.6-gke.13",
              "1.14.6-gke.2",
              "1.14.6-gke.1",
              "1.14.3-gke.11",
              "1.14.3-gke.10",
              "1.14.3-gke.9",
              "1.14.2-gke.9",
              "1.14.1-gke.5",
              "1.13.12-gke.30",
              "1.13.12-gke.25",
              "1.13.12-gke.17",
              "1.13.12-gke.16",
              "1.13.12-gke.14",
              "1.13.12-gke.13",
              "1.13.12-gke.10",
              "1.13.12-gke.8",
              "1.13.12-gke.4",
              "1.13.12-gke.2",
              "1.13.11-gke.23",
              "1.13.11-gke.15",
              "1.13.11-gke.14",
              "1.13.11-gke.12",
              "1.13.11-gke.11",
              "1.13.11-gke.9",
              "1.13.11-gke.5",
              "1.13.10-gke.7",
              "1.13.10-gke.0",
              "1.13.9-gke.11",
              "1.13.9-gke.3",
              "1.13.7-gke.24",
              "1.13.7-gke.19",
              "1.13.7-gke.15",
              "1.13.7-gke.8",
              "1.13.7-gke.0",
              "1.13.6-gke.13",
              "1.13.6-gke.6",
              "1.13.6-gke.5",
              "1.13.6-gke.0",
              "1.13.5-gke.10",
              "1.12.10-gke.22",
              "1.12.10-gke.20",
              "1.12.10-gke.19",
              "1.12.10-gke.18",
              "1.12.10-gke.17",
              "1.12.10-gke.15",
              "1.12.10-gke.13",
              "1.12.10-gke.11",
              "1.12.10-gke.5",
              "1.12.9-gke.16",
              "1.12.9-gke.15",
              "1.12.9-gke.13",
              "1.12.9-gke.10",
              "1.12.9-gke.7",
              "1.12.9-gke.3",
              "1.12.8-gke.12",
              "1.12.8-gke.10",
              "1.12.8-gke.7",
              "1.12.8-gke.6",
              "1.12.7-gke.26",
              "1.12.7-gke.25",
              "1.12.7-gke.24",
              "1.12.7-gke.22",
              "1.12.7-gke.21",
              "1.12.7-gke.17",
              "1.12.7-gke.10",
              "1.12.7-gke.7",
              "1.12.6-gke.11",
              "1.12.6-gke.10",
              "1.12.6-gke.7",
              "1.12.5-gke.10",
              "1.12.5-gke.5",
              "1.11.10-gke.6",
              "1.11.10-gke.5"
            ],
            "version_prefix": null
          },
          "sensitive_attributes": []
        }
      ]
    },
    {
      "module": "module.gke",
      "mode": "data",
      "type": "google_container_engine_versions",
      "name": "zone",
      "provider": "provider[\"registry.terraform.io/hashicorp/google\"]",
      "instances": [
        {
          "schema_version": 0,
          "attributes": {
            "default_cluster_version": "1.22.8-gke.202",
            "id": "2022-06-22 09:22:11.068016038 +0000 UTC",
            "latest_master_version": "1.23.6-gke.2200",
            "latest_node_version": "1.23.6-gke.2200",
            "location": "us-central1-a",
            "project": "potato-05a0",
            "release_channel_default_version": {
              "RAPID": "1.23.6-gke.1501",
              "REGULAR": "1.22.8-gke.202",
              "STABLE": "1.21.11-gke.1900"
            },
            "valid_master_versions": [
              "1.23.6-gke.2200",
              "1.23.6-gke.1700",
              "1.23.6-gke.1501",
              "1.23.6-gke.1500",
              "1.23.5-gke.2400",
              "1.23.5-gke.1503",
              "1.23.5-gke.1501",
              "1.22.9-gke.2000",
              "1.22.9-gke.1500",
              "1.22.9-gke.1300",
              "1.22.8-gke.2200",
              "1.22.8-gke.202",
              "1.22.8-gke.201",
              "1.22.8-gke.200",
              "1.21.12-gke.2200",
              "1.21.12-gke.1700",
              "1.21.12-gke.1500",
              "1.21.11-gke.1900",
              "1.21.11-gke.1100",
              "1.20.15-gke.8700",
              "1.20.15-gke.8200",
              "1.20.15-gke.8000",
              "1.20.15-gke.6000",
              "1.19.16-gke.14500",
              "1.19.16-gke.14000",
              "1.19.16-gke.13800",
              "1.19.16-gke.11800",
              "1.19.16-gke.11000",
              "1.19.16-gke.9400"
            ],
            "valid_node_versions": [
              "1.23.6-gke.2200",
              "1.23.6-gke.1700",
              "1.23.6-gke.1501",
              "1.23.6-gke.1500",
              "1.23.5-gke.2400",
              "1.23.5-gke.1503",
              "1.23.5-gke.1501",
              "1.22.9-gke.2000",
              "1.22.9-gke.1500",
              "1.22.9-gke.1300",
              "1.22.8-gke.2200",
              "1.22.8-gke.202",
              "1.22.8-gke.201",
              "1.22.8-gke.200",
              "1.22.7-gke.1500",
              "1.22.7-gke.1300",
              "1.22.7-gke.900",
              "1.22.7-gke.300",
              "1.22.6-gke.1000",
              "1.22.6-gke.300",
              "1.22.4-gke.1501",
              "1.22.3-gke.1500",
              "1.21.12-gke.2200",
              "1.21.12-gke.1700",
              "1.21.12-gke.1500",
              "1.21.11-gke.1900",
              "1.21.11-gke.1100",
              "1.21.11-gke.900",
              "1.21.10-gke.2000",
              "1.21.10-gke.1500",
              "1.21.10-gke.1300",
              "1.21.10-gke.400",
              "1.21.9-gke.1002",
              "1.21.9-gke.1001",
              "1.21.9-gke.1000",
              "1.21.9-gke.300",
              "1.21.6-gke.1503",
              "1.21.6-gke.1501",
              "1.21.6-gke.1500",
              "1.21.5-gke.1805",
              "1.21.5-gke.1802",
              "1.21.5-gke.1302",
              "1.21.5-gke.1300",
              "1.21.4-gke.2302",
              "1.21.4-gke.2300",
              "1.21.3-gke.2003",
              "1.21.3-gke.2001",
              "1.20.15-gke.8700",
              "1.20.15-gke.8200",
              "1.20.15-gke.8000",
              "1.20.15-gke.6000",
              "1.20.15-gke.5200",
              "1.20.15-gke.5000",
              "1.20.15-gke.4100",
              "1.20.15-gke.3600",
              "1.20.15-gke.3400",
              "1.20.15-gke.2500",
              "1.20.15-gke.1000",
              "1.20.15-gke.300",
              "1.20.12-gke.1500",
              "1.20.11-gke.1801",
              "1.20.11-gke.1300",
              "1.20.10-gke.2100",
              "1.20.10-gke.1600",
              "1.20.10-gke.301",
              "1.20.9-gke.2100",
              "1.20.9-gke.1001",
              "1.20.9-gke.1000",
              "1.20.9-gke.701",
              "1.20.9-gke.700",
              "1.20.8-gke.2101",
              "1.20.8-gke.2100",
              "1.20.8-gke.900",
              "1.20.8-gke.700",
              "1.20.7-gke.2200",
              "1.20.7-gke.1800",
              "1.20.6-gke.1400",
              "1.20.6-gke.1000",
              "1.19.16-gke.14500",
              "1.19.16-gke.14000",
              "1.19.16-gke.13800",
              "1.19.16-gke.11800",
              "1.19.16-gke.11000",
              "1.19.16-gke.10800",
              "1.19.16-gke.9900",
              "1.19.16-gke.9400",
              "1.19.16-gke.9200",
              "1.19.16-gke.8300",
              "1.19.16-gke.6800",
              "1.19.16-gke.6100",
              "1.19.16-gke.3600",
              "1.19.15-gke.1801",
              "1.19.15-gke.1300",
              "1.19.15-gke.500",
              "1.19.14-gke.2300",
              "1.19.14-gke.1900",
              "1.19.14-gke.301",
              "1.19.14-gke.300",
              "1.19.13-gke.1900",
              "1.19.13-gke.1200",
              "1.19.13-gke.701",
              "1.19.13-gke.700",
              "1.19.12-gke.2101",
              "1.19.12-gke.2100",
              "1.19.12-gke.1100",
              "1.19.12-gke.900",
              "1.19.12-gke.700",
              "1.19.11-gke.2101",
              "1.19.11-gke.2100",
              "1.19.11-gke.1701",
              "1.19.11-gke.1700",
              "1.19.10-gke.1701",
              "1.19.10-gke.1700",
              "1.19.10-gke.1601",
              "1.19.10-gke.1600",
              "1.19.10-gke.1001",
              "1.19.10-gke.1000",
              "1.19.9-gke.1900",
              "1.19.9-gke.1400",
              "1.19.9-gke.700",
              "1.19.9-gke.100",
              "1.19.8-gke.2000",
              "1.19.8-gke.1600",
              "1.19.8-gke.1000",
              "1.19.7-gke.2503",
              "1.19.7-gke.1500",
              "1.19.7-gke.1302",
              "1.19.7-gke.800",
              "1.19.6-gke.1700",
              "1.19.6-gke.1100",
              "1.19.6-gke.600",
              "1.18.20-gke.6101",
              "1.18.20-gke.6000",
              "1.18.20-gke.4501",
              "1.18.20-gke.4500",
              "1.18.20-gke.4100",
              "1.18.20-gke.3300",
              "1.18.20-gke.3001",
              "1.18.20-gke.3000",
              "1.18.20-gke.2300",
              "1.18.20-gke.901",
              "1.18.20-gke.900",
              "1.18.20-gke.501",
              "1.18.19-gke.2101",
              "1.18.19-gke.2100",
              "1.18.19-gke.1701",
              "1.18.19-gke.1700",
              "1.18.18-gke.1701",
              "1.18.18-gke.1700",
              "1.18.18-gke.1101",
              "1.18.18-gke.1100",
              "1.18.17-gke.1901",
              "1.18.17-gke.1900",
              "1.18.17-gke.1201",
              "1.18.17-gke.1200",
              "1.18.17-gke.700",
              "1.18.17-gke.100",
              "1.18.16-gke.2100",
              "1.18.16-gke.1201",
              "1.18.16-gke.1200",
              "1.18.16-gke.502",
              "1.18.16-gke.500",
              "1.18.16-gke.302",
              "1.18.16-gke.300",
              "1.18.15-gke.2500",
              "1.18.15-gke.1502",
              "1.18.15-gke.1501",
              "1.18.15-gke.1500",
              "1.18.15-gke.1102",
              "1.18.15-gke.1100",
              "1.18.15-gke.800",
              "1.18.14-gke.1600",
              "1.18.14-gke.1200",
              "1.18.12-gke.1210",
              "1.18.12-gke.1206",
              "1.18.12-gke.1205",
              "1.18.12-gke.1201",
              "1.18.12-gke.1200",
              "1.18.12-gke.300",
              "1.18.10-gke.2701",
              "1.18.10-gke.2101",
              "1.18.10-gke.1500",
              "1.18.10-gke.601",
              "1.18.9-gke.2501",
              "1.18.9-gke.1501",
              "1.18.9-gke.801",
              "1.18.6-gke.4801",
              "1.18.6-gke.3504",
              "1.18.6-gke.3503",
              "1.17.17-gke.9100",
              "1.17.17-gke.8500",
              "1.17.17-gke.8200",
              "1.17.17-gke.7800",
              "1.17.17-gke.7200",
              "1.17.17-gke.6700",
              "1.17.17-gke.6000",
              "1.17.17-gke.5400",
              "1.17.17-gke.4900",
              "1.17.17-gke.4400",
              "1.17.17-gke.3700",
              "1.17.17-gke.3000",
              "1.17.17-gke.2800",
              "1.17.17-gke.2500",
              "1.17.17-gke.1500",
              "1.17.17-gke.1101",
              "1.17.17-gke.1100",
              "1.17.17-gke.600",
              "1.17.16-gke.1600",
              "1.17.16-gke.1300",
              "1.17.15-gke.800",
              "1.17.15-gke.300",
              "1.17.14-gke.1600",
              "1.17.14-gke.1200",
              "1.17.14-gke.400",
              "1.17.13-gke.2600",
              "1.17.13-gke.2001",
              "1.17.13-gke.1401",
              "1.17.13-gke.1400",
              "1.17.13-gke.600",
              "1.17.12-gke.2502",
              "1.17.12-gke.1504",
              "1.17.12-gke.1501",
              "1.17.12-gke.500",
              "1.17.9-gke.6300",
              "1.17.9-gke.1504",
              "1.16.15-gke.14800",
              "1.16.15-gke.12500",
              "1.16.15-gke.11800",
              "1.16.15-gke.10600",
              "1.16.15-gke.7801",
              "1.16.15-gke.7800",
              "1.16.15-gke.7300",
              "1.16.15-gke.6900",
              "1.16.15-gke.6000",
              "1.16.15-gke.5500",
              "1.16.15-gke.4901",
              "1.16.15-gke.4301",
              "1.16.15-gke.4300",
              "1.16.15-gke.3500",
              "1.16.15-gke.2601",
              "1.16.15-gke.1600",
              "1.16.15-gke.500",
              "1.16.13-gke.404",
              "1.16.13-gke.403",
              "1.16.13-gke.401",
              "1.16.13-gke.400",
              "1.16.13-gke.1",
              "1.16.11-gke.5",
              "1.16.10-gke.8",
              "1.16.9-gke.6",
              "1.16.9-gke.2",
              "1.16.8-gke.15",
              "1.16.8-gke.12",
              "1.16.8-gke.9",
              "1.15.12-gke.6002",
              "1.15.12-gke.6001",
              "1.15.12-gke.5000",
              "1.15.12-gke.4002",
              "1.15.12-gke.4000",
              "1.15.12-gke.20",
              "1.15.12-gke.17",
              "1.15.12-gke.16",
              "1.15.12-gke.13",
              "1.15.12-gke.9",
              "1.15.12-gke.6",
              "1.15.12-gke.3",
              "1.15.12-gke.2",
              "1.15.11-gke.17",
              "1.15.11-gke.15",
              "1.15.11-gke.13",
              "1.15.11-gke.12",
              "1.15.11-gke.11",
              "1.15.11-gke.9",
              "1.15.11-gke.5",
              "1.15.11-gke.3",
              "1.15.11-gke.1",
              "1.15.9-gke.26",
              "1.15.9-gke.24",
              "1.15.9-gke.22",
              "1.15.9-gke.12",
              "1.15.9-gke.9",
              "1.15.9-gke.8",
              "1.15.8-gke.3",
              "1.15.8-gke.2",
              "1.15.7-gke.23",
              "1.15.7-gke.2",
              "1.15.4-gke.22",
              "1.14.10-gke.1504",
              "1.14.10-gke.902",
              "1.14.10-gke.50",
              "1.14.10-gke.46",
              "1.14.10-gke.45",
              "1.14.10-gke.42",
              "1.14.10-gke.41",
              "1.14.10-gke.40",
              "1.14.10-gke.37",
              "1.14.10-gke.36",
              "1.14.10-gke.34",
              "1.14.10-gke.32",
              "1.14.10-gke.31",
              "1.14.10-gke.27",
              "1.14.10-gke.24",
              "1.14.10-gke.22",
              "1.14.10-gke.21",
              "1.14.10-gke.17",
              "1.14.10-gke.0",
              "1.14.9-gke.23",
              "1.14.9-gke.2",
              "1.14.9-gke.0",
              "1.14.8-gke.33",
              "1.14.8-gke.21",
              "1.14.8-gke.18",
              "1.14.8-gke.17",
              "1.14.8-gke.14",
              "1.14.8-gke.12",
              "1.14.8-gke.7",
              "1.14.8-gke.2",
              "1.14.7-gke.40",
              "1.14.7-gke.25",
              "1.14.7-gke.23",
              "1.14.7-gke.17",
              "1.14.7-gke.14",
              "1.14.7-gke.10",
              "1.14.6-gke.13",
              "1.14.6-gke.2",
              "1.14.6-gke.1",
              "1.14.3-gke.11",
              "1.14.3-gke.10",
              "1.14.3-gke.9",
              "1.14.2-gke.9",
              "1.14.1-gke.5",
              "1.13.12-gke.30",
              "1.13.12-gke.25",
              "1.13.12-gke.17",
              "1.13.12-gke.16",
              "1.13.12-gke.14",
              "1.13.12-gke.13",
              "1.13.12-gke.10",
              "1.13.12-gke.8",
              "1.13.12-gke.4",
              "1.13.12-gke.2",
              "1.13.11-gke.23",
              "1.13.11-gke.15",
              "1.13.11-gke.14",
              "1.13.11-gke.12",
              "1.13.11-gke.11",
              "1.13.11-gke.9",
              "1.13.11-gke.5",
              "1.13.10-gke.7",
              "1.13.10-gke.0",
              "1.13.9-gke.11",
              "1.13.9-gke.3",
              "1.13.7-gke.24",
              "1.13.7-gke.19",
              "1.13.7-gke.15",
              "1.13.7-gke.8",
              "1.13.7-gke.0",
              "1.13.6-gke.13",
              "1.13.6-gke.6",
              "1.13.6-gke.5",
              "1.13.6-gke.0",
              "1.13.5-gke.10",
              "1.12.10-gke.22",
              "1.12.10-gke.20",
              "1.12.10-gke.19",
              "1.12.10-gke.18",
              "1.12.10-gke.17",
              "1.12.10-gke.15",
              "1.12.10-gke.13",
              "1.12.10-gke.11",
              "1.12.10-gke.5",
              "1.12.9-gke.16",
              "1.12.9-gke.15",
              "1.12.9-gke.13",
              "1.12.9-gke.10",
              "1.12.9-gke.7",
              "1.12.9-gke.3",
              "1.12.8-gke.12",
              "1.12.8-gke.10",
              "1.12.8-gke.7",
              "1.12.8-gke.6",
              "1.12.7-gke.26",
              "1.12.7-gke.25",
              "1.12.7-gke.24",
              "1.12.7-gke.22",
              "1.12.7-gke.21",
              "1.12.7-gke.17",
              "1.12.7-gke.10",
              "1.12.7-gke.7",
              "1.12.6-gke.11",
              "1.12.6-gke.10",
              "1.12.6-gke.7",
              "1.12.5-gke.10",
              "1.12.5-gke.5",
              "1.11.10-gke.6",
              "1.11.10-gke.5"
            ],
            "version_prefix": null
          },
          "sensitive_attributes": []
        }
      ]
    },
    {
      "module": "module.gke",
      "mode": "managed",
      "type": "google_container_cluster",
      "name": "primary",
      "provider": "provider[\"registry.terraform.io/hashicorp/google\"]",
      "instances": [
        {
          "schema_version": 1,
          "attributes": {
            "addons_config": [
              {
                "cloudrun_config": [],
                "gcp_filestore_csi_driver_config": [
                  {
                    "enabled": false
                  }
                ],
                "horizontal_pod_autoscaling": [
                  {
                    "disabled": false
                  }
                ],
                "http_load_balancing": [
                  {
                    "disabled": false
                  }
                ],
                "network_policy_config": [
                  {
                    "disabled": true
                  }
                ]
              }
            ],
            "authenticator_groups_config": [],
            "cluster_autoscaling": [
              {
                "auto_provisioning_defaults": [],
                "enabled": false,
                "resource_limits": []
              }
            ],
            "cluster_ipv4_cidr": "192.168.0.0/18",
            "confidential_nodes": [],
            "database_encryption": [
              {
                "key_name": "",
                "state": "DECRYPTED"
              }
            ],
            "datapath_provider": "",
            "default_max_pods_per_node": 110,
            "default_snat_status": [
              {
                "disabled": false
              }
            ],
            "description": "",
            "dns_config": [],
            "enable_autopilot": false,
            "enable_binary_authorization": false,
            "enable_intranode_visibility": false,
            "enable_kubernetes_alpha": false,
            "enable_legacy_abac": false,
            "enable_shielded_nodes": true,
            "enable_tpu": false,
            "endpoint": "34.70.64.179",
            "id": "projects/potato-05a0/locations/us-central1/clusters/cluster-bnrk9",
            "initial_node_count": 0,
            "ip_allocation_policy": [
              {
                "cluster_ipv4_cidr_block": "192.168.0.0/18",
                "cluster_secondary_range_name": "pods",
                "services_ipv4_cidr_block": "192.168.64.0/18",
                "services_secondary_range_name": "svcs"
              }
            ],
            "label_fingerprint": "a9dc16a7",
            "location": "us-central1",
            "logging_config": [
              {
                "enable_components": [
                  "SYSTEM_COMPONENTS",
                  "WORKLOADS"
                ]
              }
            ],
            "logging_service": "logging.googleapis.com/kubernetes",
            "maintenance_policy": [
              {
                "daily_maintenance_window": [
                  {
                    "duration": "PT4H0M0S",
                    "start_time": "05:00"
                  }
                ],
                "maintenance_exclusion": [],
                "recurring_window": []
              }
            ],
            "master_auth": [
              {
                "client_certificate": "",
                "client_certificate_config": [
                  {
                    "issue_client_certificate": false
                  }
                ],
                "client_key": "",
                "cluster_ca_certificate": "LS0tLS1CRUdJTiBDRVJUSUZJQ0FURS0tLS0tCk1JSUVMRENDQXBTZ0F3SUJBZ0lRSm9peFJkMnA0OXhjWGpLdXJKSW1NVEFOQmdrcWhraUc5dzBCQVFzRkFEQXYKTVMwd0t3WURWUVFERXlRME56VTBPR0k1TUMxak1UbGlMVFJtTXprdE9EQmpOeTFpTVdRek4yTXlPVFEwWm1FdwpJQmNOTWpJd05qSXlNRGN4TURNeVdoZ1BNakExTWpBMk1UUXdPREV3TXpKYU1DOHhMVEFyQmdOVkJBTVRKRFEzCk5UUTRZamt3TFdNeE9XSXROR1l6T1MwNE1HTTNMV0l4WkRNM1l6STVORFJtWVRDQ0FhSXdEUVlKS29aSWh2Y04KQVFFQkJRQURnZ0dQQURDQ0FZb0NnZ0dCQUxqdTlESCtmd0xEa2F5cUhxQnV3QkliQW5wYnFxQTRGZzRoWGl6QwowaTJHUUVhY2pPUUFEUCtRMWJKYUI3QzJka2JwdDQyc0t5eTZsWEtMR2dCOW1ubkFEZkJqd2oybHJJYnVTRzRnCkdYMUI0bFdUSEpwellEemZyV1NjZ29jdlhrRDVvYWRURXpTQmxJR0hZOEd1V0M1Q09ScHJYeFl0L3BHSitUaHkKeHVrWEhtMHFDSG9OMENTeGR4WStvZFgvTUx3SW9UQ01hRkpNcXZCQlFrRjZvM3FJa1BaTnA4Z0F1SG1uNHZ6SQpBRWpvb21UekUyOWdBeHYwM3RaQUVtbmZicG40Y0gwYjRmQTc3THFxbVhMSFlUUjRoQkNJYXVMdEJVYzRrZTVZCnFDelA4N2RCeVAxZHNzY1F2M3lzVTVBc2NicU04aTQ2OGpmNTNWeE1Kd05saW5UcVhaVWRxWm1mUm5QaGFYYU4Kc3FsS3dGUVE1T2hTZFQ4aWZXQzlyb1ZITnBsL0tZNzZsT3hRRW9sUHM3WVBhY0ZyMU5RcmFsSDZiY3hscitHbQpHQlFFSG9nQkg3STBPbS9XbnhkNmk3VFQ5S3pVcEwwTlMycy9VSnFwRHU5U3NCVnVDZThFNmRsb05BSnNwT2tVCmhwTGpIcjlFRG1BVTg1RlJJVlR6SXlmRDZRSURBUUFCbzBJd1FEQU9CZ05WSFE4QkFmOEVCQU1DQWdRd0R3WUQKVlIwVEFRSC9CQVV3QXdFQi96QWRCZ05WSFE0RUZnUVUrS05GMEtnQjJkZjV0K0c0eXBvN0tJNTlBRXd3RFFZSgpLb1pJaHZjTkFRRUxCUUFEZ2dHQkFBTzdPb1g3WDdVUkU5TnhOOEY2eTA5SDcrRlF0Z2gzK2JKTTNVaG1SaEdDCmhsT3FKd28zc0g5T2p0bWxKV0ltaGgxc01ZVnl2KytydUZyY05QVWtSR2YzVm9YeG9sQUs5Q1M0SUFlRzNnRGgKRkJoT2NHaVM3Qkl0ZXFCNGtMYUxhOG1YczBqTjZncDhTRXdpdSt4K0pONkpGSDBJTk1aNGw3TTRvYVBDM2RFMworMzhTVWtCTkQ0Nm95WmdVbm5aa1BHOXArVGExTkhEczY0SXJ3ekdtbnJqODRPV3RpRExadkxuWUJ0RkNkWmRSCllpS21UK2QxbGtoVGJoZ2pSRDJYV3NVQThWT3NyMWxyQXhsZ3ZKREppdldtRlBLeVVETUVvUm5NZ0dEdTZwN2IKKzk4bFBaNFJGdHdWY3IyUWt5TkNmOVR6S1AwUVh2T1dWaCswaGt3b1BUelc2TC9YOU5lREdpbmZzN0xYcDdPVQpsNENwcStNZlB6K0Q4Z29KWGhUYjE5V2FISCtiajU1dmRGV1E2Rmx4c0VNNlR6bnJtaGRzeitndTRXM3BqYzg3CkttelNJYW5jbjJCWktQbktPVThkOS96RHJqODFZaWxhRUFseFoyMXM0VVVnajBvYzZMdzFrcHVONXNDeVJFdWcKQ0FrQmpRZDBMcmd3dnFKOXlRc3Ntdz09Ci0tLS0tRU5EIENFUlRJRklDQVRFLS0tLS0K"
              }
            ],
            "master_authorized_networks_config": [],
            "master_version": "1.21.11-gke.1900",
            "min_master_version": null,
            "monitoring_config": [
              {
                "enable_components": [
                  "SYSTEM_COMPONENTS"
                ]
              }
            ],
            "monitoring_service": "monitoring.googleapis.com/kubernetes",
            "name": "cluster-bnrk9",
            "network": "projects/potato-05a0/global/networks/default",
            "network_policy": [
              {
                "enabled": false,
                "provider": "PROVIDER_UNSPECIFIED"
              }
            ],
            "networking_mode": "VPC_NATIVE",
            "node_config": [
              {
                "boot_disk_kms_key": "",
                "disk_size_gb": 100,
                "disk_type": "pd-standard",
                "gcfs_config": [],
                "guest_accelerator": [],
                "gvnic": [],
                "image_type": "COS_CONTAINERD",
                "labels": {
                  "cluster_name": "cluster-bnrk9",
                  "node_pool": "default-node-pool"
                },
                "local_ssd_count": 0,
                "machine_type": "e2-standard-8",
                "metadata": {
                  "cluster_name": "cluster-bnrk9",
                  "disable-legacy-endpoints": "true",
                  "node_pool": "default-node-pool"
                },
                "min_cpu_platform": "",
                "node_group": "",
                "oauth_scopes": [
                  "https://www.googleapis.com/auth/cloud-platform"
                ],
                "preemptible": true,
                "service_account": "tf-gke-cluster-bnrk9-r68k@potato-05a0.iam.gserviceaccount.com",
                "shielded_instance_config": [
                  {
                    "enable_integrity_monitoring": true,
                    "enable_secure_boot": true
                  }
                ],
                "spot": false,
                "tags": [
                  "gke-cluster-bnrk9",
                  "gke-cluster-bnrk9-default-node-pool"
                ],
                "taint": [],
                "workload_metadata_config": [
                  {
                    "mode": "GKE_METADATA"
                  }
                ]
              }
            ],
            "node_locations": [
              "us-central1-b",
              "us-central1-c",
              "us-central1-f"
            ],
            "node_pool": [
              {
                "autoscaling": [
                  {
                    "max_node_count": 3,
                    "min_node_count": 1
                  }
                ],
                "initial_node_count": 1,
                "instance_group_urls": [
                  "https://www.googleapis.com/compute/v1/projects/potato-05a0/zones/us-central1-b/instanceGroupManagers/gke-cluster-bnrk9-default-node-pool-01d9b85b-grp",
                  "https://www.googleapis.com/compute/v1/projects/potato-05a0/zones/us-central1-c/instanceGroupManagers/gke-cluster-bnrk9-default-node-pool-9964a619-grp",
                  "https://www.googleapis.com/compute/v1/projects/potato-05a0/zones/us-central1-f/instanceGroupManagers/gke-cluster-bnrk9-default-node-pool-fbccee87-grp"
                ],
                "managed_instance_group_urls": [
                  "https://www.googleapis.com/compute/v1/projects/potato-05a0/zones/us-central1-b/instanceGroups/gke-cluster-bnrk9-default-node-pool-01d9b85b-grp",
                  "https://www.googleapis.com/compute/v1/projects/potato-05a0/zones/us-central1-c/instanceGroups/gke-cluster-bnrk9-default-node-pool-9964a619-grp",
                  "https://www.googleapis.com/compute/v1/projects/potato-05a0/zones/us-central1-f/instanceGroups/gke-cluster-bnrk9-default-node-pool-fbccee87-grp"
                ],
                "management": [
                  {
                    "auto_repair": true,
                    "auto_upgrade": true
                  }
                ],
                "max_pods_per_node": 110,
                "name": "default-node-pool",
                "name_prefix": "",
                "node_config": [
                  {
                    "boot_disk_kms_key": "",
                    "disk_size_gb": 100,
                    "disk_type": "pd-standard",
                    "gcfs_config": [],
                    "guest_accelerator": [],
                    "gvnic": [],
                    "image_type": "COS_CONTAINERD",
                    "labels": {
                      "cluster_name": "cluster-bnrk9",
                      "node_pool": "default-node-pool"
                    },
                    "local_ssd_count": 0,
                    "machine_type": "e2-standard-8",
                    "metadata": {
                      "cluster_name": "cluster-bnrk9",
                      "disable-legacy-endpoints": "true",
                      "node_pool": "default-node-pool"
                    },
                    "min_cpu_platform": "",
                    "node_group": "",
                    "oauth_scopes": [
                      "https://www.googleapis.com/auth/cloud-platform"
                    ],
                    "preemptible": true,
                    "service_account": "tf-gke-cluster-bnrk9-r68k@potato-05a0.iam.gserviceaccount.com",
                    "shielded_instance_config": [
                      {
                        "enable_integrity_monitoring": true,
                        "enable_secure_boot": true
                      }
                    ],
                    "spot": false,
                    "tags": [
                      "gke-cluster-bnrk9",
                      "gke-cluster-bnrk9-default-node-pool"
                    ],
                    "taint": [],
                    "workload_metadata_config": [
                      {
                        "mode": "GKE_METADATA"
                      }
                    ]
                  }
                ],
                "node_count": 1,
                "node_locations": [
                  "us-central1-b",
                  "us-central1-c",
                  "us-central1-f"
                ],
                "upgrade_settings": [
                  {
                    "max_surge": 1,
                    "max_unavailable": 0
                  }
                ],
                "version": "1.21.11-gke.1900"
              }
            ],
            "node_version": "1.21.11-gke.1900",
            "operation": null,
            "private_cluster_config": [],
            "private_ipv6_google_access": "",
            "project": "potato-05a0",
            "release_channel": [
              {
                "channel": "STABLE"
              }
            ],
            "remove_default_node_pool": true,
            "resource_labels": {},
            "resource_usage_export_config": [],
            "self_link": "https://container.googleapis.com/v1/projects/potato-05a0/locations/us-central1/clusters/cluster-bnrk9",
            "services_ipv4_cidr": "192.168.64.0/18",
            "subnetwork": "projects/potato-05a0/regions/us-central1/subnetworks/default",
            "timeouts": {
              "create": "45m",
              "delete": "45m",
              "read": null,
              "update": "45m"
            },
            "tpu_ipv4_cidr_block": "",
            "vertical_pod_autoscaling": [
              {
                "enabled": false
              }
            ],
            "workload_identity_config": [
              {
                "workload_pool": "potato-05a0.svc.id.goog"
              }
            ]
          },
          "sensitive_attributes": [],
          "private": "eyJlMmJmYjczMC1lY2FhLTExZTYtOGY4OC0zNDM2M2JjN2M0YzAiOnsiY3JlYXRlIjoyNzAwMDAwMDAwMDAwLCJkZWxldGUiOjI3MDAwMDAwMDAwMDAsInJlYWQiOjI0MDAwMDAwMDAwMDAsInVwZGF0ZSI6MjcwMDAwMDAwMDAwMH0sInNjaGVtYV92ZXJzaW9uIjoiMSJ9",
          "dependencies": [
            "module.project-factory.module.project-factory.module.project_services.google_project_service.project_services",
            "module.project-factory.module.project-factory.module.project_services.google_project_service_identity.project_service_identities",
            "module.enabled_google_apis.data.google_compute_default_service_account.default",
            "module.gke.data.google_container_engine_versions.zone",
            "module.gke.google_service_account.cluster_service_account",
            "module.project-factory.module.project-factory.google_compute_shared_vpc_host_project.shared_vpc_host",
            "module.project-factory.module.project-factory.google_compute_shared_vpc_service_project.shared_vpc_attachment",
            "module.project-factory.module.project-factory.module.project_services.data.google_compute_default_service_account.default",
            "module.project-factory.module.project-factory.random_id.random_project_id_suffix",
            "module.enabled_google_apis.google_project_service.project_services",
            "module.gke.random_string.cluster_service_account_suffix",
            "module.project-factory.module.project-factory.google_project_service.enable_access_context_manager",
            "module.project-factory.module.project-factory.module.project_services.google_project_iam_member.project_service_identity_roles",
            "module.enabled_google_apis.google_project_iam_member.project_service_identity_roles",
            "module.enabled_google_apis.google_project_service_identity.project_service_identities",
            "module.gke.data.google_compute_zones.available",
            "module.gke.data.google_container_engine_versions.region",
            "module.gke.random_shuffle.available_zones",
            "module.project-factory.module.project-factory.time_sleep.wait_5_seconds",
            "module.project-factory.module.project-factory.google_access_context_manager_service_perimeter_resource.service_perimeter_attachment",
            "module.project-factory.module.project-factory.google_project.main",
            "module.project-factory.module.project-factory.google_service_account.default_service_account",
            "random_string.suffix"
          ]
        }
      ]
    },
    {
      "module": "module.gke",
      "mode": "managed",
      "type": "google_container_node_pool",
      "name": "pools",
      "provider": "provider[\"registry.terraform.io/hashicorp/google\"]",
      "instances": [
        {
          "index_key": "default-node-pool",
          "schema_version": 1,
          "attributes": {
            "autoscaling": [
              {
                "max_node_count": 3,
                "min_node_count": 1
              }
            ],
            "cluster": "cluster-bnrk9",
            "id": "projects/potato-05a0/locations/us-central1/clusters/cluster-bnrk9/nodePools/default-node-pool",
            "initial_node_count": 1,
            "instance_group_urls": [
              "https://www.googleapis.com/compute/v1/projects/potato-05a0/zones/us-central1-b/instanceGroupManagers/gke-cluster-bnrk9-default-node-pool-01d9b85b-grp",
              "https://www.googleapis.com/compute/v1/projects/potato-05a0/zones/us-central1-c/instanceGroupManagers/gke-cluster-bnrk9-default-node-pool-9964a619-grp",
              "https://www.googleapis.com/compute/v1/projects/potato-05a0/zones/us-central1-f/instanceGroupManagers/gke-cluster-bnrk9-default-node-pool-fbccee87-grp"
            ],
            "location": "us-central1",
            "managed_instance_group_urls": [
              "https://www.googleapis.com/compute/v1/projects/potato-05a0/zones/us-central1-b/instanceGroups/gke-cluster-bnrk9-default-node-pool-01d9b85b-grp",
              "https://www.googleapis.com/compute/v1/projects/potato-05a0/zones/us-central1-c/instanceGroups/gke-cluster-bnrk9-default-node-pool-9964a619-grp",
              "https://www.googleapis.com/compute/v1/projects/potato-05a0/zones/us-central1-f/instanceGroups/gke-cluster-bnrk9-default-node-pool-fbccee87-grp"
            ],
            "management": [
              {
                "auto_repair": true,
                "auto_upgrade": true
              }
            ],
            "max_pods_per_node": 110,
            "name": "default-node-pool",
            "name_prefix": "",
            "node_config": [
              {
                "boot_disk_kms_key": "",
                "disk_size_gb": 100,
                "disk_type": "pd-standard",
                "gcfs_config": [],
                "guest_accelerator": [],
                "gvnic": [],
                "image_type": "COS_CONTAINERD",
                "labels": {
                  "cluster_name": "cluster-bnrk9",
                  "node_pool": "default-node-pool"
                },
                "local_ssd_count": 0,
                "machine_type": "e2-standard-8",
                "metadata": {
                  "cluster_name": "cluster-bnrk9",
                  "disable-legacy-endpoints": "true",
                  "node_pool": "default-node-pool"
                },
                "min_cpu_platform": "",
                "node_group": "",
                "oauth_scopes": [
                  "https://www.googleapis.com/auth/cloud-platform"
                ],
                "preemptible": true,
                "service_account": "tf-gke-cluster-bnrk9-r68k@potato-05a0.iam.gserviceaccount.com",
                "shielded_instance_config": [
                  {
                    "enable_integrity_monitoring": true,
                    "enable_secure_boot": true
                  }
                ],
                "spot": false,
                "tags": [
                  "gke-cluster-bnrk9",
                  "gke-cluster-bnrk9-default-node-pool"
                ],
                "taint": [],
                "workload_metadata_config": [
                  {
                    "mode": "GKE_METADATA"
                  }
                ]
              }
            ],
            "node_count": 1,
            "node_locations": [
              "us-central1-b",
              "us-central1-c",
              "us-central1-f"
            ],
            "operation": null,
            "project": "potato-05a0",
            "timeouts": {
              "create": "45m",
              "delete": "45m",
              "update": "45m"
            },
            "upgrade_settings": [
              {
                "max_surge": 1,
                "max_unavailable": 0
              }
            ],
            "version": "1.21.11-gke.1900"
          },
          "sensitive_attributes": [],
          "private": "eyJlMmJmYjczMC1lY2FhLTExZTYtOGY4OC0zNDM2M2JjN2M0YzAiOnsiY3JlYXRlIjoyNzAwMDAwMDAwMDAwLCJkZWxldGUiOjI3MDAwMDAwMDAwMDAsInVwZGF0ZSI6MjcwMDAwMDAwMDAwMH0sInNjaGVtYV92ZXJzaW9uIjoiMSJ9",
          "dependencies": [
            "module.project-factory.module.project-factory.google_compute_shared_vpc_service_project.shared_vpc_attachment",
            "module.project-factory.module.project-factory.time_sleep.wait_5_seconds",
            "random_string.suffix",
            "module.gke.random_string.cluster_service_account_suffix",
            "module.project-factory.module.project-factory.google_access_context_manager_service_perimeter_resource.service_perimeter_attachment",
            "module.project-factory.module.project-factory.google_project.main",
            "module.project-factory.module.project-factory.module.project_services.google_project_service.project_services",
            "module.enabled_google_apis.data.google_compute_default_service_account.default",
            "module.enabled_google_apis.google_project_service.project_services",
            "module.gke.data.google_compute_zones.available",
            "module.gke.google_service_account.cluster_service_account",
            "module.project-factory.module.project-factory.random_id.random_project_id_suffix",
            "module.project-factory.module.project-factory.google_service_account.default_service_account",
            "module.project-factory.module.project-factory.module.project_services.data.google_compute_default_service_account.default",
            "module.project-factory.module.project-factory.module.project_services.google_project_service_identity.project_service_identities",
            "module.gke.data.google_container_engine_versions.zone",
            "module.gke.google_container_cluster.primary",
            "module.project-factory.module.project-factory.google_compute_shared_vpc_host_project.shared_vpc_host",
            "module.project-factory.module.project-factory.google_project_service.enable_access_context_manager",
            "module.project-factory.module.project-factory.module.project_services.google_project_iam_member.project_service_identity_roles",
            "module.enabled_google_apis.google_project_iam_member.project_service_identity_roles",
            "module.enabled_google_apis.google_project_service_identity.project_service_identities",
            "module.gke.data.google_container_engine_versions.region",
            "module.gke.random_shuffle.available_zones"
          ]
        }
      ]
    },
    {
      "module": "module.gke",
      "mode": "managed",
      "type": "google_project_iam_member",
      "name": "cluster_service_account-log_writer",
      "provider": "provider[\"registry.terraform.io/hashicorp/google\"]",
      "instances": [
        {
          "index_key": 0,
          "schema_version": 0,
          "attributes": {
            "condition": [],
            "etag": "BwXiBPm1Y4c=",
            "id": "potato-05a0/roles/logging.logWriter/serviceAccount:tf-gke-cluster-bnrk9-r68k@potato-05a0.iam.gserviceaccount.com",
            "member": "serviceAccount:tf-gke-cluster-bnrk9-r68k@potato-05a0.iam.gserviceaccount.com",
            "project": "potato-05a0",
            "role": "roles/logging.logWriter"
          },
          "sensitive_attributes": [],
          "private": "bnVsbA==",
          "dependencies": [
            "module.project-factory.module.project-factory.module.project_services.google_project_iam_member.project_service_identity_roles",
            "module.project-factory.module.project-factory.module.project_services.google_project_service_identity.project_service_identities",
            "module.enabled_google_apis.google_project_service.project_services",
            "module.gke.random_string.cluster_service_account_suffix",
            "module.project-factory.module.project-factory.google_compute_shared_vpc_service_project.shared_vpc_attachment",
            "module.project-factory.module.project-factory.google_project.main",
            "module.project-factory.module.project-factory.google_service_account.default_service_account",
            "module.project-factory.module.project-factory.module.project_services.data.google_compute_default_service_account.default",
            "module.project-factory.module.project-factory.module.project_services.google_project_service.project_services",
            "module.project-factory.module.project-factory.random_id.random_project_id_suffix",
            "module.enabled_google_apis.data.google_compute_default_service_account.default",
            "module.project-factory.module.project-factory.google_access_context_manager_service_perimeter_resource.service_perimeter_attachment",
            "module.project-factory.module.project-factory.google_compute_shared_vpc_host_project.shared_vpc_host",
            "module.project-factory.module.project-factory.time_sleep.wait_5_seconds",
            "random_string.suffix",
            "module.project-factory.module.project-factory.google_project_service.enable_access_context_manager",
            "module.enabled_google_apis.google_project_iam_member.project_service_identity_roles",
            "module.enabled_google_apis.google_project_service_identity.project_service_identities",
            "module.gke.google_service_account.cluster_service_account"
          ]
        }
      ]
    },
    {
      "module": "module.gke",
      "mode": "managed",
      "type": "google_project_iam_member",
      "name": "cluster_service_account-metric_writer",
      "provider": "provider[\"registry.terraform.io/hashicorp/google\"]",
      "instances": [
        {
          "index_key": 0,
          "schema_version": 0,
          "attributes": {
            "condition": [],
            "etag": "BwXiBPm1Y4c=",
            "id": "potato-05a0/roles/monitoring.metricWriter/serviceAccount:tf-gke-cluster-bnrk9-r68k@potato-05a0.iam.gserviceaccount.com",
            "member": "serviceAccount:tf-gke-cluster-bnrk9-r68k@potato-05a0.iam.gserviceaccount.com",
            "project": "potato-05a0",
            "role": "roles/monitoring.metricWriter"
          },
          "sensitive_attributes": [],
          "private": "bnVsbA==",
          "dependencies": [
            "module.gke.google_project_iam_member.cluster_service_account-log_writer",
            "module.project-factory.module.project-factory.google_compute_shared_vpc_host_project.shared_vpc_host",
            "module.project-factory.module.project-factory.random_id.random_project_id_suffix",
            "module.project-factory.module.project-factory.module.project_services.google_project_iam_member.project_service_identity_roles",
            "module.project-factory.module.project-factory.google_compute_shared_vpc_service_project.shared_vpc_attachment",
            "module.project-factory.module.project-factory.google_project.main",
            "module.project-factory.module.project-factory.google_project_service.enable_access_context_manager",
            "module.enabled_google_apis.google_project_service_identity.project_service_identities",
            "module.project-factory.module.project-factory.google_access_context_manager_service_perimeter_resource.service_perimeter_attachment",
            "module.project-factory.module.project-factory.google_service_account.default_service_account",
            "module.project-factory.module.project-factory.module.project_services.data.google_compute_default_service_account.default",
            "module.project-factory.module.project-factory.module.project_services.google_project_service_identity.project_service_identities",
            "module.enabled_google_apis.data.google_compute_default_service_account.default",
            "module.enabled_google_apis.google_project_iam_member.project_service_identity_roles",
            "module.enabled_google_apis.google_project_service.project_services",
            "module.project-factory.module.project-factory.time_sleep.wait_5_seconds",
            "random_string.suffix",
            "module.gke.google_service_account.cluster_service_account",
            "module.gke.random_string.cluster_service_account_suffix",
            "module.project-factory.module.project-factory.module.project_services.google_project_service.project_services"
          ]
        }
      ]
    },
    {
      "module": "module.gke",
      "mode": "managed",
      "type": "google_project_iam_member",
      "name": "cluster_service_account-monitoring_viewer",
      "provider": "provider[\"registry.terraform.io/hashicorp/google\"]",
      "instances": [
        {
          "index_key": 0,
          "schema_version": 0,
          "attributes": {
            "condition": [],
            "etag": "BwXiBPm1Y4c=",
            "id": "potato-05a0/roles/monitoring.viewer/serviceAccount:tf-gke-cluster-bnrk9-r68k@potato-05a0.iam.gserviceaccount.com",
            "member": "serviceAccount:tf-gke-cluster-bnrk9-r68k@potato-05a0.iam.gserviceaccount.com",
            "project": "potato-05a0",
            "role": "roles/monitoring.viewer"
          },
          "sensitive_attributes": [],
          "private": "bnVsbA==",
          "dependencies": [
            "module.project-factory.module.project-factory.module.project_services.data.google_compute_default_service_account.default",
            "module.project-factory.module.project-factory.random_id.random_project_id_suffix",
            "random_string.suffix",
            "module.enabled_google_apis.google_project_service.project_services",
            "module.gke.random_string.cluster_service_account_suffix",
            "module.project-factory.module.project-factory.google_access_context_manager_service_perimeter_resource.service_perimeter_attachment",
            "module.project-factory.module.project-factory.google_compute_shared_vpc_host_project.shared_vpc_host",
            "module.project-factory.module.project-factory.google_project_service.enable_access_context_manager",
            "module.project-factory.module.project-factory.google_service_account.default_service_account",
            "module.project-factory.module.project-factory.module.project_services.google_project_service.project_services",
            "module.enabled_google_apis.google_project_iam_member.project_service_identity_roles",
            "module.enabled_google_apis.google_project_service_identity.project_service_identities",
            "module.gke.google_project_iam_member.cluster_service_account-metric_writer",
            "module.gke.google_service_account.cluster_service_account",
            "module.project-factory.module.project-factory.module.project_services.google_project_iam_member.project_service_identity_roles",
            "module.project-factory.module.project-factory.module.project_services.google_project_service_identity.project_service_identities",
            "module.enabled_google_apis.data.google_compute_default_service_account.default",
            "module.gke.google_project_iam_member.cluster_service_account-log_writer",
            "module.project-factory.module.project-factory.time_sleep.wait_5_seconds",
            "module.project-factory.module.project-factory.google_compute_shared_vpc_service_project.shared_vpc_attachment",
            "module.project-factory.module.project-factory.google_project.main"
          ]
        }
      ]
    },
    {
      "module": "module.gke",
      "mode": "managed",
      "type": "google_project_iam_member",
      "name": "cluster_service_account-resourceMetadata-writer",
      "provider": "provider[\"registry.terraform.io/hashicorp/google\"]",
      "instances": [
        {
          "index_key": 0,
          "schema_version": 0,
          "attributes": {
            "condition": [],
            "etag": "BwXiBPm1Y4c=",
            "id": "potato-05a0/roles/stackdriver.resourceMetadata.writer/serviceAccount:tf-gke-cluster-bnrk9-r68k@potato-05a0.iam.gserviceaccount.com",
            "member": "serviceAccount:tf-gke-cluster-bnrk9-r68k@potato-05a0.iam.gserviceaccount.com",
            "project": "potato-05a0",
            "role": "roles/stackdriver.resourceMetadata.writer"
          },
          "sensitive_attributes": [],
          "private": "bnVsbA==",
          "dependencies": [
            "module.project-factory.module.project-factory.module.project_services.google_project_service_identity.project_service_identities",
            "module.enabled_google_apis.data.google_compute_default_service_account.default",
            "module.enabled_google_apis.google_project_service.project_services",
            "module.enabled_google_apis.google_project_service_identity.project_service_identities",
            "module.gke.google_project_iam_member.cluster_service_account-metric_writer",
            "module.gke.google_service_account.cluster_service_account",
            "module.project-factory.module.project-factory.google_project.main",
            "module.project-factory.module.project-factory.module.project_services.google_project_iam_member.project_service_identity_roles",
            "module.gke.random_string.cluster_service_account_suffix",
            "module.project-factory.module.project-factory.google_compute_shared_vpc_host_project.shared_vpc_host",
            "module.project-factory.module.project-factory.google_project_service.enable_access_context_manager",
            "module.project-factory.module.project-factory.random_id.random_project_id_suffix",
            "module.project-factory.module.project-factory.time_sleep.wait_5_seconds",
            "random_string.suffix",
            "module.enabled_google_apis.google_project_iam_member.project_service_identity_roles",
            "module.project-factory.module.project-factory.google_access_context_manager_service_perimeter_resource.service_perimeter_attachment",
            "module.project-factory.module.project-factory.google_compute_shared_vpc_service_project.shared_vpc_attachment",
            "module.project-factory.module.project-factory.module.project_services.google_project_service.project_services",
            "module.gke.google_project_iam_member.cluster_service_account-log_writer",
            "module.gke.google_project_iam_member.cluster_service_account-monitoring_viewer",
            "module.project-factory.module.project-factory.google_service_account.default_service_account",
            "module.project-factory.module.project-factory.module.project_services.data.google_compute_default_service_account.default"
          ]
        }
      ]
    },
    {
      "module": "module.gke",
      "mode": "managed",
      "type": "google_service_account",
      "name": "cluster_service_account",
      "provider": "provider[\"registry.terraform.io/hashicorp/google\"]",
      "instances": [
        {
          "index_key": 0,
          "schema_version": 0,
          "attributes": {
            "account_id": "tf-gke-cluster-bnrk9-r68k",
            "description": "",
            "disabled": false,
            "display_name": "Terraform-managed service account for cluster cluster-bnrk9",
            "email": "tf-gke-cluster-bnrk9-r68k@potato-05a0.iam.gserviceaccount.com",
            "id": "projects/potato-05a0/serviceAccounts/tf-gke-cluster-bnrk9-r68k@potato-05a0.iam.gserviceaccount.com",
            "name": "projects/potato-05a0/serviceAccounts/tf-gke-cluster-bnrk9-r68k@potato-05a0.iam.gserviceaccount.com",
            "project": "potato-05a0",
            "timeouts": null,
            "unique_id": "100970351970784521501"
          },
          "sensitive_attributes": [],
          "private": "eyJlMmJmYjczMC1lY2FhLTExZTYtOGY4OC0zNDM2M2JjN2M0YzAiOnsiY3JlYXRlIjozMDAwMDAwMDAwMDB9fQ==",
          "dependencies": [
            "random_string.suffix",
            "module.enabled_google_apis.google_project_service.project_services",
            "module.project-factory.module.project-factory.google_access_context_manager_service_perimeter_resource.service_perimeter_attachment",
            "module.project-factory.module.project-factory.google_compute_shared_vpc_host_project.shared_vpc_host",
            "module.project-factory.module.project-factory.google_project.main",
            "module.project-factory.module.project-factory.google_project_service.enable_access_context_manager",
            "module.project-factory.module.project-factory.google_service_account.default_service_account",
            "module.project-factory.module.project-factory.module.project_services.data.google_compute_default_service_account.default",
            "module.project-factory.module.project-factory.module.project_services.google_project_service_identity.project_service_identities",
            "module.project-factory.module.project-factory.time_sleep.wait_5_seconds",
            "module.enabled_google_apis.data.google_compute_default_service_account.default",
            "module.enabled_google_apis.google_project_iam_member.project_service_identity_roles",
            "module.gke.random_string.cluster_service_account_suffix",
            "module.project-factory.module.project-factory.module.project_services.google_project_iam_member.project_service_identity_roles",
            "module.project-factory.module.project-factory.module.project_services.google_project_service.project_services",
            "module.project-factory.module.project-factory.random_id.random_project_id_suffix",
            "module.enabled_google_apis.google_project_service_identity.project_service_identities",
            "module.project-factory.module.project-factory.google_compute_shared_vpc_service_project.shared_vpc_attachment"
          ]
        }
      ]
    },
    {
      "module": "module.gke",
      "mode": "managed",
      "type": "random_shuffle",
      "name": "available_zones",
      "provider": "provider[\"registry.terraform.io/hashicorp/random\"]",
      "instances": [
        {
          "schema_version": 0,
          "attributes": {
            "id": "-",
            "input": [
              "us-central1-a",
              "us-central1-b",
              "us-central1-c",
              "us-central1-f"
            ],
            "keepers": null,
            "result": [
              "us-central1-b",
              "us-central1-c",
              "us-central1-f"
            ],
            "result_count": 3,
            "seed": null
          },
          "sensitive_attributes": [],
          "private": "bnVsbA==",
          "dependencies": [
            "module.enabled_google_apis.data.google_compute_default_service_account.default",
            "module.enabled_google_apis.google_project_iam_member.project_service_identity_roles",
            "module.enabled_google_apis.google_project_service.project_services",
            "module.enabled_google_apis.google_project_service_identity.project_service_identities",
            "module.gke.data.google_compute_zones.available",
            "module.project-factory.module.project-factory.google_compute_shared_vpc_host_project.shared_vpc_host",
            "module.project-factory.module.project-factory.google_compute_shared_vpc_service_project.shared_vpc_attachment",
            "module.project-factory.module.project-factory.google_project.main",
            "module.project-factory.module.project-factory.module.project_services.data.google_compute_default_service_account.default",
            "module.project-factory.module.project-factory.module.project_services.google_project_iam_member.project_service_identity_roles",
            "module.project-factory.module.project-factory.module.project_services.google_project_service.project_services",
            "module.project-factory.module.project-factory.module.project_services.google_project_service_identity.project_service_identities"
          ]
        }
      ]
    },
    {
      "module": "module.gke",
      "mode": "managed",
      "type": "random_string",
      "name": "cluster_service_account_suffix",
      "provider": "provider[\"registry.terraform.io/hashicorp/random\"]",
      "instances": [
        {
          "schema_version": 2,
          "attributes": {
            "id": "r68k",
            "keepers": null,
            "length": 4,
            "lower": true,
            "min_lower": 0,
            "min_numeric": 0,
            "min_special": 0,
            "min_upper": 0,
            "number": true,
            "numeric": true,
            "override_special": null,
            "result": "r68k",
            "special": false,
            "upper": false
          },
          "sensitive_attributes": [],
          "private": "eyJzY2hlbWFfdmVyc2lvbiI6IjIifQ==",
          "dependencies": [
            "module.project-factory.module.project-factory.google_access_context_manager_service_perimeter_resource.service_perimeter_attachment",
            "module.project-factory.module.project-factory.google_service_account.default_service_account",
            "module.project-factory.module.project-factory.module.project_services.data.google_compute_default_service_account.default",
            "module.project-factory.module.project-factory.module.project_services.google_project_service.project_services",
            "module.project-factory.module.project-factory.module.project_services.google_project_service_identity.project_service_identities",
            "module.enabled_google_apis.data.google_compute_default_service_account.default",
            "module.enabled_google_apis.google_project_iam_member.project_service_identity_roles",
            "module.enabled_google_apis.google_project_service.project_services",
            "module.project-factory.module.project-factory.google_compute_shared_vpc_service_project.shared_vpc_attachment",
            "module.project-factory.module.project-factory.google_project.main",
            "module.project-factory.module.project-factory.google_project_service.enable_access_context_manager",
            "module.project-factory.module.project-factory.time_sleep.wait_5_seconds",
            "module.enabled_google_apis.google_project_service_identity.project_service_identities",
            "module.project-factory.module.project-factory.google_compute_shared_vpc_host_project.shared_vpc_host",
            "module.project-factory.module.project-factory.module.project_services.google_project_iam_member.project_service_identity_roles",
            "module.project-factory.module.project-factory.random_id.random_project_id_suffix"
          ]
        }
      ]
    },
    {
      "module": "module.project-factory.module.budget",
      "mode": "data",
      "type": "google_project",
      "name": "project",
      "provider": "provider[\"registry.terraform.io/hashicorp/google\"]",
      "instances": [
        {
          "index_key": 0,
          "schema_version": 0,
          "attributes": {
            "auto_create_network": null,
            "billing_account": "01C78C-0895B6-8DACB2",
            "folder_id": "930792538603",
            "id": "projects/potato-05a0",
            "labels": {},
            "name": "potato",
            "number": "911800084536",
            "org_id": "",
            "project_id": "potato-05a0",
            "skip_delete": null
          },
          "sensitive_attributes": []
        }
      ]
    },
    {
      "module": "module.project-factory.module.project-factory",
      "mode": "managed",
      "type": "google_project",
      "name": "main",
      "provider": "provider[\"registry.terraform.io/hashicorp/google\"]",
      "instances": [
        {
          "schema_version": 1,
          "attributes": {
            "auto_create_network": true,
            "billing_account": "01C78C-0895B6-8DACB2",
            "folder_id": "930792538603",
            "id": "projects/potato-05a0",
            "labels": {},
            "name": "potato",
            "number": "911800084536",
            "org_id": "",
            "project_id": "potato-05a0",
            "skip_delete": null,
            "timeouts": null
          },
          "sensitive_attributes": [],
          "private": "eyJlMmJmYjczMC1lY2FhLTExZTYtOGY4OC0zNDM2M2JjN2M0YzAiOnsiY3JlYXRlIjo2MDAwMDAwMDAwMDAsImRlbGV0ZSI6NjAwMDAwMDAwMDAwLCJyZWFkIjo2MDAwMDAwMDAwMDAsInVwZGF0ZSI6NjAwMDAwMDAwMDAwfSwic2NoZW1hX3ZlcnNpb24iOiIxIn0=",
          "dependencies": [
            "module.project-factory.module.project-factory.random_id.random_project_id_suffix"
          ]
        }
      ]
    },
    {
      "module": "module.project-factory.module.project-factory",
      "mode": "managed",
      "type": "google_project_default_service_accounts",
      "name": "default_service_accounts",
      "provider": "provider[\"registry.terraform.io/hashicorp/google\"]",
      "instances": [
        {
          "index_key": 0,
          "schema_version": 0,
          "attributes": {
            "action": "DISABLE",
            "id": "projects/potato-05a0",
            "project": "potato-05a0",
            "restore_policy": "REVERT_AND_IGNORE_FAILURE",
            "service_accounts": {
              "118061991536809425242": "911800084536-compute@developer.gserviceaccount.com"
            },
            "timeouts": null
          },
          "sensitive_attributes": [],
          "private": "eyJlMmJmYjczMC1lY2FhLTExZTYtOGY4OC0zNDM2M2JjN2M0YzAiOnsiY3JlYXRlIjo2MDAwMDAwMDAwMDAsImRlbGV0ZSI6NjAwMDAwMDAwMDAwLCJyZWFkIjo2MDAwMDAwMDAwMDB9fQ==",
          "dependencies": [
            "module.project-factory.module.project-factory.google_project.main",
            "module.project-factory.module.project-factory.module.project_services.data.google_compute_default_service_account.default",
            "module.project-factory.module.project-factory.module.project_services.google_project_iam_member.project_service_identity_roles",
            "module.project-factory.module.project-factory.module.project_services.google_project_service.project_services",
            "module.project-factory.module.project-factory.module.project_services.google_project_service_identity.project_service_identities",
            "module.project-factory.module.project-factory.random_id.random_project_id_suffix"
          ]
        }
      ]
    },
    {
      "module": "module.project-factory.module.project-factory",
      "mode": "managed",
      "type": "google_service_account",
      "name": "default_service_account",
      "provider": "provider[\"registry.terraform.io/hashicorp/google\"]",
      "instances": [
        {
          "index_key": 0,
          "schema_version": 0,
          "attributes": {
            "account_id": "project-service-account",
            "description": "",
            "disabled": false,
            "display_name": "potato Project Service Account",
            "email": "project-service-account@potato-05a0.iam.gserviceaccount.com",
            "id": "projects/potato-05a0/serviceAccounts/project-service-account@potato-05a0.iam.gserviceaccount.com",
            "name": "projects/potato-05a0/serviceAccounts/project-service-account@potato-05a0.iam.gserviceaccount.com",
            "project": "potato-05a0",
            "timeouts": null,
            "unique_id": "111425383947691729360"
          },
          "sensitive_attributes": [],
          "private": "eyJlMmJmYjczMC1lY2FhLTExZTYtOGY4OC0zNDM2M2JjN2M0YzAiOnsiY3JlYXRlIjozMDAwMDAwMDAwMDB9fQ==",
          "dependencies": [
            "module.project-factory.module.project-factory.google_project.main",
            "module.project-factory.module.project-factory.random_id.random_project_id_suffix"
          ]
        }
      ]
    },
    {
      "module": "module.project-factory.module.project-factory",
      "mode": "managed",
      "type": "random_id",
      "name": "random_project_id_suffix",
      "provider": "provider[\"registry.terraform.io/hashicorp/random\"]",
      "instances": [
        {
          "schema_version": 0,
          "attributes": {
            "b64_std": "BaA=",
            "b64_url": "BaA",
            "byte_length": 2,
            "dec": "1440",
            "hex": "05a0",
            "id": "BaA",
            "keepers": null,
            "prefix": null
          },
          "sensitive_attributes": [],
          "private": "bnVsbA=="
        }
      ]
    },
    {
      "module": "module.project-factory.module.project-factory.module.project_services",
      "mode": "managed",
      "type": "google_project_service",
      "name": "project_services",
      "provider": "provider[\"registry.terraform.io/hashicorp/google\"]",
      "instances": [
        {
          "index_key": "compute.googleapis.com",
          "schema_version": 0,
          "attributes": {
            "disable_dependent_services": true,
            "disable_on_destroy": true,
            "id": "potato-05a0/compute.googleapis.com",
            "project": "potato-05a0",
            "service": "compute.googleapis.com",
            "timeouts": null
          },
          "sensitive_attributes": [],
          "private": "eyJlMmJmYjczMC1lY2FhLTExZTYtOGY4OC0zNDM2M2JjN2M0YzAiOnsiY3JlYXRlIjoxMjAwMDAwMDAwMDAwLCJkZWxldGUiOjEyMDAwMDAwMDAwMDAsInJlYWQiOjYwMDAwMDAwMDAwMCwidXBkYXRlIjoxMjAwMDAwMDAwMDAwfX0=",
          "dependencies": [
            "module.project-factory.module.project-factory.random_id.random_project_id_suffix",
            "module.project-factory.module.project-factory.google_project.main"
          ]
        }
      ]
    }
  ]
}
